// !$*UTF8*$!
{
	archiveVersion = 1;
	classes = {
	};
	objectVersion = 54;
	objects = {

/* Begin PBXBuildFile section */
		453FB36E2D1E292DC8A13D3C /* Pods_GITGET_CONTRIBUTIONSExtension.framework in Frameworks */ = {isa = PBXBuildFile; fileRef = 4C38D4632C0F609415CEB070 /* Pods_GITGET_CONTRIBUTIONSExtension.framework */; };
		7D3D3C8E2599953D00CCD1E9 /* GitHubContributionsProvider.swift in Sources */ = {isa = PBXBuildFile; fileRef = 7D3D3C792599948F00CCD1E9 /* GitHubContributionsProvider.swift */; };
		7D3D3C932599954000CCD1E9 /* GitHubContributionsWidget.swift in Sources */ = {isa = PBXBuildFile; fileRef = 7D3D3C732599912600CCD1E9 /* GitHubContributionsWidget.swift */; };
		7D3D3C9C2599954300CCD1E9 /* GitHubContributionsWidgetBundle.swift in Sources */ = {isa = PBXBuildFile; fileRef = 7D3D3C4C25998FCF00CCD1E9 /* GitHubContributionsWidgetBundle.swift */; };
		7D3D3CB8259997A900CCD1E9 /* ThemeExtension.swift in Sources */ = {isa = PBXBuildFile; fileRef = 7D3D3CAE2599973500CCD1E9 /* ThemeExtension.swift */; };
		7D3D3CC5259997B100CCD1E9 /* GitHubContributionsWidgetViewModel.swift in Sources */ = {isa = PBXBuildFile; fileRef = 7D3D3C7F2599953600CCD1E9 /* GitHubContributionsWidgetViewModel.swift */; };
		7D4467A525B2939900A90E6A /* Localizable.strings in Resources */ = {isa = PBXBuildFile; fileRef = 7D4467A825B2939900A90E6A /* Localizable.strings */; };
		7D4467C225B2940800A90E6A /* String.swift in Sources */ = {isa = PBXBuildFile; fileRef = 7D4467C125B2940800A90E6A /* String.swift */; };
		7D4467C325B2940800A90E6A /* String.swift in Sources */ = {isa = PBXBuildFile; fileRef = 7D4467C125B2940800A90E6A /* String.swift */; };
		7D4467DB25B2991500A90E6A /* GitHubWidget.intentdefinition in Sources */ = {isa = PBXBuildFile; fileRef = 7D4467DE25B2991500A90E6A /* GitHubWidget.intentdefinition */; };
		7D4467DC25B2991500A90E6A /* GitHubWidget.intentdefinition in Sources */ = {isa = PBXBuildFile; fileRef = 7D4467DE25B2991500A90E6A /* GitHubWidget.intentdefinition */; };
		7D4467F025B2B0E600A90E6A /* Localizable.stringsdict in Resources */ = {isa = PBXBuildFile; fileRef = 7D4467EF25B2B0E600A90E6A /* Localizable.stringsdict */; };
		7D65060E25D374BC0040AC12 /* iPadOSTutorialStepViewModel.swift in Sources */ = {isa = PBXBuildFile; fileRef = 7D65060D25D374BC0040AC12 /* iPadOSTutorialStepViewModel.swift */; };
		7D7BCAC625B446E2008DC09F /* AboutViewController.swift in Sources */ = {isa = PBXBuildFile; fileRef = 7D7BCAC525B446E2008DC09F /* AboutViewController.swift */; };
		7D7FD4FE259B317A0072775E /* ColorExtension.swift in Sources */ = {isa = PBXBuildFile; fileRef = 7D7FD4FD259B317A0072775E /* ColorExtension.swift */; };
		7D7FD4FF259B317A0072775E /* ColorExtension.swift in Sources */ = {isa = PBXBuildFile; fileRef = 7D7FD4FD259B317A0072775E /* ColorExtension.swift */; };
		7D7FD505259B45FD0072775E /* User.swift in Sources */ = {isa = PBXBuildFile; fileRef = 7D7FD504259B45FC0072775E /* User.swift */; };
		7D7FD506259B45FD0072775E /* User.swift in Sources */ = {isa = PBXBuildFile; fileRef = 7D7FD504259B45FC0072775E /* User.swift */; };
		7D7FD50C259B4DD90072775E /* DateExtension.swift in Sources */ = {isa = PBXBuildFile; fileRef = 7D7FD50B259B4DD90072775E /* DateExtension.swift */; };
		7D7FD50D259B4DD90072775E /* DateExtension.swift in Sources */ = {isa = PBXBuildFile; fileRef = 7D7FD50B259B4DD90072775E /* DateExtension.swift */; };
		7D7FD52C259B63200072775E /* NoticeTextStyle.swift in Sources */ = {isa = PBXBuildFile; fileRef = 7D7FD52B259B63200072775E /* NoticeTextStyle.swift */; };
		7D7FD52D259B63200072775E /* NoticeTextStyle.swift in Sources */ = {isa = PBXBuildFile; fileRef = 7D7FD52B259B63200072775E /* NoticeTextStyle.swift */; };
		7D9F947225A2BADF0074C91B /* TutorialStepView.swift in Sources */ = {isa = PBXBuildFile; fileRef = 7D9F947125A2BADF0074C91B /* TutorialStepView.swift */; };
		7D9F947825A3393C0074C91B /* iOSTutorialStepViewModel.swift in Sources */ = {isa = PBXBuildFile; fileRef = 7D9F947725A3393C0074C91B /* iOSTutorialStepViewModel.swift */; };
		7D9F948825A33BB60074C91B /* TutorialViewModel.swift in Sources */ = {isa = PBXBuildFile; fileRef = 7D9F948725A33BB60074C91B /* TutorialViewModel.swift */; };
		7DA9861B2598608700BAEAEA /* AppDelegate.swift in Sources */ = {isa = PBXBuildFile; fileRef = 7DA9861A2598608700BAEAEA /* AppDelegate.swift */; };
		7DA9861D2598608700BAEAEA /* SceneDelegate.swift in Sources */ = {isa = PBXBuildFile; fileRef = 7DA9861C2598608700BAEAEA /* SceneDelegate.swift */; };
		7DA986272598608900BAEAEA /* Assets.xcassets in Resources */ = {isa = PBXBuildFile; fileRef = 7DA986262598608900BAEAEA /* Assets.xcassets */; };
		7DA986352598608900BAEAEA /* GITGETTests.swift in Sources */ = {isa = PBXBuildFile; fileRef = 7DA986342598608900BAEAEA /* GITGETTests.swift */; };
		7DA986762598622100BAEAEA /* iOSSettingViewController.swift in Sources */ = {isa = PBXBuildFile; fileRef = 7DA986752598622100BAEAEA /* iOSSettingViewController.swift */; };
		7DA98685259862E500BAEAEA /* WidgetKit.framework in Frameworks */ = {isa = PBXBuildFile; fileRef = 7DA98684259862E500BAEAEA /* WidgetKit.framework */; };
		7DA98687259862E500BAEAEA /* SwiftUI.framework in Frameworks */ = {isa = PBXBuildFile; fileRef = 7DA98686259862E500BAEAEA /* SwiftUI.framework */; };
		7DA9868D259862E600BAEAEA /* Assets.xcassets in Resources */ = {isa = PBXBuildFile; fileRef = 7DA9868C259862E600BAEAEA /* Assets.xcassets */; };
		7DA98693259862E600BAEAEA /* CONTRIBUTIONSExtension.appex in Embed Foundation Extensions */ = {isa = PBXBuildFile; fileRef = 7DA98683259862E500BAEAEA /* CONTRIBUTIONSExtension.appex */; settings = {ATTRIBUTES = (RemoveHeadersOnCopy, ); }; };
		7DA986CE2598859000BAEAEA /* TutorialViewController.swift in Sources */ = {isa = PBXBuildFile; fileRef = 7DA986CD2598859000BAEAEA /* TutorialViewController.swift */; };
		7DA986E12598936D00BAEAEA /* Constants.swift in Sources */ = {isa = PBXBuildFile; fileRef = 7DA986E02598936D00BAEAEA /* Constants.swift */; };
		7DA986F32599718D00BAEAEA /* GitHubNetwork.swift in Sources */ = {isa = PBXBuildFile; fileRef = 7DA986F22599718D00BAEAEA /* GitHubNetwork.swift */; };
		7DA986F42599718D00BAEAEA /* GitHubNetwork.swift in Sources */ = {isa = PBXBuildFile; fileRef = 7DA986F22599718D00BAEAEA /* GitHubNetwork.swift */; };
		7DA9872925997A2F00BAEAEA /* Contribution.swift in Sources */ = {isa = PBXBuildFile; fileRef = 7DA987242599780C00BAEAEA /* Contribution.swift */; };
		7DA9872E25997A3000BAEAEA /* Contribution.swift in Sources */ = {isa = PBXBuildFile; fileRef = 7DA987242599780C00BAEAEA /* Contribution.swift */; };
		7DBDD8B425B6DCF1002D64E2 /* AboutViewModel.swift in Sources */ = {isa = PBXBuildFile; fileRef = 7DBDD8B325B6DCF1002D64E2 /* AboutViewModel.swift */; };
		7DC011A325D0C62E007B6D9A /* Localizable.strings in Resources */ = {isa = PBXBuildFile; fileRef = 7D4467A825B2939900A90E6A /* Localizable.strings */; };
		7DD5DB6325C8E04B00F0AABD /* iOSSettingViewModel.swift in Sources */ = {isa = PBXBuildFile; fileRef = 7DD5DB6225C8E04B00F0AABD /* iOSSettingViewModel.swift */; };
		7DD5DB6825C8EBCE00F0AABD /* MacOSSettingViewController.swift in Sources */ = {isa = PBXBuildFile; fileRef = 7DD5DB6725C8EBCE00F0AABD /* MacOSSettingViewController.swift */; };
		7DD5DB7625C8F0F700F0AABD /* MacOSSettingViewModel.swift in Sources */ = {isa = PBXBuildFile; fileRef = 7DD5DB7525C8F0F700F0AABD /* MacOSSettingViewModel.swift */; };
		7DDF5BB028CF3F1F0081848B /* SettingView.swift in Sources */ = {isa = PBXBuildFile; fileRef = 7DDF5BAF28CF3F1F0081848B /* SettingView.swift */; };
		7DDF5BB228CF40450081848B /* ContributionViewModel.swift in Sources */ = {isa = PBXBuildFile; fileRef = 7DDF5BB128CF40450081848B /* ContributionViewModel.swift */; };
		7DDF5BB428CF41270081848B /* ContributionView.swift in Sources */ = {isa = PBXBuildFile; fileRef = 7DDF5BB328CF41270081848B /* ContributionView.swift */; };
		7DE7A9DE2599AF2B00F5F4BB /* GitHubContributionsWidgetView.swift in Sources */ = {isa = PBXBuildFile; fileRef = 7DE7A9DD2599AF2B00F5F4BB /* GitHubContributionsWidgetView.swift */; };
		7DE7A9EE2599B31C00F5F4BB /* ArrayExtension.swift in Sources */ = {isa = PBXBuildFile; fileRef = 7DE7A9ED2599B31C00F5F4BB /* ArrayExtension.swift */; };
		7DE7A9F82599B36300F5F4BB /* ArrayExtension.swift in Sources */ = {isa = PBXBuildFile; fileRef = 7DE7A9ED2599B31C00F5F4BB /* ArrayExtension.swift */; };
		7DE7AA0A2599CCB200F5F4BB /* GitHubContributionsWidgetEntryView.swift in Sources */ = {isa = PBXBuildFile; fileRef = 7DE7AA092599CCB200F5F4BB /* GitHubContributionsWidgetEntryView.swift */; };
		7DE7AA182599D92B00F5F4BB /* CalendarChart.swift in Sources */ = {isa = PBXBuildFile; fileRef = 7DE7AA172599D92B00F5F4BB /* CalendarChart.swift */; };
		7DE7AA222599DFF100F5F4BB /* CalendarChart.swift in Sources */ = {isa = PBXBuildFile; fileRef = 7DE7AA172599D92B00F5F4BB /* CalendarChart.swift */; };
		7DE7AA272599E00C00F5F4BB /* GitHubContributionsWidgetView.swift in Sources */ = {isa = PBXBuildFile; fileRef = 7DE7A9DD2599AF2B00F5F4BB /* GitHubContributionsWidgetView.swift */; };
		7DE7AA2D2599E06300F5F4BB /* CalendarChartCell.swift in Sources */ = {isa = PBXBuildFile; fileRef = 7DE7AA2C2599E06300F5F4BB /* CalendarChartCell.swift */; };
		7DE7AA2E2599E06300F5F4BB /* CalendarChartCell.swift in Sources */ = {isa = PBXBuildFile; fileRef = 7DE7AA2C2599E06300F5F4BB /* CalendarChartCell.swift */; };
		7DE7AA342599E3CE00F5F4BB /* WidgetContentView.swift in Sources */ = {isa = PBXBuildFile; fileRef = 7DE7AA332599E3CE00F5F4BB /* WidgetContentView.swift */; };
		7DE7AA352599E3CE00F5F4BB /* WidgetContentView.swift in Sources */ = {isa = PBXBuildFile; fileRef = 7DE7AA332599E3CE00F5F4BB /* WidgetContentView.swift */; };
		7DE7AA3A2599E50100F5F4BB /* ThemeExtension.swift in Sources */ = {isa = PBXBuildFile; fileRef = 7D3D3CAE2599973500CCD1E9 /* ThemeExtension.swift */; };
		7DE7AA4E2599ED7900F5F4BB /* GitHubContributionsProvider.swift in Sources */ = {isa = PBXBuildFile; fileRef = 7D3D3C792599948F00CCD1E9 /* GitHubContributionsProvider.swift */; };
		7DE7AA642599F34A00F5F4BB /* GitHubContributionsWidgetViewModel.swift in Sources */ = {isa = PBXBuildFile; fileRef = 7D3D3C7F2599953600CCD1E9 /* GitHubContributionsWidgetViewModel.swift */; };
		7DED5B6325B0786D00C9574E /* MacOSTutorialStepViewModel.swift in Sources */ = {isa = PBXBuildFile; fileRef = 7DED5B6225B0786D00C9574E /* MacOSTutorialStepViewModel.swift */; };
		7DED5B6925B078B900C9574E /* Step.swift in Sources */ = {isa = PBXBuildFile; fileRef = 7DED5B6825B078B900C9574E /* Step.swift */; };
		7DED5C3925B099CB00C9574E /* LaunchScreen.storyboard in Resources */ = {isa = PBXBuildFile; fileRef = 7DA986282598608900BAEAEA /* LaunchScreen.storyboard */; };
		7DF5F9F628CDF7A30076B977 /* AccessoryWidgetContentView.swift in Sources */ = {isa = PBXBuildFile; fileRef = 7DF5F9F528CDF7A30076B977 /* AccessoryWidgetContentView.swift */; };
		7DF5F9F728CDF7A30076B977 /* AccessoryWidgetContentView.swift in Sources */ = {isa = PBXBuildFile; fileRef = 7DF5F9F528CDF7A30076B977 /* AccessoryWidgetContentView.swift */; };
		91A883BF2C9D389C003FA828 /* AppleMyungjo.ttf in Resources */ = {isa = PBXBuildFile; fileRef = 91A883BE2C9D389C003FA828 /* AppleMyungjo.ttf */; };
		91A883C02C9D389C003FA828 /* AppleMyungjo.ttf in Resources */ = {isa = PBXBuildFile; fileRef = 91A883BE2C9D389C003FA828 /* AppleMyungjo.ttf */; };
		DB2C93629AEAFA8A934C9498 /* Pods_GITGET.framework in Frameworks */ = {isa = PBXBuildFile; fileRef = F3B48DF6CED599606356AAEE /* Pods_GITGET.framework */; };
		E91EC8F27334239CD5738F73 /* Pods_GITGETTests.framework in Frameworks */ = {isa = PBXBuildFile; fileRef = 0143A5DB066010355EA637FC /* Pods_GITGETTests.framework */; };
/* End PBXBuildFile section */

/* Begin PBXContainerItemProxy section */
		7DA986312598608900BAEAEA /* PBXContainerItemProxy */ = {
			isa = PBXContainerItemProxy;
			containerPortal = 7DA9860F2598608700BAEAEA /* Project object */;
			proxyType = 1;
			remoteGlobalIDString = 7DA986162598608700BAEAEA;
			remoteInfo = GITGET;
		};
		7DA98691259862E600BAEAEA /* PBXContainerItemProxy */ = {
			isa = PBXContainerItemProxy;
			containerPortal = 7DA9860F2598608700BAEAEA /* Project object */;
			proxyType = 1;
			remoteGlobalIDString = 7DA98682259862E500BAEAEA;
			remoteInfo = CONTRIBUTIONSExtension;
		};
/* End PBXContainerItemProxy section */

/* Begin PBXCopyFilesBuildPhase section */
		7DA98697259862E600BAEAEA /* Embed Foundation Extensions */ = {
			isa = PBXCopyFilesBuildPhase;
			buildActionMask = 2147483647;
			dstPath = "";
			dstSubfolderSpec = 13;
			files = (
				7DA98693259862E600BAEAEA /* CONTRIBUTIONSExtension.appex in Embed Foundation Extensions */,
			);
			name = "Embed Foundation Extensions";
			runOnlyForDeploymentPostprocessing = 0;
		};
/* End PBXCopyFilesBuildPhase section */

/* Begin PBXFileReference section */
		0143A5DB066010355EA637FC /* Pods_GITGETTests.framework */ = {isa = PBXFileReference; explicitFileType = wrapper.framework; includeInIndex = 0; path = Pods_GITGETTests.framework; sourceTree = BUILT_PRODUCTS_DIR; };
		09BDBC533C1B5654DC9E3995 /* Pods-GITGET-CONTRIBUTIONSExtension.release.xcconfig */ = {isa = PBXFileReference; includeInIndex = 1; lastKnownFileType = text.xcconfig; name = "Pods-GITGET-CONTRIBUTIONSExtension.release.xcconfig"; path = "Target Support Files/Pods-GITGET-CONTRIBUTIONSExtension/Pods-GITGET-CONTRIBUTIONSExtension.release.xcconfig"; sourceTree = "<group>"; };
		1D1F2ECF1696E99D4AA818BD /* Pods-GITGET-CONTRIBUTIONSExtension.debug.xcconfig */ = {isa = PBXFileReference; includeInIndex = 1; lastKnownFileType = text.xcconfig; name = "Pods-GITGET-CONTRIBUTIONSExtension.debug.xcconfig"; path = "Target Support Files/Pods-GITGET-CONTRIBUTIONSExtension/Pods-GITGET-CONTRIBUTIONSExtension.debug.xcconfig"; sourceTree = "<group>"; };
		4C38D4632C0F609415CEB070 /* Pods_GITGET_CONTRIBUTIONSExtension.framework */ = {isa = PBXFileReference; explicitFileType = wrapper.framework; includeInIndex = 0; path = Pods_GITGET_CONTRIBUTIONSExtension.framework; sourceTree = BUILT_PRODUCTS_DIR; };
		5A481B4CE9B348E71276A022 /* Pods-GITGETTests.debug.xcconfig */ = {isa = PBXFileReference; includeInIndex = 1; lastKnownFileType = text.xcconfig; name = "Pods-GITGETTests.debug.xcconfig"; path = "Target Support Files/Pods-GITGETTests/Pods-GITGETTests.debug.xcconfig"; sourceTree = "<group>"; };
		7D3D3C4C25998FCF00CCD1E9 /* GitHubContributionsWidgetBundle.swift */ = {isa = PBXFileReference; lastKnownFileType = sourcecode.swift; path = GitHubContributionsWidgetBundle.swift; sourceTree = "<group>"; };
		7D3D3C732599912600CCD1E9 /* GitHubContributionsWidget.swift */ = {isa = PBXFileReference; lastKnownFileType = sourcecode.swift; path = GitHubContributionsWidget.swift; sourceTree = "<group>"; };
		7D3D3C792599948F00CCD1E9 /* GitHubContributionsProvider.swift */ = {isa = PBXFileReference; lastKnownFileType = sourcecode.swift; path = GitHubContributionsProvider.swift; sourceTree = "<group>"; };
		7D3D3C7F2599953600CCD1E9 /* GitHubContributionsWidgetViewModel.swift */ = {isa = PBXFileReference; lastKnownFileType = sourcecode.swift; path = GitHubContributionsWidgetViewModel.swift; sourceTree = "<group>"; };
		7D3D3CAE2599973500CCD1E9 /* ThemeExtension.swift */ = {isa = PBXFileReference; lastKnownFileType = sourcecode.swift; path = ThemeExtension.swift; sourceTree = "<group>"; };
		7D4467A725B2939900A90E6A /* en */ = {isa = PBXFileReference; lastKnownFileType = text.plist.strings; name = en; path = en.lproj/Localizable.strings; sourceTree = "<group>"; };
		7D4467B125B293A100A90E6A /* ko */ = {isa = PBXFileReference; lastKnownFileType = text.plist.strings; name = ko; path = ko.lproj/Localizable.strings; sourceTree = "<group>"; };
		7D4467B925B293A100A90E6A /* ko */ = {isa = PBXFileReference; lastKnownFileType = text.plist.strings; name = ko; path = ko.lproj/LaunchScreen.strings; sourceTree = "<group>"; };
		7D4467C125B2940800A90E6A /* String.swift */ = {isa = PBXFileReference; lastKnownFileType = sourcecode.swift; path = String.swift; sourceTree = "<group>"; };
		7D4467DD25B2991500A90E6A /* Base */ = {isa = PBXFileReference; lastKnownFileType = file.intentdefinition; name = Base; path = Base.lproj/GitHubWidget.intentdefinition; sourceTree = "<group>"; };
		7D4467E725B2991B00A90E6A /* ko */ = {isa = PBXFileReference; lastKnownFileType = text.plist.strings; name = ko; path = ko.lproj/GitHubWidget.strings; sourceTree = "<group>"; };
		7D4467EF25B2B0E600A90E6A /* Localizable.stringsdict */ = {isa = PBXFileReference; lastKnownFileType = text.plist.stringsdict; path = Localizable.stringsdict; sourceTree = "<group>"; };
		7D65060D25D374BC0040AC12 /* iPadOSTutorialStepViewModel.swift */ = {isa = PBXFileReference; lastKnownFileType = sourcecode.swift; path = iPadOSTutorialStepViewModel.swift; sourceTree = "<group>"; };
		7D7BCAC525B446E2008DC09F /* AboutViewController.swift */ = {isa = PBXFileReference; lastKnownFileType = sourcecode.swift; path = AboutViewController.swift; sourceTree = "<group>"; };
		7D7FD4FD259B317A0072775E /* ColorExtension.swift */ = {isa = PBXFileReference; lastKnownFileType = sourcecode.swift; path = ColorExtension.swift; sourceTree = "<group>"; };
		7D7FD504259B45FC0072775E /* User.swift */ = {isa = PBXFileReference; lastKnownFileType = sourcecode.swift; path = User.swift; sourceTree = "<group>"; };
		7D7FD50B259B4DD90072775E /* DateExtension.swift */ = {isa = PBXFileReference; lastKnownFileType = sourcecode.swift; path = DateExtension.swift; sourceTree = "<group>"; };
		7D7FD52B259B63200072775E /* NoticeTextStyle.swift */ = {isa = PBXFileReference; lastKnownFileType = sourcecode.swift; path = NoticeTextStyle.swift; sourceTree = "<group>"; };
		7D9F947125A2BADF0074C91B /* TutorialStepView.swift */ = {isa = PBXFileReference; lastKnownFileType = sourcecode.swift; path = TutorialStepView.swift; sourceTree = "<group>"; };
		7D9F947725A3393C0074C91B /* iOSTutorialStepViewModel.swift */ = {isa = PBXFileReference; lastKnownFileType = sourcecode.swift; path = iOSTutorialStepViewModel.swift; sourceTree = "<group>"; };
		7D9F948725A33BB60074C91B /* TutorialViewModel.swift */ = {isa = PBXFileReference; lastKnownFileType = sourcecode.swift; path = TutorialViewModel.swift; sourceTree = "<group>"; };
		7DA986172598608700BAEAEA /* GITGET.app */ = {isa = PBXFileReference; explicitFileType = wrapper.application; includeInIndex = 0; path = GITGET.app; sourceTree = BUILT_PRODUCTS_DIR; };
		7DA9861A2598608700BAEAEA /* AppDelegate.swift */ = {isa = PBXFileReference; lastKnownFileType = sourcecode.swift; path = AppDelegate.swift; sourceTree = "<group>"; };
		7DA9861C2598608700BAEAEA /* SceneDelegate.swift */ = {isa = PBXFileReference; lastKnownFileType = sourcecode.swift; path = SceneDelegate.swift; sourceTree = "<group>"; };
		7DA986262598608900BAEAEA /* Assets.xcassets */ = {isa = PBXFileReference; lastKnownFileType = folder.assetcatalog; path = Assets.xcassets; sourceTree = "<group>"; };
		7DA986292598608900BAEAEA /* Base */ = {isa = PBXFileReference; lastKnownFileType = file.storyboard; name = Base; path = Base.lproj/LaunchScreen.storyboard; sourceTree = "<group>"; };
		7DA9862B2598608900BAEAEA /* Info.plist */ = {isa = PBXFileReference; lastKnownFileType = text.plist.xml; path = Info.plist; sourceTree = "<group>"; };
		7DA986302598608900BAEAEA /* GITGETTests.xctest */ = {isa = PBXFileReference; explicitFileType = wrapper.cfbundle; includeInIndex = 0; path = GITGETTests.xctest; sourceTree = BUILT_PRODUCTS_DIR; };
		7DA986342598608900BAEAEA /* GITGETTests.swift */ = {isa = PBXFileReference; lastKnownFileType = sourcecode.swift; path = GITGETTests.swift; sourceTree = "<group>"; };
		7DA986362598608900BAEAEA /* Info.plist */ = {isa = PBXFileReference; lastKnownFileType = text.plist.xml; path = Info.plist; sourceTree = "<group>"; };
		7DA986752598622100BAEAEA /* iOSSettingViewController.swift */ = {isa = PBXFileReference; lastKnownFileType = sourcecode.swift; path = iOSSettingViewController.swift; sourceTree = "<group>"; };
		7DA98683259862E500BAEAEA /* CONTRIBUTIONSExtension.appex */ = {isa = PBXFileReference; explicitFileType = "wrapper.app-extension"; includeInIndex = 0; path = CONTRIBUTIONSExtension.appex; sourceTree = BUILT_PRODUCTS_DIR; };
		7DA98684259862E500BAEAEA /* WidgetKit.framework */ = {isa = PBXFileReference; lastKnownFileType = wrapper.framework; name = WidgetKit.framework; path = System/Library/Frameworks/WidgetKit.framework; sourceTree = SDKROOT; };
		7DA98686259862E500BAEAEA /* SwiftUI.framework */ = {isa = PBXFileReference; lastKnownFileType = wrapper.framework; name = SwiftUI.framework; path = System/Library/Frameworks/SwiftUI.framework; sourceTree = SDKROOT; };
		7DA9868C259862E600BAEAEA /* Assets.xcassets */ = {isa = PBXFileReference; lastKnownFileType = folder.assetcatalog; path = Assets.xcassets; sourceTree = "<group>"; };
		7DA9868E259862E600BAEAEA /* Info.plist */ = {isa = PBXFileReference; lastKnownFileType = text.plist.xml; path = Info.plist; sourceTree = "<group>"; };
		7DA986CD2598859000BAEAEA /* TutorialViewController.swift */ = {isa = PBXFileReference; lastKnownFileType = sourcecode.swift; path = TutorialViewController.swift; sourceTree = "<group>"; };
		7DA986E02598936D00BAEAEA /* Constants.swift */ = {isa = PBXFileReference; lastKnownFileType = sourcecode.swift; path = Constants.swift; sourceTree = "<group>"; };
		7DA986F22599718D00BAEAEA /* GitHubNetwork.swift */ = {isa = PBXFileReference; lastKnownFileType = sourcecode.swift; path = GitHubNetwork.swift; sourceTree = "<group>"; };
		7DA987242599780C00BAEAEA /* Contribution.swift */ = {isa = PBXFileReference; lastKnownFileType = sourcecode.swift; path = Contribution.swift; sourceTree = "<group>"; };
		7DBDD8B325B6DCF1002D64E2 /* AboutViewModel.swift */ = {isa = PBXFileReference; lastKnownFileType = sourcecode.swift; path = AboutViewModel.swift; sourceTree = "<group>"; };
		7DD5DB6225C8E04B00F0AABD /* iOSSettingViewModel.swift */ = {isa = PBXFileReference; lastKnownFileType = sourcecode.swift; path = iOSSettingViewModel.swift; sourceTree = "<group>"; };
		7DD5DB6725C8EBCE00F0AABD /* MacOSSettingViewController.swift */ = {isa = PBXFileReference; lastKnownFileType = sourcecode.swift; path = MacOSSettingViewController.swift; sourceTree = "<group>"; };
		7DD5DB7525C8F0F700F0AABD /* MacOSSettingViewModel.swift */ = {isa = PBXFileReference; lastKnownFileType = sourcecode.swift; path = MacOSSettingViewModel.swift; sourceTree = "<group>"; };
		7DDF5BAF28CF3F1F0081848B /* SettingView.swift */ = {isa = PBXFileReference; lastKnownFileType = sourcecode.swift; path = SettingView.swift; sourceTree = "<group>"; };
		7DDF5BB128CF40450081848B /* ContributionViewModel.swift */ = {isa = PBXFileReference; lastKnownFileType = sourcecode.swift; path = ContributionViewModel.swift; sourceTree = "<group>"; };
		7DDF5BB328CF41270081848B /* ContributionView.swift */ = {isa = PBXFileReference; lastKnownFileType = sourcecode.swift; path = ContributionView.swift; sourceTree = "<group>"; };
		7DE7A9DD2599AF2B00F5F4BB /* GitHubContributionsWidgetView.swift */ = {isa = PBXFileReference; lastKnownFileType = sourcecode.swift; path = GitHubContributionsWidgetView.swift; sourceTree = "<group>"; };
		7DE7A9ED2599B31C00F5F4BB /* ArrayExtension.swift */ = {isa = PBXFileReference; lastKnownFileType = sourcecode.swift; path = ArrayExtension.swift; sourceTree = "<group>"; };
		7DE7AA092599CCB200F5F4BB /* GitHubContributionsWidgetEntryView.swift */ = {isa = PBXFileReference; lastKnownFileType = sourcecode.swift; path = GitHubContributionsWidgetEntryView.swift; sourceTree = "<group>"; };
		7DE7AA172599D92B00F5F4BB /* CalendarChart.swift */ = {isa = PBXFileReference; lastKnownFileType = sourcecode.swift; path = CalendarChart.swift; sourceTree = "<group>"; };
		7DE7AA2C2599E06300F5F4BB /* CalendarChartCell.swift */ = {isa = PBXFileReference; lastKnownFileType = sourcecode.swift; path = CalendarChartCell.swift; sourceTree = "<group>"; };
		7DE7AA332599E3CE00F5F4BB /* WidgetContentView.swift */ = {isa = PBXFileReference; lastKnownFileType = sourcecode.swift; path = WidgetContentView.swift; sourceTree = "<group>"; };
		7DED5B3B25B072C400C9574E /* CONTRIBUTIONSExtension.entitlements */ = {isa = PBXFileReference; lastKnownFileType = text.plist.entitlements; path = CONTRIBUTIONSExtension.entitlements; sourceTree = "<group>"; };
		7DED5B4025B072D700C9574E /* GITGET.entitlements */ = {isa = PBXFileReference; lastKnownFileType = text.plist.entitlements; path = GITGET.entitlements; sourceTree = "<group>"; };
		7DED5B6225B0786D00C9574E /* MacOSTutorialStepViewModel.swift */ = {isa = PBXFileReference; lastKnownFileType = sourcecode.swift; path = MacOSTutorialStepViewModel.swift; sourceTree = "<group>"; };
		7DED5B6825B078B900C9574E /* Step.swift */ = {isa = PBXFileReference; lastKnownFileType = sourcecode.swift; path = Step.swift; sourceTree = "<group>"; };
		7DF5F9F528CDF7A30076B977 /* AccessoryWidgetContentView.swift */ = {isa = PBXFileReference; lastKnownFileType = sourcecode.swift; path = AccessoryWidgetContentView.swift; sourceTree = "<group>"; };
		8B7DD08ECD4C71DA0793F4C3 /* Pods-GITGETTests.release.xcconfig */ = {isa = PBXFileReference; includeInIndex = 1; lastKnownFileType = text.xcconfig; name = "Pods-GITGETTests.release.xcconfig"; path = "Target Support Files/Pods-GITGETTests/Pods-GITGETTests.release.xcconfig"; sourceTree = "<group>"; };
		91A883BE2C9D389C003FA828 /* AppleMyungjo.ttf */ = {isa = PBXFileReference; lastKnownFileType = file; path = AppleMyungjo.ttf; sourceTree = "<group>"; };
		BEF0E3B4406B210DBE6A2D96 /* Pods-GITGET.release.xcconfig */ = {isa = PBXFileReference; includeInIndex = 1; lastKnownFileType = text.xcconfig; name = "Pods-GITGET.release.xcconfig"; path = "Target Support Files/Pods-GITGET/Pods-GITGET.release.xcconfig"; sourceTree = "<group>"; };
		CB8B00E94D7C414EBE2B8089 /* Pods-GITGET.debug.xcconfig */ = {isa = PBXFileReference; includeInIndex = 1; lastKnownFileType = text.xcconfig; name = "Pods-GITGET.debug.xcconfig"; path = "Target Support Files/Pods-GITGET/Pods-GITGET.debug.xcconfig"; sourceTree = "<group>"; };
		F3B48DF6CED599606356AAEE /* Pods_GITGET.framework */ = {isa = PBXFileReference; explicitFileType = wrapper.framework; includeInIndex = 0; path = Pods_GITGET.framework; sourceTree = BUILT_PRODUCTS_DIR; };
/* End PBXFileReference section */

/* Begin PBXFrameworksBuildPhase section */
		7DA986142598608700BAEAEA /* Frameworks */ = {
			isa = PBXFrameworksBuildPhase;
			buildActionMask = 2147483647;
			files = (
				DB2C93629AEAFA8A934C9498 /* Pods_GITGET.framework in Frameworks */,
			);
			runOnlyForDeploymentPostprocessing = 0;
		};
		7DA9862D2598608900BAEAEA /* Frameworks */ = {
			isa = PBXFrameworksBuildPhase;
			buildActionMask = 2147483647;
			files = (
				E91EC8F27334239CD5738F73 /* Pods_GITGETTests.framework in Frameworks */,
			);
			runOnlyForDeploymentPostprocessing = 0;
		};
		7DA98680259862E500BAEAEA /* Frameworks */ = {
			isa = PBXFrameworksBuildPhase;
			buildActionMask = 2147483647;
			files = (
				7DA98687259862E500BAEAEA /* SwiftUI.framework in Frameworks */,
				7DA98685259862E500BAEAEA /* WidgetKit.framework in Frameworks */,
				453FB36E2D1E292DC8A13D3C /* Pods_GITGET_CONTRIBUTIONSExtension.framework in Frameworks */,
			);
			runOnlyForDeploymentPostprocessing = 0;
		};
/* End PBXFrameworksBuildPhase section */

/* Begin PBXGroup section */
		5CAB7C3AFBCABD17BBDE1A32 /* Pods */ = {
			isa = PBXGroup;
			children = (
				CB8B00E94D7C414EBE2B8089 /* Pods-GITGET.debug.xcconfig */,
				BEF0E3B4406B210DBE6A2D96 /* Pods-GITGET.release.xcconfig */,
				1D1F2ECF1696E99D4AA818BD /* Pods-GITGET-CONTRIBUTIONSExtension.debug.xcconfig */,
				09BDBC533C1B5654DC9E3995 /* Pods-GITGET-CONTRIBUTIONSExtension.release.xcconfig */,
				5A481B4CE9B348E71276A022 /* Pods-GITGETTests.debug.xcconfig */,
				8B7DD08ECD4C71DA0793F4C3 /* Pods-GITGETTests.release.xcconfig */,
			);
			path = Pods;
			sourceTree = "<group>";
		};
		7D3D3C5225998FD800CCD1E9 /* Network */ = {
			isa = PBXGroup;
			children = (
				7DA986F22599718D00BAEAEA /* GitHubNetwork.swift */,
			);
			path = Network;
			sourceTree = "<group>";
		};
		7D3D3C5725998FDD00CCD1E9 /* Constants */ = {
			isa = PBXGroup;
			children = (
				7DA987242599780C00BAEAEA /* Contribution.swift */,
				7D7FD504259B45FC0072775E /* User.swift */,
			);
			path = Constants;
			sourceTree = "<group>";
		};
		7D3D3C5825998FEC00CCD1E9 /* Widget */ = {
			isa = PBXGroup;
			children = (
				7DE7A9E32599AF3D00F5F4BB /* Bundle */,
				7DE7A9E42599AF4600F5F4BB /* Presentation */,
			);
			path = Widget;
			sourceTree = "<group>";
		};
		7D3D3C5D25998FF400CCD1E9 /* Resource */ = {
			isa = PBXGroup;
			children = (
				91A883BE2C9D389C003FA828 /* AppleMyungjo.ttf */,
				7D4467DE25B2991500A90E6A /* GitHubWidget.intentdefinition */,
				7DA9868C259862E600BAEAEA /* Assets.xcassets */,
				7DA9868E259862E600BAEAEA /* Info.plist */,
				7D4467EF25B2B0E600A90E6A /* Localizable.stringsdict */,
			);
			path = Resource;
			sourceTree = "<group>";
		};
		7D3D3C6625998FFE00CCD1E9 /* Resource */ = {
			isa = PBXGroup;
			children = (
				7DA986262598608900BAEAEA /* Assets.xcassets */,
				7DA986282598608900BAEAEA /* LaunchScreen.storyboard */,
				7DA9862B2598608900BAEAEA /* Info.plist */,
				7D4467A825B2939900A90E6A /* Localizable.strings */,
			);
			path = Resource;
			sourceTree = "<group>";
		};
		7D4467CC25B2940D00A90E6A /* Extensions */ = {
			isa = PBXGroup;
			children = (
				7D4467C125B2940800A90E6A /* String.swift */,
			);
			path = Extensions;
			sourceTree = "<group>";
		};
		7DA9860E2598608700BAEAEA = {
			isa = PBXGroup;
			children = (
				7DED5B3B25B072C400C9574E /* CONTRIBUTIONSExtension.entitlements */,
				7DA986192598608700BAEAEA /* GITGET */,
				7DA986332598608900BAEAEA /* GITGETTests */,
				7DA98688259862E500BAEAEA /* CONTRIBUTIONS */,
				7DA986182598608700BAEAEA /* Products */,
				5CAB7C3AFBCABD17BBDE1A32 /* Pods */,
				F8ECE382115E72FE1FCFD38C /* Frameworks */,
			);
			sourceTree = "<group>";
		};
		7DA986182598608700BAEAEA /* Products */ = {
			isa = PBXGroup;
			children = (
				7DA986172598608700BAEAEA /* GITGET.app */,
				7DA986302598608900BAEAEA /* GITGETTests.xctest */,
				7DA98683259862E500BAEAEA /* CONTRIBUTIONSExtension.appex */,
			);
			name = Products;
			sourceTree = "<group>";
		};
		7DA986192598608700BAEAEA /* GITGET */ = {
			isa = PBXGroup;
			children = (
				7DED5B4025B072D700C9574E /* GITGET.entitlements */,
				7DA9861A2598608700BAEAEA /* AppDelegate.swift */,
				7DA9861C2598608700BAEAEA /* SceneDelegate.swift */,
				7DA986C82598856E00BAEAEA /* MainView */,
				7DA986D72598859500BAEAEA /* Tutorial */,
				7D3D3C6625998FFE00CCD1E9 /* Resource */,
				7D4467CC25B2940D00A90E6A /* Extensions */,
			);
			path = GITGET;
			sourceTree = "<group>";
		};
		7DA986332598608900BAEAEA /* GITGETTests */ = {
			isa = PBXGroup;
			children = (
				7DA986342598608900BAEAEA /* GITGETTests.swift */,
				7DA986362598608900BAEAEA /* Info.plist */,
			);
			path = GITGETTests;
			sourceTree = "<group>";
		};
		7DA98688259862E500BAEAEA /* CONTRIBUTIONS */ = {
			isa = PBXGroup;
			children = (
				7D3D3C5225998FD800CCD1E9 /* Network */,
				7D3D3C5825998FEC00CCD1E9 /* Widget */,
				7D3D3C5725998FDD00CCD1E9 /* Constants */,
				7DE7A9F32599B34800F5F4BB /* Extension */,
				7D3D3C5D25998FF400CCD1E9 /* Resource */,
			);
			path = CONTRIBUTIONS;
			sourceTree = "<group>";
		};
		7DA986C82598856E00BAEAEA /* MainView */ = {
			isa = PBXGroup;
			children = (
				7DD5DB7A25C8F36000F0AABD /* SettingViewController */,
				7DD5DB8625C8F37800F0AABD /* AboutViewController */,
				7DA986E02598936D00BAEAEA /* Constants.swift */,
			);
			path = MainView;
			sourceTree = "<group>";
		};
		7DA986D72598859500BAEAEA /* Tutorial */ = {
			isa = PBXGroup;
			children = (
				7DA986CD2598859000BAEAEA /* TutorialViewController.swift */,
				7D9F948725A33BB60074C91B /* TutorialViewModel.swift */,
				7D9F947125A2BADF0074C91B /* TutorialStepView.swift */,
				7D9F947725A3393C0074C91B /* iOSTutorialStepViewModel.swift */,
				7DED5B6225B0786D00C9574E /* MacOSTutorialStepViewModel.swift */,
				7D65060D25D374BC0040AC12 /* iPadOSTutorialStepViewModel.swift */,
				7DED5B6825B078B900C9574E /* Step.swift */,
			);
			path = Tutorial;
			sourceTree = "<group>";
		};
		7DD5DB7A25C8F36000F0AABD /* SettingViewController */ = {
			isa = PBXGroup;
			children = (
				7DD5DB7E25C8F36800F0AABD /* iOS */,
				7DD5DB8225C8F36E00F0AABD /* MacOS */,
			);
			path = SettingViewController;
			sourceTree = "<group>";
		};
		7DD5DB7E25C8F36800F0AABD /* iOS */ = {
			isa = PBXGroup;
			children = (
				7DA986752598622100BAEAEA /* iOSSettingViewController.swift */,
				7DDF5BAF28CF3F1F0081848B /* SettingView.swift */,
				7DDF5BB328CF41270081848B /* ContributionView.swift */,
				7DDF5BB128CF40450081848B /* ContributionViewModel.swift */,
				7DD5DB6225C8E04B00F0AABD /* iOSSettingViewModel.swift */,
			);
			path = iOS;
			sourceTree = "<group>";
		};
		7DD5DB8225C8F36E00F0AABD /* MacOS */ = {
			isa = PBXGroup;
			children = (
				7DD5DB6725C8EBCE00F0AABD /* MacOSSettingViewController.swift */,
				7DD5DB7525C8F0F700F0AABD /* MacOSSettingViewModel.swift */,
			);
			path = MacOS;
			sourceTree = "<group>";
		};
		7DD5DB8625C8F37800F0AABD /* AboutViewController */ = {
			isa = PBXGroup;
			children = (
				7D7BCAC525B446E2008DC09F /* AboutViewController.swift */,
				7DBDD8B325B6DCF1002D64E2 /* AboutViewModel.swift */,
			);
			path = AboutViewController;
			sourceTree = "<group>";
		};
		7DE7A9E32599AF3D00F5F4BB /* Bundle */ = {
			isa = PBXGroup;
			children = (
				7D3D3C4C25998FCF00CCD1E9 /* GitHubContributionsWidgetBundle.swift */,
				7D3D3C732599912600CCD1E9 /* GitHubContributionsWidget.swift */,
				7D3D3C792599948F00CCD1E9 /* GitHubContributionsProvider.swift */,
			);
			path = Bundle;
			sourceTree = "<group>";
		};
		7DE7A9E42599AF4600F5F4BB /* Presentation */ = {
			isa = PBXGroup;
			children = (
				7DE7AA092599CCB200F5F4BB /* GitHubContributionsWidgetEntryView.swift */,
				7DE7A9DD2599AF2B00F5F4BB /* GitHubContributionsWidgetView.swift */,
				7D3D3C7F2599953600CCD1E9 /* GitHubContributionsWidgetViewModel.swift */,
				7DE7AA212599DF2800F5F4BB /* ViewModifier */,
			);
			path = Presentation;
			sourceTree = "<group>";
		};
		7DE7A9F32599B34800F5F4BB /* Extension */ = {
			isa = PBXGroup;
			children = (
				7D3D3CAE2599973500CCD1E9 /* ThemeExtension.swift */,
				7DE7A9ED2599B31C00F5F4BB /* ArrayExtension.swift */,
				7D7FD4FD259B317A0072775E /* ColorExtension.swift */,
				7D7FD50B259B4DD90072775E /* DateExtension.swift */,
			);
			path = Extension;
			sourceTree = "<group>";
		};
		7DE7AA212599DF2800F5F4BB /* ViewModifier */ = {
			isa = PBXGroup;
			children = (
				7DE7AA332599E3CE00F5F4BB /* WidgetContentView.swift */,
				7DF5F9F528CDF7A30076B977 /* AccessoryWidgetContentView.swift */,
				7DE7AA172599D92B00F5F4BB /* CalendarChart.swift */,
				7DE7AA2C2599E06300F5F4BB /* CalendarChartCell.swift */,
				7D7FD52B259B63200072775E /* NoticeTextStyle.swift */,
			);
			path = ViewModifier;
			sourceTree = "<group>";
		};
		F8ECE382115E72FE1FCFD38C /* Frameworks */ = {
			isa = PBXGroup;
			children = (
				7DA98684259862E500BAEAEA /* WidgetKit.framework */,
				7DA98686259862E500BAEAEA /* SwiftUI.framework */,
				F3B48DF6CED599606356AAEE /* Pods_GITGET.framework */,
				4C38D4632C0F609415CEB070 /* Pods_GITGET_CONTRIBUTIONSExtension.framework */,
				0143A5DB066010355EA637FC /* Pods_GITGETTests.framework */,
			);
			name = Frameworks;
			sourceTree = "<group>";
		};
/* End PBXGroup section */

/* Begin PBXNativeTarget section */
		7DA986162598608700BAEAEA /* GITGET */ = {
			isa = PBXNativeTarget;
			buildConfigurationList = 7DA986442598608900BAEAEA /* Build configuration list for PBXNativeTarget "GITGET" */;
			buildPhases = (
				5B759E0495F15F4C9F3E1A31 /* [CP] Check Pods Manifest.lock */,
				7DA986132598608700BAEAEA /* Sources */,
				7DA986142598608700BAEAEA /* Frameworks */,
				7DA986152598608700BAEAEA /* Resources */,
				7DA98697259862E600BAEAEA /* Embed Foundation Extensions */,
				72C24D0ECD7E36E6C6E8799C /* [CP] Embed Pods Frameworks */,
			);
			buildRules = (
			);
			dependencies = (
				7DA98692259862E600BAEAEA /* PBXTargetDependency */,
			);
			name = GITGET;
			productName = GITGET;
			productReference = 7DA986172598608700BAEAEA /* GITGET.app */;
			productType = "com.apple.product-type.application";
		};
		7DA9862F2598608900BAEAEA /* GITGETTests */ = {
			isa = PBXNativeTarget;
			buildConfigurationList = 7DA986472598608900BAEAEA /* Build configuration list for PBXNativeTarget "GITGETTests" */;
			buildPhases = (
				67B4E6B08EEA176232C5162C /* [CP] Check Pods Manifest.lock */,
				7DA9862C2598608900BAEAEA /* Sources */,
				7DA9862D2598608900BAEAEA /* Frameworks */,
				7DA9862E2598608900BAEAEA /* Resources */,
			);
			buildRules = (
			);
			dependencies = (
				7DA986322598608900BAEAEA /* PBXTargetDependency */,
			);
			name = GITGETTests;
			productName = GITGETTests;
			productReference = 7DA986302598608900BAEAEA /* GITGETTests.xctest */;
			productType = "com.apple.product-type.bundle.unit-test";
		};
		7DA98682259862E500BAEAEA /* CONTRIBUTIONSExtension */ = {
			isa = PBXNativeTarget;
			buildConfigurationList = 7DA98694259862E600BAEAEA /* Build configuration list for PBXNativeTarget "CONTRIBUTIONSExtension" */;
			buildPhases = (
				EAF0DE7C12EF6868FBB599AF /* [CP] Check Pods Manifest.lock */,
				7DA9867F259862E500BAEAEA /* Sources */,
				7DA98680259862E500BAEAEA /* Frameworks */,
				7DA98681259862E500BAEAEA /* Resources */,
			);
			buildRules = (
			);
			dependencies = (
			);
			name = CONTRIBUTIONSExtension;
			productName = CONTRIBUTIONSExtension;
			productReference = 7DA98683259862E500BAEAEA /* CONTRIBUTIONSExtension.appex */;
			productType = "com.apple.product-type.app-extension";
		};
/* End PBXNativeTarget section */

/* Begin PBXProject section */
		7DA9860F2598608700BAEAEA /* Project object */ = {
			isa = PBXProject;
			attributes = {
				BuildIndependentTargetsInParallel = YES;
				LastSwiftUpdateCheck = 1230;
				LastUpgradeCheck = 1600;
				TargetAttributes = {
					7DA986162598608700BAEAEA = {
						CreatedOnToolsVersion = 12.3;
					};
					7DA9862F2598608900BAEAEA = {
						CreatedOnToolsVersion = 12.3;
						TestTargetID = 7DA986162598608700BAEAEA;
					};
					7DA98682259862E500BAEAEA = {
						CreatedOnToolsVersion = 12.3;
					};
				};
			};
			buildConfigurationList = 7DA986122598608700BAEAEA /* Build configuration list for PBXProject "GITGET" */;
			compatibilityVersion = "Xcode 9.3";
			developmentRegion = en;
			hasScannedForEncodings = 0;
			knownRegions = (
				en,
				Base,
				ko,
			);
			mainGroup = 7DA9860E2598608700BAEAEA;
			productRefGroup = 7DA986182598608700BAEAEA /* Products */;
			projectDirPath = "";
			projectRoot = "";
			targets = (
				7DA986162598608700BAEAEA /* GITGET */,
				7DA9862F2598608900BAEAEA /* GITGETTests */,
				7DA98682259862E500BAEAEA /* CONTRIBUTIONSExtension */,
			);
		};
/* End PBXProject section */

/* Begin PBXResourcesBuildPhase section */
		7DA986152598608700BAEAEA /* Resources */ = {
			isa = PBXResourcesBuildPhase;
			buildActionMask = 2147483647;
			files = (
				7DA986272598608900BAEAEA /* Assets.xcassets in Resources */,
				7D4467A525B2939900A90E6A /* Localizable.strings in Resources */,
				7DED5C3925B099CB00C9574E /* LaunchScreen.storyboard in Resources */,
				91A883C02C9D389C003FA828 /* AppleMyungjo.ttf in Resources */,
			);
			runOnlyForDeploymentPostprocessing = 0;
		};
		7DA9862E2598608900BAEAEA /* Resources */ = {
			isa = PBXResourcesBuildPhase;
			buildActionMask = 2147483647;
			files = (
			);
			runOnlyForDeploymentPostprocessing = 0;
		};
		7DA98681259862E500BAEAEA /* Resources */ = {
			isa = PBXResourcesBuildPhase;
			buildActionMask = 2147483647;
			files = (
				7DA9868D259862E600BAEAEA /* Assets.xcassets in Resources */,
				7DC011A325D0C62E007B6D9A /* Localizable.strings in Resources */,
				7D4467F025B2B0E600A90E6A /* Localizable.stringsdict in Resources */,
				91A883BF2C9D389C003FA828 /* AppleMyungjo.ttf in Resources */,
			);
			runOnlyForDeploymentPostprocessing = 0;
		};
/* End PBXResourcesBuildPhase section */

/* Begin PBXShellScriptBuildPhase section */
		5B759E0495F15F4C9F3E1A31 /* [CP] Check Pods Manifest.lock */ = {
			isa = PBXShellScriptBuildPhase;
			buildActionMask = 2147483647;
			files = (
			);
			inputFileListPaths = (
			);
			inputPaths = (
				"${PODS_PODFILE_DIR_PATH}/Podfile.lock",
				"${PODS_ROOT}/Manifest.lock",
			);
			name = "[CP] Check Pods Manifest.lock";
			outputFileListPaths = (
			);
			outputPaths = (
				"$(DERIVED_FILE_DIR)/Pods-GITGET-checkManifestLockResult.txt",
			);
			runOnlyForDeploymentPostprocessing = 0;
			shellPath = /bin/sh;
			shellScript = "diff \"${PODS_PODFILE_DIR_PATH}/Podfile.lock\" \"${PODS_ROOT}/Manifest.lock\" > /dev/null\nif [ $? != 0 ] ; then\n    # print error to STDERR\n    echo \"error: The sandbox is not in sync with the Podfile.lock. Run 'pod install' or update your CocoaPods installation.\" >&2\n    exit 1\nfi\n# This output is used by Xcode 'outputs' to avoid re-running this script phase.\necho \"SUCCESS\" > \"${SCRIPT_OUTPUT_FILE_0}\"\n";
			showEnvVarsInLog = 0;
		};
		67B4E6B08EEA176232C5162C /* [CP] Check Pods Manifest.lock */ = {
			isa = PBXShellScriptBuildPhase;
			buildActionMask = 2147483647;
			files = (
			);
			inputFileListPaths = (
			);
			inputPaths = (
				"${PODS_PODFILE_DIR_PATH}/Podfile.lock",
				"${PODS_ROOT}/Manifest.lock",
			);
			name = "[CP] Check Pods Manifest.lock";
			outputFileListPaths = (
			);
			outputPaths = (
				"$(DERIVED_FILE_DIR)/Pods-GITGETTests-checkManifestLockResult.txt",
			);
			runOnlyForDeploymentPostprocessing = 0;
			shellPath = /bin/sh;
			shellScript = "diff \"${PODS_PODFILE_DIR_PATH}/Podfile.lock\" \"${PODS_ROOT}/Manifest.lock\" > /dev/null\nif [ $? != 0 ] ; then\n    # print error to STDERR\n    echo \"error: The sandbox is not in sync with the Podfile.lock. Run 'pod install' or update your CocoaPods installation.\" >&2\n    exit 1\nfi\n# This output is used by Xcode 'outputs' to avoid re-running this script phase.\necho \"SUCCESS\" > \"${SCRIPT_OUTPUT_FILE_0}\"\n";
			showEnvVarsInLog = 0;
		};
		72C24D0ECD7E36E6C6E8799C /* [CP] Embed Pods Frameworks */ = {
			isa = PBXShellScriptBuildPhase;
			buildActionMask = 2147483647;
			files = (
			);
			inputFileListPaths = (
				"${PODS_ROOT}/Target Support Files/Pods-GITGET/Pods-GITGET-frameworks-${CONFIGURATION}-input-files.xcfilelist",
			);
			name = "[CP] Embed Pods Frameworks";
			outputFileListPaths = (
				"${PODS_ROOT}/Target Support Files/Pods-GITGET/Pods-GITGET-frameworks-${CONFIGURATION}-output-files.xcfilelist",
			);
			runOnlyForDeploymentPostprocessing = 0;
			shellPath = /bin/sh;
			shellScript = "\"${PODS_ROOT}/Target Support Files/Pods-GITGET/Pods-GITGET-frameworks.sh\"\n";
			showEnvVarsInLog = 0;
		};
		EAF0DE7C12EF6868FBB599AF /* [CP] Check Pods Manifest.lock */ = {
			isa = PBXShellScriptBuildPhase;
			buildActionMask = 2147483647;
			files = (
			);
			inputFileListPaths = (
			);
			inputPaths = (
				"${PODS_PODFILE_DIR_PATH}/Podfile.lock",
				"${PODS_ROOT}/Manifest.lock",
			);
			name = "[CP] Check Pods Manifest.lock";
			outputFileListPaths = (
			);
			outputPaths = (
				"$(DERIVED_FILE_DIR)/Pods-GITGET-CONTRIBUTIONSExtension-checkManifestLockResult.txt",
			);
			runOnlyForDeploymentPostprocessing = 0;
			shellPath = /bin/sh;
			shellScript = "diff \"${PODS_PODFILE_DIR_PATH}/Podfile.lock\" \"${PODS_ROOT}/Manifest.lock\" > /dev/null\nif [ $? != 0 ] ; then\n    # print error to STDERR\n    echo \"error: The sandbox is not in sync with the Podfile.lock. Run 'pod install' or update your CocoaPods installation.\" >&2\n    exit 1\nfi\n# This output is used by Xcode 'outputs' to avoid re-running this script phase.\necho \"SUCCESS\" > \"${SCRIPT_OUTPUT_FILE_0}\"\n";
			showEnvVarsInLog = 0;
		};
/* End PBXShellScriptBuildPhase section */

/* Begin PBXSourcesBuildPhase section */
		7DA986132598608700BAEAEA /* Sources */ = {
			isa = PBXSourcesBuildPhase;
			buildActionMask = 2147483647;
			files = (
				7D9F947825A3393C0074C91B /* iOSTutorialStepViewModel.swift in Sources */,
				7DA986F32599718D00BAEAEA /* GitHubNetwork.swift in Sources */,
				7DD5DB7625C8F0F700F0AABD /* MacOSSettingViewModel.swift in Sources */,
				7D7FD50C259B4DD90072775E /* DateExtension.swift in Sources */,
				7D4467C225B2940800A90E6A /* String.swift in Sources */,
				7DF5F9F628CDF7A30076B977 /* AccessoryWidgetContentView.swift in Sources */,
				7DBDD8B425B6DCF1002D64E2 /* AboutViewModel.swift in Sources */,
				7D4467DB25B2991500A90E6A /* GitHubWidget.intentdefinition in Sources */,
				7DE7AA272599E00C00F5F4BB /* GitHubContributionsWidgetView.swift in Sources */,
				7DDF5BB028CF3F1F0081848B /* SettingView.swift in Sources */,
				7D65060E25D374BC0040AC12 /* iPadOSTutorialStepViewModel.swift in Sources */,
				7DE7AA222599DFF100F5F4BB /* CalendarChart.swift in Sources */,
				7DA9861B2598608700BAEAEA /* AppDelegate.swift in Sources */,
				7D7FD52C259B63200072775E /* NoticeTextStyle.swift in Sources */,
				7DD5DB6825C8EBCE00F0AABD /* MacOSSettingViewController.swift in Sources */,
				7DDF5BB228CF40450081848B /* ContributionViewModel.swift in Sources */,
				7D7BCAC625B446E2008DC09F /* AboutViewController.swift in Sources */,
				7DA986CE2598859000BAEAEA /* TutorialViewController.swift in Sources */,
				7DD5DB6325C8E04B00F0AABD /* iOSSettingViewModel.swift in Sources */,
				7D9F948825A33BB60074C91B /* TutorialViewModel.swift in Sources */,
				7DED5B6925B078B900C9574E /* Step.swift in Sources */,
				7D7FD505259B45FD0072775E /* User.swift in Sources */,
				7DE7AA4E2599ED7900F5F4BB /* GitHubContributionsProvider.swift in Sources */,
				7DA986E12598936D00BAEAEA /* Constants.swift in Sources */,
				7DDF5BB428CF41270081848B /* ContributionView.swift in Sources */,
				7DA9861D2598608700BAEAEA /* SceneDelegate.swift in Sources */,
				7DE7AA342599E3CE00F5F4BB /* WidgetContentView.swift in Sources */,
				7DA9872925997A2F00BAEAEA /* Contribution.swift in Sources */,
				7DA986762598622100BAEAEA /* iOSSettingViewController.swift in Sources */,
				7D9F947225A2BADF0074C91B /* TutorialStepView.swift in Sources */,
				7DE7AA2D2599E06300F5F4BB /* CalendarChartCell.swift in Sources */,
				7DE7AA642599F34A00F5F4BB /* GitHubContributionsWidgetViewModel.swift in Sources */,
				7DE7A9F82599B36300F5F4BB /* ArrayExtension.swift in Sources */,
				7DE7AA3A2599E50100F5F4BB /* ThemeExtension.swift in Sources */,
				7DED5B6325B0786D00C9574E /* MacOSTutorialStepViewModel.swift in Sources */,
				7D7FD4FE259B317A0072775E /* ColorExtension.swift in Sources */,
			);
			runOnlyForDeploymentPostprocessing = 0;
		};
		7DA9862C2598608900BAEAEA /* Sources */ = {
			isa = PBXSourcesBuildPhase;
			buildActionMask = 2147483647;
			files = (
				7DA986352598608900BAEAEA /* GITGETTests.swift in Sources */,
			);
			runOnlyForDeploymentPostprocessing = 0;
		};
		7DA9867F259862E500BAEAEA /* Sources */ = {
			isa = PBXSourcesBuildPhase;
			buildActionMask = 2147483647;
			files = (
				7D4467C325B2940800A90E6A /* String.swift in Sources */,
				7D7FD52D259B63200072775E /* NoticeTextStyle.swift in Sources */,
				7D3D3CB8259997A900CCD1E9 /* ThemeExtension.swift in Sources */,
				7DE7A9DE2599AF2B00F5F4BB /* GitHubContributionsWidgetView.swift in Sources */,
				7DE7AA0A2599CCB200F5F4BB /* GitHubContributionsWidgetEntryView.swift in Sources */,
				7D3D3C932599954000CCD1E9 /* GitHubContributionsWidget.swift in Sources */,
				7DE7AA2E2599E06300F5F4BB /* CalendarChartCell.swift in Sources */,
				7DA9872E25997A3000BAEAEA /* Contribution.swift in Sources */,
				7DE7AA182599D92B00F5F4BB /* CalendarChart.swift in Sources */,
				7D7FD506259B45FD0072775E /* User.swift in Sources */,
				7D3D3C9C2599954300CCD1E9 /* GitHubContributionsWidgetBundle.swift in Sources */,
				7D3D3CC5259997B100CCD1E9 /* GitHubContributionsWidgetViewModel.swift in Sources */,
				7D3D3C8E2599953D00CCD1E9 /* GitHubContributionsProvider.swift in Sources */,
				7D7FD4FF259B317A0072775E /* ColorExtension.swift in Sources */,
				7DF5F9F728CDF7A30076B977 /* AccessoryWidgetContentView.swift in Sources */,
				7D7FD50D259B4DD90072775E /* DateExtension.swift in Sources */,
				7DE7AA352599E3CE00F5F4BB /* WidgetContentView.swift in Sources */,
				7DA986F42599718D00BAEAEA /* GitHubNetwork.swift in Sources */,
				7DE7A9EE2599B31C00F5F4BB /* ArrayExtension.swift in Sources */,
				7D4467DC25B2991500A90E6A /* GitHubWidget.intentdefinition in Sources */,
			);
			runOnlyForDeploymentPostprocessing = 0;
		};
/* End PBXSourcesBuildPhase section */

/* Begin PBXTargetDependency section */
		7DA986322598608900BAEAEA /* PBXTargetDependency */ = {
			isa = PBXTargetDependency;
			target = 7DA986162598608700BAEAEA /* GITGET */;
			targetProxy = 7DA986312598608900BAEAEA /* PBXContainerItemProxy */;
		};
		7DA98692259862E600BAEAEA /* PBXTargetDependency */ = {
			isa = PBXTargetDependency;
			target = 7DA98682259862E500BAEAEA /* CONTRIBUTIONSExtension */;
			targetProxy = 7DA98691259862E600BAEAEA /* PBXContainerItemProxy */;
		};
/* End PBXTargetDependency section */

/* Begin PBXVariantGroup section */
		7D4467A825B2939900A90E6A /* Localizable.strings */ = {
			isa = PBXVariantGroup;
			children = (
				7D4467A725B2939900A90E6A /* en */,
				7D4467B125B293A100A90E6A /* ko */,
			);
			name = Localizable.strings;
			sourceTree = "<group>";
		};
		7D4467DE25B2991500A90E6A /* GitHubWidget.intentdefinition */ = {
			isa = PBXVariantGroup;
			children = (
				7D4467DD25B2991500A90E6A /* Base */,
				7D4467E725B2991B00A90E6A /* ko */,
			);
			name = GitHubWidget.intentdefinition;
			sourceTree = "<group>";
		};
		7DA986282598608900BAEAEA /* LaunchScreen.storyboard */ = {
			isa = PBXVariantGroup;
			children = (
				7DA986292598608900BAEAEA /* Base */,
				7D4467B925B293A100A90E6A /* ko */,
			);
			name = LaunchScreen.storyboard;
			sourceTree = "<group>";
		};
/* End PBXVariantGroup section */

/* Begin XCBuildConfiguration section */
		7DA986422598608900BAEAEA /* Debug */ = {
			isa = XCBuildConfiguration;
			buildSettings = {
				ALWAYS_SEARCH_USER_PATHS = NO;
				CLANG_ANALYZER_LOCALIZABILITY_NONLOCALIZED = YES;
				CLANG_ANALYZER_NONNULL = YES;
				CLANG_ANALYZER_NUMBER_OBJECT_CONVERSION = YES_AGGRESSIVE;
				CLANG_CXX_LANGUAGE_STANDARD = "gnu++14";
				CLANG_CXX_LIBRARY = "libc++";
				CLANG_ENABLE_MODULES = YES;
				CLANG_ENABLE_OBJC_ARC = YES;
				CLANG_ENABLE_OBJC_WEAK = YES;
				CLANG_WARN_BLOCK_CAPTURE_AUTORELEASING = YES;
				CLANG_WARN_BOOL_CONVERSION = YES;
				CLANG_WARN_COMMA = YES;
				CLANG_WARN_CONSTANT_CONVERSION = YES;
				CLANG_WARN_DEPRECATED_OBJC_IMPLEMENTATIONS = YES;
				CLANG_WARN_DIRECT_OBJC_ISA_USAGE = YES_ERROR;
				CLANG_WARN_DOCUMENTATION_COMMENTS = YES;
				CLANG_WARN_EMPTY_BODY = YES;
				CLANG_WARN_ENUM_CONVERSION = YES;
				CLANG_WARN_INFINITE_RECURSION = YES;
				CLANG_WARN_INT_CONVERSION = YES;
				CLANG_WARN_NON_LITERAL_NULL_CONVERSION = YES;
				CLANG_WARN_OBJC_IMPLICIT_RETAIN_SELF = YES;
				CLANG_WARN_OBJC_LITERAL_CONVERSION = YES;
				CLANG_WARN_OBJC_ROOT_CLASS = YES_ERROR;
				CLANG_WARN_QUOTED_INCLUDE_IN_FRAMEWORK_HEADER = YES;
				CLANG_WARN_RANGE_LOOP_ANALYSIS = YES;
				CLANG_WARN_STRICT_PROTOTYPES = YES;
				CLANG_WARN_SUSPICIOUS_MOVE = YES;
				CLANG_WARN_UNGUARDED_AVAILABILITY = YES_AGGRESSIVE;
				CLANG_WARN_UNREACHABLE_CODE = YES;
				CLANG_WARN__DUPLICATE_METHOD_MATCH = YES;
				COPY_PHASE_STRIP = NO;
				DEBUG_INFORMATION_FORMAT = dwarf;
				ENABLE_STRICT_OBJC_MSGSEND = YES;
				ENABLE_TESTABILITY = YES;
				ENABLE_USER_SCRIPT_SANDBOXING = NO;
				GCC_C_LANGUAGE_STANDARD = gnu11;
				GCC_DYNAMIC_NO_PIC = NO;
				GCC_NO_COMMON_BLOCKS = YES;
				GCC_OPTIMIZATION_LEVEL = 0;
				GCC_PREPROCESSOR_DEFINITIONS = (
					"DEBUG=1",
					"$(inherited)",
				);
				GCC_WARN_64_TO_32_BIT_CONVERSION = YES;
				GCC_WARN_ABOUT_RETURN_TYPE = YES_ERROR;
				GCC_WARN_UNDECLARED_SELECTOR = YES;
				GCC_WARN_UNINITIALIZED_AUTOS = YES_AGGRESSIVE;
				GCC_WARN_UNUSED_FUNCTION = YES;
				GCC_WARN_UNUSED_VARIABLE = YES;
				IPHONEOS_DEPLOYMENT_TARGET = 15.0;
				MTL_ENABLE_DEBUG_INFO = INCLUDE_SOURCE;
				MTL_FAST_MATH = YES;
				ONLY_ACTIVE_ARCH = YES;
				SDKROOT = iphoneos;
				SWIFT_ACTIVE_COMPILATION_CONDITIONS = DEBUG;
				SWIFT_OPTIMIZATION_LEVEL = "-Onone";
			};
			name = Debug;
		};
		7DA986432598608900BAEAEA /* Release */ = {
			isa = XCBuildConfiguration;
			buildSettings = {
				ALWAYS_SEARCH_USER_PATHS = NO;
				CLANG_ANALYZER_LOCALIZABILITY_NONLOCALIZED = YES;
				CLANG_ANALYZER_NONNULL = YES;
				CLANG_ANALYZER_NUMBER_OBJECT_CONVERSION = YES_AGGRESSIVE;
				CLANG_CXX_LANGUAGE_STANDARD = "gnu++14";
				CLANG_CXX_LIBRARY = "libc++";
				CLANG_ENABLE_MODULES = YES;
				CLANG_ENABLE_OBJC_ARC = YES;
				CLANG_ENABLE_OBJC_WEAK = YES;
				CLANG_WARN_BLOCK_CAPTURE_AUTORELEASING = YES;
				CLANG_WARN_BOOL_CONVERSION = YES;
				CLANG_WARN_COMMA = YES;
				CLANG_WARN_CONSTANT_CONVERSION = YES;
				CLANG_WARN_DEPRECATED_OBJC_IMPLEMENTATIONS = YES;
				CLANG_WARN_DIRECT_OBJC_ISA_USAGE = YES_ERROR;
				CLANG_WARN_DOCUMENTATION_COMMENTS = YES;
				CLANG_WARN_EMPTY_BODY = YES;
				CLANG_WARN_ENUM_CONVERSION = YES;
				CLANG_WARN_INFINITE_RECURSION = YES;
				CLANG_WARN_INT_CONVERSION = YES;
				CLANG_WARN_NON_LITERAL_NULL_CONVERSION = YES;
				CLANG_WARN_OBJC_IMPLICIT_RETAIN_SELF = YES;
				CLANG_WARN_OBJC_LITERAL_CONVERSION = YES;
				CLANG_WARN_OBJC_ROOT_CLASS = YES_ERROR;
				CLANG_WARN_QUOTED_INCLUDE_IN_FRAMEWORK_HEADER = YES;
				CLANG_WARN_RANGE_LOOP_ANALYSIS = YES;
				CLANG_WARN_STRICT_PROTOTYPES = YES;
				CLANG_WARN_SUSPICIOUS_MOVE = YES;
				CLANG_WARN_UNGUARDED_AVAILABILITY = YES_AGGRESSIVE;
				CLANG_WARN_UNREACHABLE_CODE = YES;
				CLANG_WARN__DUPLICATE_METHOD_MATCH = YES;
				COPY_PHASE_STRIP = NO;
				DEBUG_INFORMATION_FORMAT = "dwarf-with-dsym";
				ENABLE_NS_ASSERTIONS = NO;
				ENABLE_STRICT_OBJC_MSGSEND = YES;
				ENABLE_USER_SCRIPT_SANDBOXING = NO;
				GCC_C_LANGUAGE_STANDARD = gnu11;
				GCC_NO_COMMON_BLOCKS = YES;
				GCC_WARN_64_TO_32_BIT_CONVERSION = YES;
				GCC_WARN_ABOUT_RETURN_TYPE = YES_ERROR;
				GCC_WARN_UNDECLARED_SELECTOR = YES;
				GCC_WARN_UNINITIALIZED_AUTOS = YES_AGGRESSIVE;
				GCC_WARN_UNUSED_FUNCTION = YES;
				GCC_WARN_UNUSED_VARIABLE = YES;
				IPHONEOS_DEPLOYMENT_TARGET = 15.0;
				MTL_ENABLE_DEBUG_INFO = NO;
				MTL_FAST_MATH = YES;
				SDKROOT = iphoneos;
				SWIFT_COMPILATION_MODE = wholemodule;
				SWIFT_OPTIMIZATION_LEVEL = "-O";
				VALIDATE_PRODUCT = YES;
			};
			name = Release;
		};
		7DA986452598608900BAEAEA /* Debug */ = {
			isa = XCBuildConfiguration;
			baseConfigurationReference = CB8B00E94D7C414EBE2B8089 /* Pods-GITGET.debug.xcconfig */;
			buildSettings = {
				ASSETCATALOG_COMPILER_APPICON_NAME = AppIcon;
				ASSETCATALOG_COMPILER_GLOBAL_ACCENT_COLOR_NAME = AccentColor;
				CODE_SIGN_ENTITLEMENTS = GITGET/GITGET.entitlements;
				CODE_SIGN_IDENTITY = "Apple Development";
				CODE_SIGN_STYLE = Automatic;
				CURRENT_PROJECT_VERSION = 1;
				DEVELOPMENT_TEAM = 3GBKG7DTJY;
				INFOPLIST_FILE = GITGET/Resource/Info.plist;
				INFOPLIST_KEY_LSApplicationCategoryType = "public.app-category.developer-tools";
				IPHONEOS_DEPLOYMENT_TARGET = 15.0;
				LD_RUNPATH_SEARCH_PATHS = (
					"$(inherited)",
					"@executable_path/Frameworks",
				);
				MARKETING_VERSION = 24.39.0;
				PRODUCT_BUNDLE_IDENTIFIER = kr.devfimuxd.gitget;
				PRODUCT_NAME = "$(TARGET_NAME)";
				PROVISIONING_PROFILE_SPECIFIER = "";
				REGISTER_APP_GROUPS = NO;
				SUPPORTED_PLATFORMS = "iphoneos iphonesimulator";
				SUPPORTS_MACCATALYST = NO;
				SUPPORTS_MAC_DESIGNED_FOR_IPHONE_IPAD = NO;
				SWIFT_VERSION = 5.0;
				TARGETED_DEVICE_FAMILY = "1,2,6";
			};
			name = Debug;
		};
		7DA986462598608900BAEAEA /* Release */ = {
			isa = XCBuildConfiguration;
			baseConfigurationReference = BEF0E3B4406B210DBE6A2D96 /* Pods-GITGET.release.xcconfig */;
			buildSettings = {
				ASSETCATALOG_COMPILER_APPICON_NAME = AppIcon;
				ASSETCATALOG_COMPILER_GLOBAL_ACCENT_COLOR_NAME = AccentColor;
				CODE_SIGN_ENTITLEMENTS = GITGET/GITGET.entitlements;
				CODE_SIGN_IDENTITY = "Apple Development";
				CODE_SIGN_STYLE = Automatic;
				CURRENT_PROJECT_VERSION = 1;
				DEVELOPMENT_TEAM = 3GBKG7DTJY;
				INFOPLIST_FILE = GITGET/Resource/Info.plist;
				INFOPLIST_KEY_LSApplicationCategoryType = "public.app-category.developer-tools";
				IPHONEOS_DEPLOYMENT_TARGET = 15.0;
				LD_RUNPATH_SEARCH_PATHS = (
					"$(inherited)",
					"@executable_path/Frameworks",
				);
				MARKETING_VERSION = 24.39.0;
				PRODUCT_BUNDLE_IDENTIFIER = kr.devfimuxd.gitget;
				PRODUCT_NAME = "$(TARGET_NAME)";
				PROVISIONING_PROFILE_SPECIFIER = "";
				REGISTER_APP_GROUPS = NO;
				SUPPORTED_PLATFORMS = "iphoneos iphonesimulator";
				SUPPORTS_MACCATALYST = NO;
				SUPPORTS_MAC_DESIGNED_FOR_IPHONE_IPAD = NO;
				SWIFT_VERSION = 5.0;
				TARGETED_DEVICE_FAMILY = "1,2,6";
			};
			name = Release;
		};
		7DA986482598608900BAEAEA /* Debug */ = {
			isa = XCBuildConfiguration;
			baseConfigurationReference = 5A481B4CE9B348E71276A022 /* Pods-GITGETTests.debug.xcconfig */;
			buildSettings = {
				BUNDLE_LOADER = "$(TEST_HOST)";
				CODE_SIGN_STYLE = Automatic;
				DEVELOPMENT_TEAM = 3GBKG7DTJY;
				INFOPLIST_FILE = GITGETTests/Info.plist;
				IPHONEOS_DEPLOYMENT_TARGET = 14.3;
				LD_RUNPATH_SEARCH_PATHS = (
					"$(inherited)",
					"@executable_path/Frameworks",
					"@loader_path/Frameworks",
				);
				PRODUCT_BUNDLE_IDENTIFIER = paruku.GITGETTests;
				PRODUCT_NAME = "$(TARGET_NAME)";
				SWIFT_VERSION = 5.0;
				TARGETED_DEVICE_FAMILY = "1,2";
				TEST_HOST = "$(BUILT_PRODUCTS_DIR)/GITGET.app/GITGET";
			};
			name = Debug;
		};
		7DA986492598608900BAEAEA /* Release */ = {
			isa = XCBuildConfiguration;
			baseConfigurationReference = 8B7DD08ECD4C71DA0793F4C3 /* Pods-GITGETTests.release.xcconfig */;
			buildSettings = {
				BUNDLE_LOADER = "$(TEST_HOST)";
				CODE_SIGN_STYLE = Automatic;
				DEVELOPMENT_TEAM = 3GBKG7DTJY;
				INFOPLIST_FILE = GITGETTests/Info.plist;
				IPHONEOS_DEPLOYMENT_TARGET = 14.3;
				LD_RUNPATH_SEARCH_PATHS = (
					"$(inherited)",
					"@executable_path/Frameworks",
					"@loader_path/Frameworks",
				);
				PRODUCT_BUNDLE_IDENTIFIER = paruku.GITGETTests;
				PRODUCT_NAME = "$(TARGET_NAME)";
				SWIFT_VERSION = 5.0;
				TARGETED_DEVICE_FAMILY = "1,2";
				TEST_HOST = "$(BUILT_PRODUCTS_DIR)/GITGET.app/GITGET";
			};
			name = Release;
		};
		7DA98695259862E600BAEAEA /* Debug */ = {
			isa = XCBuildConfiguration;
			baseConfigurationReference = 1D1F2ECF1696E99D4AA818BD /* Pods-GITGET-CONTRIBUTIONSExtension.debug.xcconfig */;
			buildSettings = {
				ASSETCATALOG_COMPILER_GLOBAL_ACCENT_COLOR_NAME = AccentColor;
				ASSETCATALOG_COMPILER_WIDGET_BACKGROUND_COLOR_NAME = WidgetBackground;
				CODE_SIGN_ENTITLEMENTS = CONTRIBUTIONSExtension.entitlements;
				CODE_SIGN_IDENTITY = "Apple Development";
				CODE_SIGN_STYLE = Automatic;
				CURRENT_PROJECT_VERSION = 1;
				DEVELOPMENT_TEAM = 3GBKG7DTJY;
				INFOPLIST_FILE = CONTRIBUTIONS/Resource/Info.plist;
				INTENTS_CODEGEN_LANGUAGE = Swift;
				IPHONEOS_DEPLOYMENT_TARGET = 15.0;
				LD_RUNPATH_SEARCH_PATHS = (
					"$(inherited)",
					"@executable_path/Frameworks",
					"@executable_path/../../Frameworks",
				);
				MARKETING_VERSION = 24.39.0;
				PRODUCT_BUNDLE_IDENTIFIER = kr.devfimuxd.gitget.widget;
				PRODUCT_NAME = "$(TARGET_NAME)";
				PROVISIONING_PROFILE_SPECIFIER = "";
				SKIP_INSTALL = YES;
				SUPPORTS_MACCATALYST = NO;
				SUPPORTS_MAC_DESIGNED_FOR_IPHONE_IPAD = YES;
				SWIFT_VERSION = 5.0;
				TARGETED_DEVICE_FAMILY = "1,2";
			};
			name = Debug;
		};
		7DA98696259862E600BAEAEA /* Release */ = {
			isa = XCBuildConfiguration;
			baseConfigurationReference = 09BDBC533C1B5654DC9E3995 /* Pods-GITGET-CONTRIBUTIONSExtension.release.xcconfig */;
			buildSettings = {
				ASSETCATALOG_COMPILER_GLOBAL_ACCENT_COLOR_NAME = AccentColor;
				ASSETCATALOG_COMPILER_WIDGET_BACKGROUND_COLOR_NAME = WidgetBackground;
				CODE_SIGN_ENTITLEMENTS = CONTRIBUTIONSExtension.entitlements;
				CODE_SIGN_IDENTITY = "Apple Development";
				CODE_SIGN_STYLE = Automatic;
				CURRENT_PROJECT_VERSION = 1;
				DEVELOPMENT_TEAM = 3GBKG7DTJY;
				INFOPLIST_FILE = CONTRIBUTIONS/Resource/Info.plist;
				INTENTS_CODEGEN_LANGUAGE = Swift;
				IPHONEOS_DEPLOYMENT_TARGET = 15.0;
				LD_RUNPATH_SEARCH_PATHS = (
					"$(inherited)",
					"@executable_path/Frameworks",
					"@executable_path/../../Frameworks",
				);
				MARKETING_VERSION = 24.39.0;
				PRODUCT_BUNDLE_IDENTIFIER = kr.devfimuxd.gitget.widget;
				PRODUCT_NAME = "$(TARGET_NAME)";
				PROVISIONING_PROFILE_SPECIFIER = "";
				SKIP_INSTALL = YES;
				SUPPORTS_MACCATALYST = NO;
				SUPPORTS_MAC_DESIGNED_FOR_IPHONE_IPAD = YES;
				SWIFT_VERSION = 5.0;
				TARGETED_DEVICE_FAMILY = "1,2";
			};
			name = Release;
		};
/* End XCBuildConfiguration section */

/* Begin XCConfigurationList section */
		7DA986122598608700BAEAEA /* Build configuration list for PBXProject "GITGET" */ = {
			isa = XCConfigurationList;
			buildConfigurations = (
				7DA986422598608900BAEAEA /* Debug */,
				7DA986432598608900BAEAEA /* Release */,
			);
			defaultConfigurationIsVisible = 0;
			defaultConfigurationName = Release;
		};
		7DA986442598608900BAEAEA /* Build configuration list for PBXNativeTarget "GITGET" */ = {
			isa = XCConfigurationList;
			buildConfigurations = (
				7DA986452598608900BAEAEA /* Debug */,
				7DA986462598608900BAEAEA /* Release */,
			);
			defaultConfigurationIsVisible = 0;
			defaultConfigurationName = Release;
		};
		7DA986472598608900BAEAEA /* Build configuration list for PBXNativeTarget "GITGETTests" */ = {
			isa = XCConfigurationList;
			buildConfigurations = (
				7DA986482598608900BAEAEA /* Debug */,
				7DA986492598608900BAEAEA /* Release */,
			);
			defaultConfigurationIsVisible = 0;
			defaultConfigurationName = Release;
		};
		7DA98694259862E600BAEAEA /* Build configuration list for PBXNativeTarget "CONTRIBUTIONSExtension" */ = {
			isa = XCConfigurationList;
			buildConfigurations = (
				7DA98695259862E600BAEAEA /* Debug */,
				7DA98696259862E600BAEAEA /* Release */,
			);
			defaultConfigurationIsVisible = 0;
			defaultConfigurationName = Release;
		};
/* End XCConfigurationList section */
	};
	rootObject = 7DA9860F2598608700BAEAEA /* Project object */;
}
