// !$*UTF8*$!
{
	archiveVersion = 1;
	classes = {
	};
	objectVersion = 70;
	objects = {

/* Begin PBXBuildFile section */
		7DA98685259862E500BAEAEA /* WidgetKit.framework in Frameworks */ = {isa = PBXBuildFile; fileRef = 7DA98684259862E500BAEAEA /* WidgetKit.framework */; };
		7DA98687259862E500BAEAEA /* SwiftUI.framework in Frameworks */ = {isa = PBXBuildFile; fileRef = 7DA98686259862E500BAEAEA /* SwiftUI.framework */; };
		7DA98693259862E600BAEAEA /* CONTRIBUTIONSExtension.appex in Embed Foundation Extensions */ = {isa = PBXBuildFile; fileRef = 7DA98683259862E500BAEAEA /* CONTRIBUTIONSExtension.appex */; settings = {ATTRIBUTES = (RemoveHeadersOnCopy, ); }; };
		7DE137F02CB364AE008165B5 /* SwiftSoup in Frameworks */ = {isa = PBXBuildFile; productRef = 7DE137EF2CB364AE008165B5 /* SwiftSoup */; };
		7DE138042CB36680008165B5 /* SwiftSoup in Frameworks */ = {isa = PBXBuildFile; productRef = 7DE138032CB36680008165B5 /* SwiftSoup */; };
		7DE138112CB36A58008165B5 /* Alamofire in Frameworks */ = {isa = PBXBuildFile; productRef = 7DE138102CB36A58008165B5 /* Alamofire */; };
		7DE1381C2CB37250008165B5 /* Alamofire in Frameworks */ = {isa = PBXBuildFile; productRef = 7DE1381B2CB37250008165B5 /* Alamofire */; };
		B10000072598608900BAEAEA /* GITGETUITestCase.swift in Sources */ = {isa = PBXBuildFile; fileRef = B10000022598608900BAEAEA /* GITGETUITestCase.swift */; };
		B10000082598608900BAEAEA /* SettingFlowUITests.swift in Sources */ = {isa = PBXBuildFile; fileRef = B10000032598608900BAEAEA /* SettingFlowUITests.swift */; };
		B10000092598608900BAEAEA /* WidgetSmokeUITests.swift in Sources */ = {isa = PBXBuildFile; fileRef = B10000042598608900BAEAEA /* WidgetSmokeUITests.swift */; };
/* End PBXBuildFile section */

/* Begin PBXContainerItemProxy section */
		7DA986312598608900BAEAEA /* PBXContainerItemProxy */ = {
			isa = PBXContainerItemProxy;
			containerPortal = 7DA9860F2598608700BAEAEA /* Project object */;
			proxyType = 1;
			remoteGlobalIDString = 7DA986162598608700BAEAEA;
			remoteInfo = GITGET;
		};
		7DA98691259862E600BAEAEA /* PBXContainerItemProxy */ = {
			isa = PBXContainerItemProxy;
			containerPortal = 7DA9860F2598608700BAEAEA /* Project object */;
			proxyType = 1;
			remoteGlobalIDString = 7DA98682259862E500BAEAEA;
			remoteInfo = CONTRIBUTIONSExtension;
		};
		B10000102598608900BAEAEA /* PBXContainerItemProxy */ = {
			isa = PBXContainerItemProxy;
			containerPortal = 7DA9860F2598608700BAEAEA /* Project object */;
			proxyType = 1;
			remoteGlobalIDString = 7DA986162598608700BAEAEA;
			remoteInfo = GITGET;
		};
/* End PBXContainerItemProxy section */

/* Begin PBXCopyFilesBuildPhase section */
		7DA98697259862E600BAEAEA /* Embed Foundation Extensions */ = {
			isa = PBXCopyFilesBuildPhase;
			buildActionMask = 2147483647;
			dstPath = "";
			dstSubfolderSpec = 13;
			files = (
				7DA98693259862E600BAEAEA /* CONTRIBUTIONSExtension.appex in Embed Foundation Extensions */,
			);
			name = "Embed Foundation Extensions";
			runOnlyForDeploymentPostprocessing = 0;
		};
/* End PBXCopyFilesBuildPhase section */

/* Begin PBXFileReference section */
		7DA986172598608700BAEAEA /* GITGET.app */ = {isa = PBXFileReference; explicitFileType = wrapper.application; includeInIndex = 0; path = GITGET.app; sourceTree = BUILT_PRODUCTS_DIR; };
		7DA986302598608900BAEAEA /* GITGETTests.xctest */ = {isa = PBXFileReference; explicitFileType = wrapper.cfbundle; includeInIndex = 0; path = GITGETTests.xctest; sourceTree = BUILT_PRODUCTS_DIR; };
		7DA98683259862E500BAEAEA /* CONTRIBUTIONSExtension.appex */ = {isa = PBXFileReference; explicitFileType = "wrapper.app-extension"; includeInIndex = 0; path = CONTRIBUTIONSExtension.appex; sourceTree = BUILT_PRODUCTS_DIR; };
		7DA98684259862E500BAEAEA /* WidgetKit.framework */ = {isa = PBXFileReference; lastKnownFileType = wrapper.framework; name = WidgetKit.framework; path = System/Library/Frameworks/WidgetKit.framework; sourceTree = SDKROOT; };
		7DA98686259862E500BAEAEA /* SwiftUI.framework */ = {isa = PBXFileReference; lastKnownFileType = wrapper.framework; name = SwiftUI.framework; path = System/Library/Frameworks/SwiftUI.framework; sourceTree = SDKROOT; };
		7DED5B3B25B072C400C9574E /* CONTRIBUTIONSExtension.entitlements */ = {isa = PBXFileReference; lastKnownFileType = text.plist.entitlements; path = CONTRIBUTIONSExtension.entitlements; sourceTree = "<group>"; };
		B10000012598608900BAEAEA /* GITGETUITests.xctest */ = {isa = PBXFileReference; explicitFileType = wrapper.cfbundle; includeInIndex = 0; path = GITGETUITests.xctest; sourceTree = BUILT_PRODUCTS_DIR; };
		B10000022598608900BAEAEA /* GITGETUITestCase.swift */ = {isa = PBXFileReference; lastKnownFileType = sourcecode.swift; path = GITGETUITestCase.swift; sourceTree = "<group>"; };
		B10000032598608900BAEAEA /* SettingFlowUITests.swift */ = {isa = PBXFileReference; lastKnownFileType = sourcecode.swift; path = SettingFlowUITests.swift; sourceTree = "<group>"; };
		B10000042598608900BAEAEA /* WidgetSmokeUITests.swift */ = {isa = PBXFileReference; lastKnownFileType = sourcecode.swift; path = WidgetSmokeUITests.swift; sourceTree = "<group>"; };
		B10000052598608900BAEAEA /* Info.plist */ = {isa = PBXFileReference; lastKnownFileType = text.plist.xml; path = Info.plist; sourceTree = "<group>"; };
/* End PBXFileReference section */

/* Begin PBXFileSystemSynchronizedBuildFileExceptionSet section */
		92A000000000000000000001 /* PBXFileSystemSynchronizedBuildFileExceptionSet */ = {
			isa = PBXFileSystemSynchronizedBuildFileExceptionSet;
			membershipExceptions = (
				Resource/GITGET.xcdatamodeld,
				Resource/Info.plist,
			);
			target = 7DA986162598608700BAEAEA /* GITGET */;
		};
		92A000000000000000000002 /* PBXFileSystemSynchronizedBuildFileExceptionSet */ = {
			isa = PBXFileSystemSynchronizedBuildFileExceptionSet;
			membershipExceptions = (
				Info.plist,
			);
			target = 7DA9862F2598608900BAEAEA /* GITGETTests */;
		};
		92A000000000000000000003 /* PBXFileSystemSynchronizedBuildFileExceptionSet */ = {
			isa = PBXFileSystemSynchronizedBuildFileExceptionSet;
			membershipExceptions = (
				Extension/ViewExtension.swift,
				Resource/Info.plist,
				Resource/Localizable.stringsdict,
				Widget/Bundle/GitHubContributionsWidget.swift,
				Widget/Bundle/GitHubContributionsWidgetBundle.swift,
				Widget/Presentation/GitHubContributionsWidgetEntryView.swift,
			);
			target = 7DA986162598608700BAEAEA /* GITGET */;
		};
		92A000000000000000000004 /* PBXFileSystemSynchronizedBuildFileExceptionSet */ = {
			isa = PBXFileSystemSynchronizedBuildFileExceptionSet;
			membershipExceptions = (
				Extension/ViewExtension.swift,
				Resource/Info.plist,
			);
			target = 7DA98682259862E500BAEAEA /* CONTRIBUTIONSExtension */;
		};
/* End PBXFileSystemSynchronizedBuildFileExceptionSet section */

/* Begin PBXFileSystemSynchronizedRootGroup section */
		7DA986192598608700BAEAEA /* GITGET */ = {isa = PBXFileSystemSynchronizedRootGroup; exceptions = (92A000000000000000000001 /* PBXFileSystemSynchronizedBuildFileExceptionSet */, ); explicitFileTypes = {}; explicitFolders = (); path = GITGET; sourceTree = "<group>"; };
		7DA986332598608900BAEAEA /* GITGETTests */ = {isa = PBXFileSystemSynchronizedRootGroup; exceptions = (92A000000000000000000002 /* PBXFileSystemSynchronizedBuildFileExceptionSet */, ); explicitFileTypes = {}; explicitFolders = (); path = GITGETTests; sourceTree = "<group>"; };
		7DA98688259862E500BAEAEA /* CONTRIBUTIONS */ = {isa = PBXFileSystemSynchronizedRootGroup; exceptions = (92A000000000000000000003 /* PBXFileSystemSynchronizedBuildFileExceptionSet */, 92A000000000000000000004 /* PBXFileSystemSynchronizedBuildFileExceptionSet */, ); explicitFileTypes = {}; explicitFolders = (); path = CONTRIBUTIONS; sourceTree = "<group>"; };
/* End PBXFileSystemSynchronizedRootGroup section */

/* Begin PBXFrameworksBuildPhase section */
		7DA986142598608700BAEAEA /* Frameworks */ = {
			isa = PBXFrameworksBuildPhase;
			buildActionMask = 2147483647;
			files = (
				7DE138112CB36A58008165B5 /* Alamofire in Frameworks */,
				7DE137F02CB364AE008165B5 /* SwiftSoup in Frameworks */,
			);
			runOnlyForDeploymentPostprocessing = 0;
		};
		7DA9862D2598608900BAEAEA /* Frameworks */ = {
			isa = PBXFrameworksBuildPhase;
			buildActionMask = 2147483647;
			files = (
			);
			runOnlyForDeploymentPostprocessing = 0;
		};
		7DA98680259862E500BAEAEA /* Frameworks */ = {
			isa = PBXFrameworksBuildPhase;
			buildActionMask = 2147483647;
			files = (
				7DA98687259862E500BAEAEA /* SwiftUI.framework in Frameworks */,
				7DE1381C2CB37250008165B5 /* Alamofire in Frameworks */,
				7DA98685259862E500BAEAEA /* WidgetKit.framework in Frameworks */,
				7DE138042CB36680008165B5 /* SwiftSoup in Frameworks */,
			);
			runOnlyForDeploymentPostprocessing = 0;
		};
		B10000112598608900BAEAEA /* Frameworks */ = {
			isa = PBXFrameworksBuildPhase;
			buildActionMask = 2147483647;
			files = (
			);
			runOnlyForDeploymentPostprocessing = 0;
		};
/* End PBXFrameworksBuildPhase section */

/* Begin PBXGroup section */
		7DA9860E2598608700BAEAEA = {
			isa = PBXGroup;
			children = (
				7DED5B3B25B072C400C9574E /* CONTRIBUTIONSExtension.entitlements */,
				7DA986192598608700BAEAEA /* GITGET */,
				7DA986332598608900BAEAEA /* GITGETTests */,
				B10000062598608900BAEAEA /* GITGETUITests */,
				7DA98688259862E500BAEAEA /* CONTRIBUTIONS */,
				7DA986182598608700BAEAEA /* Products */,
				F8ECE382115E72FE1FCFD38C /* Frameworks */,
			);
			sourceTree = "<group>";
		};
		7DA986182598608700BAEAEA /* Products */ = {
			isa = PBXGroup;
			children = (
				7DA986172598608700BAEAEA /* GITGET.app */,
				7DA986302598608900BAEAEA /* GITGETTests.xctest */,
				B10000012598608900BAEAEA /* GITGETUITests.xctest */,
				7DA98683259862E500BAEAEA /* CONTRIBUTIONSExtension.appex */,
			);
			name = Products;
			sourceTree = "<group>";
		};
		B10000062598608900BAEAEA /* GITGETUITests */ = {
			isa = PBXGroup;
			children = (
				B10000022598608900BAEAEA /* GITGETUITestCase.swift */,
				B10000032598608900BAEAEA /* SettingFlowUITests.swift */,
				B10000042598608900BAEAEA /* WidgetSmokeUITests.swift */,
				B10000052598608900BAEAEA /* Info.plist */,
			);
			path = GITGETUITests;
			sourceTree = "<group>";
		};
		F8ECE382115E72FE1FCFD38C /* Frameworks */ = {
			isa = PBXGroup;
			children = (
				7DA98684259862E500BAEAEA /* WidgetKit.framework */,
				7DA98686259862E500BAEAEA /* SwiftUI.framework */,
			);
			name = Frameworks;
			sourceTree = "<group>";
		};
/* End PBXGroup section */

/* Begin PBXNativeTarget section */
		7DA986162598608700BAEAEA /* GITGET */ = {
			isa = PBXNativeTarget;
			buildConfigurationList = 7DA986442598608900BAEAEA /* Build configuration list for PBXNativeTarget "GITGET" */;
			buildPhases = (
				7DA986132598608700BAEAEA /* Sources */,
				7DA986142598608700BAEAEA /* Frameworks */,
				7DA986152598608700BAEAEA /* Resources */,
				7DA98697259862E600BAEAEA /* Embed Foundation Extensions */,
			);
			buildRules = (
			);
			dependencies = (
				7DA98692259862E600BAEAEA /* PBXTargetDependency */,
			);
			fileSystemSynchronizedGroups = (
				7DA986192598608700BAEAEA /* GITGET */,
				7DA98688259862E500BAEAEA /* CONTRIBUTIONS */,
			);
			name = GITGET;
			productName = GITGET;
			productReference = 7DA986172598608700BAEAEA /* GITGET.app */;
			productType = "com.apple.product-type.application";
		};
		7DA9862F2598608900BAEAEA /* GITGETTests */ = {
			isa = PBXNativeTarget;
			buildConfigurationList = 7DA986472598608900BAEAEA /* Build configuration list for PBXNativeTarget "GITGETTests" */;
			buildPhases = (
				7DA9862C2598608900BAEAEA /* Sources */,
				7DA9862D2598608900BAEAEA /* Frameworks */,
				7DA9862E2598608900BAEAEA /* Resources */,
			);
			buildRules = (
			);
			dependencies = (
				7DA986322598608900BAEAEA /* PBXTargetDependency */,
			);
			fileSystemSynchronizedGroups = (
				7DA986332598608900BAEAEA /* GITGETTests */,
			);
			name = GITGETTests;
			productName = GITGETTests;
			productReference = 7DA986302598608900BAEAEA /* GITGETTests.xctest */;
			productType = "com.apple.product-type.bundle.unit-test";
		};
		7DA98682259862E500BAEAEA /* CONTRIBUTIONSExtension */ = {
			isa = PBXNativeTarget;
			buildConfigurationList = 7DA98694259862E600BAEAEA /* Build configuration list for PBXNativeTarget "CONTRIBUTIONSExtension" */;
			buildPhases = (
				7DA9867F259862E500BAEAEA /* Sources */,
				7DA98680259862E500BAEAEA /* Frameworks */,
				7DA98681259862E500BAEAEA /* Resources */,
			);
			buildRules = (
			);
			dependencies = (
			);
			fileSystemSynchronizedGroups = (
				7DA98688259862E500BAEAEA /* CONTRIBUTIONS */,
			);
			name = CONTRIBUTIONSExtension;
			productName = CONTRIBUTIONSExtension;
			productReference = 7DA98683259862E500BAEAEA /* CONTRIBUTIONSExtension.appex */;
			productType = "com.apple.product-type.app-extension";
		};
		B10000122598608900BAEAEA /* GITGETUITests */ = {
			isa = PBXNativeTarget;
			buildConfigurationList = B10000162598608900BAEAEA /* Build configuration list for PBXNativeTarget "GITGETUITests" */;
			buildPhases = (
				B10000142598608900BAEAEA /* Sources */,
				B10000112598608900BAEAEA /* Frameworks */,
				B10000132598608900BAEAEA /* Resources */,
			);
			buildRules = (
			);
			dependencies = (
				B10000152598608900BAEAEA /* PBXTargetDependency */,
			);
			name = GITGETUITests;
			productName = GITGETUITests;
			productReference = B10000012598608900BAEAEA /* GITGETUITests.xctest */;
			productType = "com.apple.product-type.bundle.ui-testing";
		};
/* End PBXNativeTarget section */

/* Begin PBXProject section */
		7DA9860F2598608700BAEAEA /* Project object */ = {
			isa = PBXProject;
			attributes = {
				BuildIndependentTargetsInParallel = YES;
				LastSwiftUpdateCheck = 1230;
				LastUpgradeCheck = 1600;
				TargetAttributes = {
					7DA986162598608700BAEAEA = {
						CreatedOnToolsVersion = 12.3;
					};
					7DA9862F2598608900BAEAEA = {
						CreatedOnToolsVersion = 12.3;
						TestTargetID = 7DA986162598608700BAEAEA;
					};
					7DA98682259862E500BAEAEA = {
						CreatedOnToolsVersion = 12.3;
					};
					B10000122598608900BAEAEA = {
						CreatedOnToolsVersion = 16.0;
						TestTargetID = 7DA986162598608700BAEAEA;
					};
				};
			};
			buildConfigurationList = 7DA986122598608700BAEAEA /* Build configuration list for PBXProject "GITGET" */;
			compatibilityVersion = "Xcode 9.3";
			developmentRegion = en;
			hasScannedForEncodings = 0;
			knownRegions = (
				en,
				Base,
				ko,
			);
			mainGroup = 7DA9860E2598608700BAEAEA;
			packageReferences = (
				7DE137EE2CB364AE008165B5 /* XCRemoteSwiftPackageReference "SwiftSoup" */,
				7DE1380F2CB36A58008165B5 /* XCRemoteSwiftPackageReference "Alamofire" */,
			);
			productRefGroup = 7DA986182598608700BAEAEA /* Products */;
			projectDirPath = "";
			projectRoot = "";
			targets = (
				7DA986162598608700BAEAEA /* GITGET */,
				7DA9862F2598608900BAEAEA /* GITGETTests */,
				B10000122598608900BAEAEA /* GITGETUITests */,
				7DA98682259862E500BAEAEA /* CONTRIBUTIONSExtension */,
			);
		};
/* End PBXProject section */

/* Begin PBXResourcesBuildPhase section */
		7DA986152598608700BAEAEA /* Resources */ = {
			isa = PBXResourcesBuildPhase;
			buildActionMask = 2147483647;
			files = (
			);
			runOnlyForDeploymentPostprocessing = 0;
		};
		7DA9862E2598608900BAEAEA /* Resources */ = {
			isa = PBXResourcesBuildPhase;
			buildActionMask = 2147483647;
			files = (
			);
			runOnlyForDeploymentPostprocessing = 0;
		};
		7DA98681259862E500BAEAEA /* Resources */ = {
			isa = PBXResourcesBuildPhase;
			buildActionMask = 2147483647;
			files = (
			);
			runOnlyForDeploymentPostprocessing = 0;
		};
		B10000132598608900BAEAEA /* Resources */ = {
			isa = PBXResourcesBuildPhase;
			buildActionMask = 2147483647;
			files = (
			);
			runOnlyForDeploymentPostprocessing = 0;
		};
/* End PBXResourcesBuildPhase section */

/* Begin PBXSourcesBuildPhase section */
		7DA986132598608700BAEAEA /* Sources */ = {
			isa = PBXSourcesBuildPhase;
			buildActionMask = 2147483647;
			files = (
			);
			runOnlyForDeploymentPostprocessing = 0;
		};
		7DA9862C2598608900BAEAEA /* Sources */ = {
			isa = PBXSourcesBuildPhase;
			buildActionMask = 2147483647;
			files = (
			);
			runOnlyForDeploymentPostprocessing = 0;
		};
		7DA9867F259862E500BAEAEA /* Sources */ = {
			isa = PBXSourcesBuildPhase;
			buildActionMask = 2147483647;
			files = (
			);
			runOnlyForDeploymentPostprocessing = 0;
		};
		B10000142598608900BAEAEA /* Sources */ = {
			isa = PBXSourcesBuildPhase;
			buildActionMask = 2147483647;
			files = (
				B10000072598608900BAEAEA /* GITGETUITestCase.swift in Sources */,
				B10000082598608900BAEAEA /* SettingFlowUITests.swift in Sources */,
				B10000092598608900BAEAEA /* WidgetSmokeUITests.swift in Sources */,
			);
			runOnlyForDeploymentPostprocessing = 0;
		};
/* End PBXSourcesBuildPhase section */

/* Begin PBXTargetDependency section */
		7DA986322598608900BAEAEA /* PBXTargetDependency */ = {
			isa = PBXTargetDependency;
			target = 7DA986162598608700BAEAEA /* GITGET */;
			targetProxy = 7DA986312598608900BAEAEA /* PBXContainerItemProxy */;
		};
		7DA98692259862E600BAEAEA /* PBXTargetDependency */ = {
			isa = PBXTargetDependency;
			target = 7DA98682259862E500BAEAEA /* CONTRIBUTIONSExtension */;
			targetProxy = 7DA98691259862E600BAEAEA /* PBXContainerItemProxy */;
		};
		B10000152598608900BAEAEA /* PBXTargetDependency */ = {
			isa = PBXTargetDependency;
			target = 7DA986162598608700BAEAEA /* GITGET */;
			targetProxy = B10000102598608900BAEAEA /* PBXContainerItemProxy */;
		};
/* End PBXTargetDependency section */

/* Begin XCBuildConfiguration section */
		7DA986422598608900BAEAEA /* Debug */ = {
			isa = XCBuildConfiguration;
			buildSettings = {
				ALWAYS_SEARCH_USER_PATHS = NO;
				CLANG_ANALYZER_LOCALIZABILITY_NONLOCALIZED = YES;
				CLANG_ANALYZER_NONNULL = YES;
				CLANG_ANALYZER_NUMBER_OBJECT_CONVERSION = YES_AGGRESSIVE;
				CLANG_CXX_LANGUAGE_STANDARD = "gnu++14";
				CLANG_CXX_LIBRARY = "libc++";
				CLANG_ENABLE_MODULES = YES;
				CLANG_ENABLE_OBJC_ARC = YES;
				CLANG_ENABLE_OBJC_WEAK = YES;
				CLANG_WARN_BLOCK_CAPTURE_AUTORELEASING = YES;
				CLANG_WARN_BOOL_CONVERSION = YES;
				CLANG_WARN_COMMA = YES;
				CLANG_WARN_CONSTANT_CONVERSION = YES;
				CLANG_WARN_DEPRECATED_OBJC_IMPLEMENTATIONS = YES;
				CLANG_WARN_DIRECT_OBJC_ISA_USAGE = YES_ERROR;
				CLANG_WARN_DOCUMENTATION_COMMENTS = YES;
				CLANG_WARN_EMPTY_BODY = YES;
				CLANG_WARN_ENUM_CONVERSION = YES;
				CLANG_WARN_INFINITE_RECURSION = YES;
				CLANG_WARN_INT_CONVERSION = YES;
				CLANG_WARN_NON_LITERAL_NULL_CONVERSION = YES;
				CLANG_WARN_OBJC_IMPLICIT_RETAIN_SELF = YES;
				CLANG_WARN_OBJC_LITERAL_CONVERSION = YES;
				CLANG_WARN_OBJC_ROOT_CLASS = YES_ERROR;
				CLANG_WARN_QUOTED_INCLUDE_IN_FRAMEWORK_HEADER = YES;
				CLANG_WARN_RANGE_LOOP_ANALYSIS = YES;
				CLANG_WARN_STRICT_PROTOTYPES = YES;
				CLANG_WARN_SUSPICIOUS_MOVE = YES;
				CLANG_WARN_UNGUARDED_AVAILABILITY = YES_AGGRESSIVE;
				CLANG_WARN_UNREACHABLE_CODE = YES;
				CLANG_WARN__DUPLICATE_METHOD_MATCH = YES;
				COPY_PHASE_STRIP = NO;
				DEBUG_INFORMATION_FORMAT = dwarf;
				ENABLE_STRICT_OBJC_MSGSEND = YES;
				ENABLE_TESTABILITY = YES;
				ENABLE_USER_SCRIPT_SANDBOXING = NO;
				GCC_C_LANGUAGE_STANDARD = gnu11;
				GCC_DYNAMIC_NO_PIC = NO;
				GCC_NO_COMMON_BLOCKS = YES;
				GCC_OPTIMIZATION_LEVEL = 0;
				GCC_PREPROCESSOR_DEFINITIONS = (
					"DEBUG=1",
					"$(inherited)",
				);
				GCC_WARN_64_TO_32_BIT_CONVERSION = YES;
				GCC_WARN_ABOUT_RETURN_TYPE = YES_ERROR;
				GCC_WARN_UNDECLARED_SELECTOR = YES;
				GCC_WARN_UNINITIALIZED_AUTOS = YES_AGGRESSIVE;
				GCC_WARN_UNUSED_FUNCTION = YES;
				GCC_WARN_UNUSED_VARIABLE = YES;
				IPHONEOS_DEPLOYMENT_TARGET = 15.0;
				MTL_ENABLE_DEBUG_INFO = INCLUDE_SOURCE;
				MTL_FAST_MATH = YES;
				ONLY_ACTIVE_ARCH = YES;
				SDKROOT = iphoneos;
				SWIFT_ACTIVE_COMPILATION_CONDITIONS = DEBUG;
				SWIFT_OPTIMIZATION_LEVEL = "-Onone";
			};
			name = Debug;
		};
		7DA986432598608900BAEAEA /* Release */ = {
			isa = XCBuildConfiguration;
			buildSettings = {
				ALWAYS_SEARCH_USER_PATHS = NO;
				CLANG_ANALYZER_LOCALIZABILITY_NONLOCALIZED = YES;
				CLANG_ANALYZER_NONNULL = YES;
				CLANG_ANALYZER_NUMBER_OBJECT_CONVERSION = YES_AGGRESSIVE;
				CLANG_CXX_LANGUAGE_STANDARD = "gnu++14";
				CLANG_CXX_LIBRARY = "libc++";
				CLANG_ENABLE_MODULES = YES;
				CLANG_ENABLE_OBJC_ARC = YES;
				CLANG_ENABLE_OBJC_WEAK = YES;
				CLANG_WARN_BLOCK_CAPTURE_AUTORELEASING = YES;
				CLANG_WARN_BOOL_CONVERSION = YES;
				CLANG_WARN_COMMA = YES;
				CLANG_WARN_CONSTANT_CONVERSION = YES;
				CLANG_WARN_DEPRECATED_OBJC_IMPLEMENTATIONS = YES;
				CLANG_WARN_DIRECT_OBJC_ISA_USAGE = YES_ERROR;
				CLANG_WARN_DOCUMENTATION_COMMENTS = YES;
				CLANG_WARN_EMPTY_BODY = YES;
				CLANG_WARN_ENUM_CONVERSION = YES;
				CLANG_WARN_INFINITE_RECURSION = YES;
				CLANG_WARN_INT_CONVERSION = YES;
				CLANG_WARN_NON_LITERAL_NULL_CONVERSION = YES;
				CLANG_WARN_OBJC_IMPLICIT_RETAIN_SELF = YES;
				CLANG_WARN_OBJC_LITERAL_CONVERSION = YES;
				CLANG_WARN_OBJC_ROOT_CLASS = YES_ERROR;
				CLANG_WARN_QUOTED_INCLUDE_IN_FRAMEWORK_HEADER = YES;
				CLANG_WARN_RANGE_LOOP_ANALYSIS = YES;
				CLANG_WARN_STRICT_PROTOTYPES = YES;
				CLANG_WARN_SUSPICIOUS_MOVE = YES;
				CLANG_WARN_UNGUARDED_AVAILABILITY = YES_AGGRESSIVE;
				CLANG_WARN_UNREACHABLE_CODE = YES;
				CLANG_WARN__DUPLICATE_METHOD_MATCH = YES;
				COPY_PHASE_STRIP = NO;
				DEBUG_INFORMATION_FORMAT = "dwarf-with-dsym";
				ENABLE_NS_ASSERTIONS = NO;
				ENABLE_STRICT_OBJC_MSGSEND = YES;
				ENABLE_USER_SCRIPT_SANDBOXING = NO;
				GCC_C_LANGUAGE_STANDARD = gnu11;
				GCC_NO_COMMON_BLOCKS = YES;
				GCC_WARN_64_TO_32_BIT_CONVERSION = YES;
				GCC_WARN_ABOUT_RETURN_TYPE = YES_ERROR;
				GCC_WARN_UNDECLARED_SELECTOR = YES;
				GCC_WARN_UNINITIALIZED_AUTOS = YES_AGGRESSIVE;
				GCC_WARN_UNUSED_FUNCTION = YES;
				GCC_WARN_UNUSED_VARIABLE = YES;
				IPHONEOS_DEPLOYMENT_TARGET = 15.0;
				MTL_ENABLE_DEBUG_INFO = NO;
				MTL_FAST_MATH = YES;
				SDKROOT = iphoneos;
				SWIFT_COMPILATION_MODE = wholemodule;
				SWIFT_OPTIMIZATION_LEVEL = "-O";
				VALIDATE_PRODUCT = YES;
			};
			name = Release;
		};
		7DA986452598608900BAEAEA /* Debug */ = {
			isa = XCBuildConfiguration;
			buildSettings = {
				ASSETCATALOG_COMPILER_APPICON_NAME = AppIcon;
				ASSETCATALOG_COMPILER_GLOBAL_ACCENT_COLOR_NAME = AccentColor;
				CODE_SIGN_ENTITLEMENTS = GITGET/GITGET.entitlements;
				CODE_SIGN_IDENTITY = "Apple Development";
				CODE_SIGN_STYLE = Automatic;
				CURRENT_PROJECT_VERSION = 1;
				DEVELOPMENT_TEAM = FXHH879257;
				INFOPLIST_FILE = GITGET/Resource/Info.plist;
				INFOPLIST_KEY_LSApplicationCategoryType = "public.app-category.developer-tools";
				IPHONEOS_DEPLOYMENT_TARGET = 18.6;
				LD_RUNPATH_SEARCH_PATHS = (
					"$(inherited)",
					"@executable_path/Frameworks",
				);
				MARKETING_VERSION = 24.39.0;
				PRODUCT_BUNDLE_IDENTIFIER = kr.devfimuxd.gitget.0;
				PRODUCT_NAME = "$(TARGET_NAME)";
				PROVISIONING_PROFILE_SPECIFIER = "";
				REGISTER_APP_GROUPS = NO;
				SUPPORTED_PLATFORMS = "iphoneos iphonesimulator";
				SUPPORTS_MACCATALYST = NO;
				SUPPORTS_MAC_DESIGNED_FOR_IPHONE_IPAD = NO;
				SWIFT_VERSION = 5.0;
				TARGETED_DEVICE_FAMILY = "1,2,6";
			};
			name = Debug;
		};
		7DA986462598608900BAEAEA /* Release */ = {
			isa = XCBuildConfiguration;
			buildSettings = {
				ASSETCATALOG_COMPILER_APPICON_NAME = AppIcon;
				ASSETCATALOG_COMPILER_GLOBAL_ACCENT_COLOR_NAME = AccentColor;
				CODE_SIGN_ENTITLEMENTS = GITGET/GITGET.entitlements;
				CODE_SIGN_IDENTITY = "Apple Development";
				CODE_SIGN_STYLE = Automatic;
				CURRENT_PROJECT_VERSION = 1;
				DEVELOPMENT_TEAM = FXHH879257;
				INFOPLIST_FILE = GITGET/Resource/Info.plist;
				INFOPLIST_KEY_LSApplicationCategoryType = "public.app-category.developer-tools";
				IPHONEOS_DEPLOYMENT_TARGET = 18.6;
				LD_RUNPATH_SEARCH_PATHS = (
					"$(inherited)",
					"@executable_path/Frameworks",
				);
				MARKETING_VERSION = 24.39.0;
				PRODUCT_BUNDLE_IDENTIFIER = kr.devfimuxd.gitget.0;
				PRODUCT_NAME = "$(TARGET_NAME)";
				PROVISIONING_PROFILE_SPECIFIER = "";
				REGISTER_APP_GROUPS = NO;
				SUPPORTED_PLATFORMS = "iphoneos iphonesimulator";
				SUPPORTS_MACCATALYST = NO;
				SUPPORTS_MAC_DESIGNED_FOR_IPHONE_IPAD = NO;
				SWIFT_VERSION = 5.0;
				TARGETED_DEVICE_FAMILY = "1,2,6";
			};
			name = Release;
		};
		7DA986482598608900BAEAEA /* Debug */ = {
			isa = XCBuildConfiguration;
			buildSettings = {
				BUNDLE_LOADER = "$(TEST_HOST)";
				CODE_SIGN_STYLE = Automatic;
				DEVELOPMENT_TEAM = 3GBKG7DTJY;
				INFOPLIST_FILE = GITGETTests/Info.plist;
				IPHONEOS_DEPLOYMENT_TARGET = 18.6;
				LD_RUNPATH_SEARCH_PATHS = (
					"$(inherited)",
					"@executable_path/Frameworks",
					"@loader_path/Frameworks",
				);
				PRODUCT_BUNDLE_IDENTIFIER = paruku.GITGETTests;
				PRODUCT_NAME = "$(TARGET_NAME)";
				SWIFT_VERSION = 5.0;
				TARGETED_DEVICE_FAMILY = "1,2";
				TEST_HOST = "$(BUILT_PRODUCTS_DIR)/GITGET.app/GITGET";
			};
			name = Debug;
		};
		7DA986492598608900BAEAEA /* Release */ = {
			isa = XCBuildConfiguration;
			buildSettings = {
				BUNDLE_LOADER = "$(TEST_HOST)";
				CODE_SIGN_STYLE = Automatic;
				DEVELOPMENT_TEAM = 3GBKG7DTJY;
				INFOPLIST_FILE = GITGETTests/Info.plist;
				IPHONEOS_DEPLOYMENT_TARGET = 18.6;
				LD_RUNPATH_SEARCH_PATHS = (
					"$(inherited)",
					"@executable_path/Frameworks",
					"@loader_path/Frameworks",
				);
				PRODUCT_BUNDLE_IDENTIFIER = paruku.GITGETTests;
				PRODUCT_NAME = "$(TARGET_NAME)";
				SWIFT_VERSION = 5.0;
				TARGETED_DEVICE_FAMILY = "1,2";
				TEST_HOST = "$(BUILT_PRODUCTS_DIR)/GITGET.app/GITGET";
			};
			name = Release;
		};
		7DA98695259862E600BAEAEA /* Debug */ = {
			isa = XCBuildConfiguration;
			buildSettings = {
				ASSETCATALOG_COMPILER_GLOBAL_ACCENT_COLOR_NAME = AccentColor;
				ASSETCATALOG_COMPILER_WIDGET_BACKGROUND_COLOR_NAME = WidgetBackground;
				CODE_SIGN_ENTITLEMENTS = CONTRIBUTIONSExtension.entitlements;
				CODE_SIGN_IDENTITY = "Apple Development";
				CODE_SIGN_STYLE = Automatic;
				CURRENT_PROJECT_VERSION = 1;
				DEVELOPMENT_TEAM = FXHH879257;
				INFOPLIST_FILE = CONTRIBUTIONS/Resource/Info.plist;
				INTENTS_CODEGEN_LANGUAGE = Swift;
				IPHONEOS_DEPLOYMENT_TARGET = 18.6;
				LD_RUNPATH_SEARCH_PATHS = (
					"$(inherited)",
					"@executable_path/Frameworks",
					"@executable_path/../../Frameworks",
				);
				MARKETING_VERSION = 24.39.0;
				PRODUCT_BUNDLE_IDENTIFIER = kr.devfimuxd.gitget.0.widget;
				PRODUCT_NAME = "$(TARGET_NAME)";
				PROVISIONING_PROFILE_SPECIFIER = "";
				SKIP_INSTALL = YES;
				SUPPORTS_MACCATALYST = NO;
				SUPPORTS_MAC_DESIGNED_FOR_IPHONE_IPAD = YES;
				SWIFT_VERSION = 5.0;
				TARGETED_DEVICE_FAMILY = "1,2";
			};
			name = Debug;
		};
		7DA98696259862E600BAEAEA /* Release */ = {
			isa = XCBuildConfiguration;
			buildSettings = {
				ASSETCATALOG_COMPILER_GLOBAL_ACCENT_COLOR_NAME = AccentColor;
				ASSETCATALOG_COMPILER_WIDGET_BACKGROUND_COLOR_NAME = WidgetBackground;
				CODE_SIGN_ENTITLEMENTS = CONTRIBUTIONSExtension.entitlements;
				CODE_SIGN_IDENTITY = "Apple Development";
				CODE_SIGN_STYLE = Automatic;
				CURRENT_PROJECT_VERSION = 1;
				DEVELOPMENT_TEAM = FXHH879257;
				INFOPLIST_FILE = CONTRIBUTIONS/Resource/Info.plist;
				INTENTS_CODEGEN_LANGUAGE = Swift;
				IPHONEOS_DEPLOYMENT_TARGET = 18.6;
				LD_RUNPATH_SEARCH_PATHS = (
					"$(inherited)",
					"@executable_path/Frameworks",
					"@executable_path/../../Frameworks",
				);
				MARKETING_VERSION = 24.39.0;
				PRODUCT_BUNDLE_IDENTIFIER = kr.devfimuxd.gitget.0.widget;
				PRODUCT_NAME = "$(TARGET_NAME)";
				PROVISIONING_PROFILE_SPECIFIER = "";
				SKIP_INSTALL = YES;
				SUPPORTS_MACCATALYST = NO;
				SUPPORTS_MAC_DESIGNED_FOR_IPHONE_IPAD = YES;
				SWIFT_VERSION = 5.0;
				TARGETED_DEVICE_FAMILY = "1,2";
			};
			name = Release;
		};
		B10000172598608900BAEAEA /* Debug */ = {
			isa = XCBuildConfiguration;
			buildSettings = {
				CODE_SIGN_STYLE = Automatic;
				DEVELOPMENT_TEAM = FXHH879257;
				INFOPLIST_FILE = GITGETUITests/Info.plist;
				IPHONEOS_DEPLOYMENT_TARGET = 18.6;
				LD_RUNPATH_SEARCH_PATHS = (
					"$(inherited)",
					"@executable_path/Frameworks",
					"@loader_path/Frameworks",
				);
				PRODUCT_BUNDLE_IDENTIFIER = kr.devfimuxd.gitget.0.UITests;
				PRODUCT_NAME = "$(TARGET_NAME)";
				SWIFT_VERSION = 5.0;
				TARGETED_DEVICE_FAMILY = "1,2";
				TEST_TARGET_NAME = GITGET;
				USES_XCTRUNNER = YES;
			};
			name = Debug;
		};
		B10000182598608900BAEAEA /* Release */ = {
			isa = XCBuildConfiguration;
			buildSettings = {
				CODE_SIGN_STYLE = Automatic;
				DEVELOPMENT_TEAM = FXHH879257;
				INFOPLIST_FILE = GITGETUITests/Info.plist;
				IPHONEOS_DEPLOYMENT_TARGET = 18.6;
				LD_RUNPATH_SEARCH_PATHS = (
					"$(inherited)",
					"@executable_path/Frameworks",
					"@loader_path/Frameworks",
				);
				PRODUCT_BUNDLE_IDENTIFIER = kr.devfimuxd.gitget.0.UITests;
				PRODUCT_NAME = "$(TARGET_NAME)";
				SWIFT_VERSION = 5.0;
				TARGETED_DEVICE_FAMILY = "1,2";
				TEST_TARGET_NAME = GITGET;
				USES_XCTRUNNER = YES;
			};
			name = Release;
		};
/* End XCBuildConfiguration section */

/* Begin XCConfigurationList section */
		7DA986122598608700BAEAEA /* Build configuration list for PBXProject "GITGET" */ = {
			isa = XCConfigurationList;
			buildConfigurations = (
				7DA986422598608900BAEAEA /* Debug */,
				7DA986432598608900BAEAEA /* Release */,
			);
			defaultConfigurationIsVisible = 0;
			defaultConfigurationName = Release;
		};
		7DA986442598608900BAEAEA /* Build configuration list for PBXNativeTarget "GITGET" */ = {
			isa = XCConfigurationList;
			buildConfigurations = (
				7DA986452598608900BAEAEA /* Debug */,
				7DA986462598608900BAEAEA /* Release */,
			);
			defaultConfigurationIsVisible = 0;
			defaultConfigurationName = Release;
		};
		7DA986472598608900BAEAEA /* Build configuration list for PBXNativeTarget "GITGETTests" */ = {
			isa = XCConfigurationList;
			buildConfigurations = (
				7DA986482598608900BAEAEA /* Debug */,
				7DA986492598608900BAEAEA /* Release */,
			);
			defaultConfigurationIsVisible = 0;
			defaultConfigurationName = Release;
		};
		7DA98694259862E600BAEAEA /* Build configuration list for PBXNativeTarget "CONTRIBUTIONSExtension" */ = {
			isa = XCConfigurationList;
			buildConfigurations = (
				7DA98695259862E600BAEAEA /* Debug */,
				7DA98696259862E600BAEAEA /* Release */,
			);
			defaultConfigurationIsVisible = 0;
			defaultConfigurationName = Release;
		};
		B10000162598608900BAEAEA /* Build configuration list for PBXNativeTarget "GITGETUITests" */ = {
			isa = XCConfigurationList;
			buildConfigurations = (
				B10000172598608900BAEAEA /* Debug */,
				B10000182598608900BAEAEA /* Release */,
			);
			defaultConfigurationIsVisible = 0;
			defaultConfigurationName = Release;
		};
/* End XCConfigurationList section */

/* Begin XCRemoteSwiftPackageReference section */
		7DE137EE2CB364AE008165B5 /* XCRemoteSwiftPackageReference "SwiftSoup" */ = {
			isa = XCRemoteSwiftPackageReference;
			repositoryURL = "https://github.com/scinfu/SwiftSoup";
			requirement = {
				kind = upToNextMajorVersion;
				minimumVersion = 2.7.5;
			};
		};
		7DE1380F2CB36A58008165B5 /* XCRemoteSwiftPackageReference "Alamofire" */ = {
			isa = XCRemoteSwiftPackageReference;
			repositoryURL = "https://github.com/Alamofire/Alamofire";
			requirement = {
				kind = upToNextMajorVersion;
				minimumVersion = 5.9.1;
			};
		};
/* End XCRemoteSwiftPackageReference section */

/* Begin XCSwiftPackageProductDependency section */
		7DE137EF2CB364AE008165B5 /* SwiftSoup */ = {
			isa = XCSwiftPackageProductDependency;
			package = 7DE137EE2CB364AE008165B5 /* XCRemoteSwiftPackageReference "SwiftSoup" */;
			productName = SwiftSoup;
		};
		7DE138032CB36680008165B5 /* SwiftSoup */ = {
			isa = XCSwiftPackageProductDependency;
			package = 7DE137EE2CB364AE008165B5 /* XCRemoteSwiftPackageReference "SwiftSoup" */;
			productName = SwiftSoup;
		};
		7DE138102CB36A58008165B5 /* Alamofire */ = {
			isa = XCSwiftPackageProductDependency;
			package = 7DE1380F2CB36A58008165B5 /* XCRemoteSwiftPackageReference "Alamofire" */;
			productName = Alamofire;
		};
		7DE1381B2CB37250008165B5 /* Alamofire */ = {
			isa = XCSwiftPackageProductDependency;
			package = 7DE1380F2CB36A58008165B5 /* XCRemoteSwiftPackageReference "Alamofire" */;
			productName = Alamofire;
		};
/* End XCSwiftPackageProductDependency section */
	};
	rootObject = 7DA9860F2598608700BAEAEA /* Project object */;
}
