// !$*UTF8*$!
{
	archiveVersion = 1;
	classes = {
	};
	objectVersion = 48;
	objects = {

/* Begin PBXBuildFile section */
		69BBFA82E9BE9794C1A1A5EE /* Pods_GitGetTodayExtension.framework in Frameworks */ = {isa = PBXBuildFile; fileRef = 7E204C0A6F430994B18CF5C6 /* Pods_GitGetTodayExtension.framework */; };
		6A0F5C3F1FCEE0000081834E /* GoogleService-Info.plist in Resources */ = {isa = PBXBuildFile; fileRef = 6A0F5C3E1FCEE0000081834E /* GoogleService-Info.plist */; };
		6A0F5C501FCEEBAE0081834E /* LaunchScreen.storyboard in Resources */ = {isa = PBXBuildFile; fileRef = 6AFA4AFD1F9EDBDF00000759 /* LaunchScreen.storyboard */; };
		6A0F5C641FCEF6EB0081834E /* Localizable.strings in Resources */ = {isa = PBXBuildFile; fileRef = 6A0F5C661FCEF6EB0081834E /* Localizable.strings */; };
		6A0F5C6C1FCEF85F0081834E /* Localizable.strings in Resources */ = {isa = PBXBuildFile; fileRef = 6A0F5C6E1FCEF85F0081834E /* Localizable.strings */; };
		6A0F5C761FCEFB520081834E /* InfoPlist.strings in Resources */ = {isa = PBXBuildFile; fileRef = 6A0F5C741FCEFB4B0081834E /* InfoPlist.strings */; };
		6A238EA01FB9F5F10063C30A /* NotificationCenter.framework in Frameworks */ = {isa = PBXBuildFile; fileRef = 6A238E741FB928970063C30A /* NotificationCenter.framework */; };
		6A238EA31FB9F5F10063C30A /* GitGetTodayViewController.swift in Sources */ = {isa = PBXBuildFile; fileRef = 6A238EA21FB9F5F10063C30A /* GitGetTodayViewController.swift */; };
		6A238EA61FB9F5F10063C30A /* MainInterface.storyboard in Resources */ = {isa = PBXBuildFile; fileRef = 6A238EA41FB9F5F10063C30A /* MainInterface.storyboard */; };
		6A238EAA1FB9F5F10063C30A /* GitGetTodayExtension.appex in Embed App Extensions */ = {isa = PBXBuildFile; fileRef = 6A238E9F1FB9F5F10063C30A /* GitGetTodayExtension.appex */; settings = {ATTRIBUTES = (RemoveHeadersOnCopy, ); }; };
		6A2FC4B31FA0B81D00C33ACB /* LogInViewController.swift in Sources */ = {isa = PBXBuildFile; fileRef = 6A2FC4B21FA0B81D00C33ACB /* LogInViewController.swift */; };
		6A7F80F51FC7E98100052CF3 /* MyFieldViewController.swift in Sources */ = {isa = PBXBuildFile; fileRef = 6A7F80F41FC7E98100052CF3 /* MyFieldViewController.swift */; };
		6A8E406E1FCFCA02008F2DD7 /* TutorialPageViewController.swift in Sources */ = {isa = PBXBuildFile; fileRef = 6A8E406D1FCFCA02008F2DD7 /* TutorialPageViewController.swift */; };
		6A8E40701FCFE156008F2DD7 /* OpenTodayViewController.swift in Sources */ = {isa = PBXBuildFile; fileRef = 6A8E406F1FCFE156008F2DD7 /* OpenTodayViewController.swift */; };
		6A8E40721FCFE169008F2DD7 /* AddWidgetViewController.swift in Sources */ = {isa = PBXBuildFile; fileRef = 6A8E40711FCFE168008F2DD7 /* AddWidgetViewController.swift */; };
		6A8E40741FCFE173008F2DD7 /* WidgetViewController.swift in Sources */ = {isa = PBXBuildFile; fileRef = 6A8E40731FCFE173008F2DD7 /* WidgetViewController.swift */; };
		6A8E40761FCFE183008F2DD7 /* SingleTapViewController.swift in Sources */ = {isa = PBXBuildFile; fileRef = 6A8E40751FCFE183008F2DD7 /* SingleTapViewController.swift */; };
		6A8E40781FCFE191008F2DD7 /* DoubleTapViewController.swift in Sources */ = {isa = PBXBuildFile; fileRef = 6A8E40771FCFE191008F2DD7 /* DoubleTapViewController.swift */; };
		6A8E40801FD005B1008F2DD7 /* SettingTableViewController.swift in Sources */ = {isa = PBXBuildFile; fileRef = 6A8E407F1FD005B1008F2DD7 /* SettingTableViewController.swift */; };
		6A8E40861FD03262008F2DD7 /* OAuthClientDatas.plist in Resources */ = {isa = PBXBuildFile; fileRef = 6A8E40851FD03262008F2DD7 /* OAuthClientDatas.plist */; };
		6A8E40881FD04159008F2DD7 /* GitHubAPIManager.swift in Sources */ = {isa = PBXBuildFile; fileRef = 6A8E40871FD04159008F2DD7 /* GitHubAPIManager.swift */; };
		6A8E408C1FD0D991008F2DD7 /* GitHubAPIManager.swift in Sources */ = {isa = PBXBuildFile; fileRef = 6A8E408B1FD0D991008F2DD7 /* GitHubAPIManager.swift */; };
		6A8E40901FD0E892008F2DD7 /* OAuthClientDatas.plist in Resources */ = {isa = PBXBuildFile; fileRef = 6A8E408F1FD0E892008F2DD7 /* OAuthClientDatas.plist */; };
		6A8E40951FD1820F008F2DD7 /* Main.storyboard in Resources */ = {isa = PBXBuildFile; fileRef = 6A8E40971FD1820F008F2DD7 /* Main.storyboard */; };
		6AD30F631FB3723D00D9C251 /* OAuthWebViewController.swift in Sources */ = {isa = PBXBuildFile; fileRef = 6AD30F621FB3723D00D9C251 /* OAuthWebViewController.swift */; };
		6AFA4AF51F9EDBDF00000759 /* AppDelegate.swift in Sources */ = {isa = PBXBuildFile; fileRef = 6AFA4AF41F9EDBDF00000759 /* AppDelegate.swift */; };
		6AFA4AFC1F9EDBDF00000759 /* Assets.xcassets in Resources */ = {isa = PBXBuildFile; fileRef = 6AFA4AFB1F9EDBDF00000759 /* Assets.xcassets */; };
		6AFA4AFF1F9EDBDF00000759 /* LaunchScreen.storyboard in Resources */ = {isa = PBXBuildFile; fileRef = 6AFA4AFD1F9EDBDF00000759 /* LaunchScreen.storyboard */; };
		79790DD4087B0734F45C8F96 /* Pods_GITGET.framework in Frameworks */ = {isa = PBXBuildFile; fileRef = B9F4E7E489348256A25AA35D /* Pods_GITGET.framework */; };
/* End PBXBuildFile section */

/* Begin PBXContainerItemProxy section */
		6A238EA81FB9F5F10063C30A /* PBXContainerItemProxy */ = {
			isa = PBXContainerItemProxy;
			containerPortal = 6AFA4AE91F9EDBDF00000759 /* Project object */;
			proxyType = 1;
			remoteGlobalIDString = 6A238E9E1FB9F5F10063C30A;
			remoteInfo = GitGetTodayExtension;
		};
/* End PBXContainerItemProxy section */

/* Begin PBXCopyFilesBuildPhase section */
		6A238E831FB928970063C30A /* Embed App Extensions */ = {
			isa = PBXCopyFilesBuildPhase;
			buildActionMask = 2147483647;
			dstPath = "";
			dstSubfolderSpec = 13;
			files = (
				6A238EAA1FB9F5F10063C30A /* GitGetTodayExtension.appex in Embed App Extensions */,
			);
			name = "Embed App Extensions";
			runOnlyForDeploymentPostprocessing = 0;
		};
/* End PBXCopyFilesBuildPhase section */

/* Begin PBXFileReference section */
		1B507D756291BC85346B89D1 /* Pods-GITGET.debug.xcconfig */ = {isa = PBXFileReference; includeInIndex = 1; lastKnownFileType = text.xcconfig; name = "Pods-GITGET.debug.xcconfig"; path = "Pods/Target Support Files/Pods-GITGET/Pods-GITGET.debug.xcconfig"; sourceTree = "<group>"; };
		4A110BB59CF060DB1D577D1B /* Pods-GitGetTodayExtension.debug.xcconfig */ = {isa = PBXFileReference; includeInIndex = 1; lastKnownFileType = text.xcconfig; name = "Pods-GitGetTodayExtension.debug.xcconfig"; path = "Pods/Target Support Files/Pods-GitGetTodayExtension/Pods-GitGetTodayExtension.debug.xcconfig"; sourceTree = "<group>"; };
		6A0F5C3E1FCEE0000081834E /* GoogleService-Info.plist */ = {isa = PBXFileReference; fileEncoding = 4; lastKnownFileType = text.plist.xml; path = "GoogleService-Info.plist"; sourceTree = "<group>"; };
		6A0F5C561FCEEF8B0081834E /* ko */ = {isa = PBXFileReference; lastKnownFileType = text.plist.strings; name = ko; path = ko.lproj/LaunchScreen.strings; sourceTree = "<group>"; };
		6A0F5C571FCEEF8B0081834E /* ko */ = {isa = PBXFileReference; lastKnownFileType = text.plist.strings; name = ko; path = ko.lproj/MainInterface.strings; sourceTree = "<group>"; };
		6A0F5C591FCEF1C30081834E /* Base */ = {isa = PBXFileReference; lastKnownFileType = text.plist.xml; name = Base; path = Base.lproj/Info.plist; sourceTree = "<group>"; };
		6A0F5C5B1FCEF1C70081834E /* ko */ = {isa = PBXFileReference; lastKnownFileType = text.plist.xml; name = ko; path = ko.lproj/Info.plist; sourceTree = "<group>"; };
		6A0F5C5C1FCEF1D30081834E /* Base */ = {isa = PBXFileReference; lastKnownFileType = text.plist.xml; name = Base; path = Base.lproj/Info.plist; sourceTree = "<group>"; };
		6A0F5C5E1FCEF1D40081834E /* ko */ = {isa = PBXFileReference; lastKnownFileType = text.plist.xml; name = ko; path = ko.lproj/Info.plist; sourceTree = "<group>"; };
		6A0F5C671FCEF7030081834E /* Base */ = {isa = PBXFileReference; lastKnownFileType = text.plist.strings; name = Base; path = Base.lproj/Localizable.strings; sourceTree = "<group>"; };
		6A0F5C681FCEF7060081834E /* ko */ = {isa = PBXFileReference; lastKnownFileType = text.plist.strings; name = ko; path = ko.lproj/Localizable.strings; sourceTree = "<group>"; };
		6A0F5C6D1FCEF85F0081834E /* ko */ = {isa = PBXFileReference; lastKnownFileType = text.plist.strings; name = ko; path = ko.lproj/Localizable.strings; sourceTree = "<group>"; };
		6A0F5C6F1FCEF8640081834E /* Base */ = {isa = PBXFileReference; lastKnownFileType = text.plist.strings; name = Base; path = Base.lproj/Localizable.strings; sourceTree = "<group>"; };
		6A0F5C731FCEFB4B0081834E /* ko */ = {isa = PBXFileReference; lastKnownFileType = text.plist.strings; name = ko; path = ko.lproj/InfoPlist.strings; sourceTree = "<group>"; };
		6A0F5C751FCEFB4F0081834E /* Base */ = {isa = PBXFileReference; lastKnownFileType = text.plist.strings; name = Base; path = Base.lproj/InfoPlist.strings; sourceTree = "<group>"; };
		6A238E741FB928970063C30A /* NotificationCenter.framework */ = {isa = PBXFileReference; lastKnownFileType = wrapper.framework; name = NotificationCenter.framework; path = System/Library/Frameworks/NotificationCenter.framework; sourceTree = SDKROOT; };
		6A238E9F1FB9F5F10063C30A /* GitGetTodayExtension.appex */ = {isa = PBXFileReference; explicitFileType = "wrapper.app-extension"; includeInIndex = 0; path = GitGetTodayExtension.appex; sourceTree = BUILT_PRODUCTS_DIR; };
		6A238EA21FB9F5F10063C30A /* GitGetTodayViewController.swift */ = {isa = PBXFileReference; lastKnownFileType = sourcecode.swift; path = GitGetTodayViewController.swift; sourceTree = "<group>"; };
		6A238EA51FB9F5F10063C30A /* Base */ = {isa = PBXFileReference; lastKnownFileType = file.storyboard; name = Base; path = Base.lproj/MainInterface.storyboard; sourceTree = "<group>"; };
		6A2FC4B21FA0B81D00C33ACB /* LogInViewController.swift */ = {isa = PBXFileReference; lastKnownFileType = sourcecode.swift; path = LogInViewController.swift; sourceTree = "<group>"; };
		6A4A3ABC1FBC21E000B1B666 /* GITGET.entitlements */ = {isa = PBXFileReference; lastKnownFileType = text.plist.entitlements; path = GITGET.entitlements; sourceTree = "<group>"; };
		6A4A3ABD1FBC22A300B1B666 /* GitGetTodayExtension.entitlements */ = {isa = PBXFileReference; lastKnownFileType = text.plist.entitlements; path = GitGetTodayExtension.entitlements; sourceTree = "<group>"; };
		6A7F80F41FC7E98100052CF3 /* MyFieldViewController.swift */ = {isa = PBXFileReference; lastKnownFileType = sourcecode.swift; path = MyFieldViewController.swift; sourceTree = "<group>"; };
		6A8E406D1FCFCA02008F2DD7 /* TutorialPageViewController.swift */ = {isa = PBXFileReference; lastKnownFileType = sourcecode.swift; path = TutorialPageViewController.swift; sourceTree = "<group>"; };
		6A8E406F1FCFE156008F2DD7 /* OpenTodayViewController.swift */ = {isa = PBXFileReference; lastKnownFileType = sourcecode.swift; path = OpenTodayViewController.swift; sourceTree = "<group>"; };
		6A8E40711FCFE168008F2DD7 /* AddWidgetViewController.swift */ = {isa = PBXFileReference; lastKnownFileType = sourcecode.swift; path = AddWidgetViewController.swift; sourceTree = "<group>"; };
		6A8E40731FCFE173008F2DD7 /* WidgetViewController.swift */ = {isa = PBXFileReference; lastKnownFileType = sourcecode.swift; path = WidgetViewController.swift; sourceTree = "<group>"; };
		6A8E40751FCFE183008F2DD7 /* SingleTapViewController.swift */ = {isa = PBXFileReference; lastKnownFileType = sourcecode.swift; path = SingleTapViewController.swift; sourceTree = "<group>"; };
		6A8E40771FCFE191008F2DD7 /* DoubleTapViewController.swift */ = {isa = PBXFileReference; lastKnownFileType = sourcecode.swift; path = DoubleTapViewController.swift; sourceTree = "<group>"; };
		6A8E407F1FD005B1008F2DD7 /* SettingTableViewController.swift */ = {isa = PBXFileReference; lastKnownFileType = sourcecode.swift; path = SettingTableViewController.swift; sourceTree = "<group>"; };
		6A8E40851FD03262008F2DD7 /* OAuthClientDatas.plist */ = {isa = PBXFileReference; lastKnownFileType = text.plist.xml; path = OAuthClientDatas.plist; sourceTree = "<group>"; };
		6A8E40871FD04159008F2DD7 /* GitHubAPIManager.swift */ = {isa = PBXFileReference; lastKnownFileType = sourcecode.swift; path = GitHubAPIManager.swift; sourceTree = "<group>"; };
		6A8E408B1FD0D991008F2DD7 /* GitHubAPIManager.swift */ = {isa = PBXFileReference; lastKnownFileType = sourcecode.swift; path = GitHubAPIManager.swift; sourceTree = "<group>"; };
		6A8E408F1FD0E892008F2DD7 /* OAuthClientDatas.plist */ = {isa = PBXFileReference; lastKnownFileType = text.plist.xml; path = OAuthClientDatas.plist; sourceTree = "<group>"; };
		6A8E40981FD18212008F2DD7 /* Base */ = {isa = PBXFileReference; lastKnownFileType = file.storyboard; name = Base; path = Base.lproj/Main.storyboard; sourceTree = "<group>"; };
		6A8E409A1FD1822A008F2DD7 /* ko */ = {isa = PBXFileReference; lastKnownFileType = text.plist.strings; name = ko; path = ko.lproj/Main.strings; sourceTree = "<group>"; };
		6AD30F621FB3723D00D9C251 /* OAuthWebViewController.swift */ = {isa = PBXFileReference; lastKnownFileType = sourcecode.swift; path = OAuthWebViewController.swift; sourceTree = "<group>"; };
		6AFA4AF11F9EDBDF00000759 /* GITGET.app */ = {isa = PBXFileReference; explicitFileType = wrapper.application; includeInIndex = 0; path = GITGET.app; sourceTree = BUILT_PRODUCTS_DIR; };
		6AFA4AF41F9EDBDF00000759 /* AppDelegate.swift */ = {isa = PBXFileReference; lastKnownFileType = sourcecode.swift; path = AppDelegate.swift; sourceTree = "<group>"; };
		6AFA4AFB1F9EDBDF00000759 /* Assets.xcassets */ = {isa = PBXFileReference; lastKnownFileType = folder.assetcatalog; path = Assets.xcassets; sourceTree = "<group>"; };
		6AFA4AFE1F9EDBDF00000759 /* Base */ = {isa = PBXFileReference; lastKnownFileType = file.storyboard; name = Base; path = Base.lproj/LaunchScreen.storyboard; sourceTree = "<group>"; };
		7659BF0A3ED16F54209FB052 /* Pods-GitGetTodayExtension.release.xcconfig */ = {isa = PBXFileReference; includeInIndex = 1; lastKnownFileType = text.xcconfig; name = "Pods-GitGetTodayExtension.release.xcconfig"; path = "Pods/Target Support Files/Pods-GitGetTodayExtension/Pods-GitGetTodayExtension.release.xcconfig"; sourceTree = "<group>"; };
		7E204C0A6F430994B18CF5C6 /* Pods_GitGetTodayExtension.framework */ = {isa = PBXFileReference; explicitFileType = wrapper.framework; includeInIndex = 0; path = Pods_GitGetTodayExtension.framework; sourceTree = BUILT_PRODUCTS_DIR; };
		ADFD0E33736AB7E8F919E8D0 /* Pods-GITGET.release.xcconfig */ = {isa = PBXFileReference; includeInIndex = 1; lastKnownFileType = text.xcconfig; name = "Pods-GITGET.release.xcconfig"; path = "Pods/Target Support Files/Pods-GITGET/Pods-GITGET.release.xcconfig"; sourceTree = "<group>"; };
		B9F4E7E489348256A25AA35D /* Pods_GITGET.framework */ = {isa = PBXFileReference; explicitFileType = wrapper.framework; includeInIndex = 0; path = Pods_GITGET.framework; sourceTree = BUILT_PRODUCTS_DIR; };
/* End PBXFileReference section */

/* Begin PBXFrameworksBuildPhase section */
		6A238E9C1FB9F5F10063C30A /* Frameworks */ = {
			isa = PBXFrameworksBuildPhase;
			buildActionMask = 2147483647;
			files = (
				6A238EA01FB9F5F10063C30A /* NotificationCenter.framework in Frameworks */,
				69BBFA82E9BE9794C1A1A5EE /* Pods_GitGetTodayExtension.framework in Frameworks */,
			);
			runOnlyForDeploymentPostprocessing = 0;
		};
		6AFA4AEE1F9EDBDF00000759 /* Frameworks */ = {
			isa = PBXFrameworksBuildPhase;
			buildActionMask = 2147483647;
			files = (
				79790DD4087B0734F45C8F96 /* Pods_GITGET.framework in Frameworks */,
			);
			runOnlyForDeploymentPostprocessing = 0;
		};
/* End PBXFrameworksBuildPhase section */

/* Begin PBXGroup section */
		46A70ABF555CC149A30B11BC /* Pods */ = {
			isa = PBXGroup;
			children = (
				1B507D756291BC85346B89D1 /* Pods-GITGET.debug.xcconfig */,
				ADFD0E33736AB7E8F919E8D0 /* Pods-GITGET.release.xcconfig */,
				4A110BB59CF060DB1D577D1B /* Pods-GitGetTodayExtension.debug.xcconfig */,
				7659BF0A3ED16F54209FB052 /* Pods-GitGetTodayExtension.release.xcconfig */,
			);
			name = Pods;
			sourceTree = "<group>";
		};
		6A0F5C631FCEF6B30081834E /* Supporting Files */ = {
			isa = PBXGroup;
			children = (
				6A0F5C5D1FCEF1D30081834E /* Info.plist */,
				6A0F5C3E1FCEE0000081834E /* GoogleService-Info.plist */,
				6A8E408F1FD0E892008F2DD7 /* OAuthClientDatas.plist */,
				6A0F5C661FCEF6EB0081834E /* Localizable.strings */,
			);
			path = "Supporting Files";
			sourceTree = "<group>";
		};
		6A0F5C691FCEF83E0081834E /* Supporting Files */ = {
			isa = PBXGroup;
			children = (
				6A0F5C5A1FCEF1C30081834E /* Info.plist */,
				6A0F5C6E1FCEF85F0081834E /* Localizable.strings */,
				6A8E40851FD03262008F2DD7 /* OAuthClientDatas.plist */,
			);
			path = "Supporting Files";
			sourceTree = "<group>";
		};
		6A238EA11FB9F5F10063C30A /* GitGetTodayExtension */ = {
			isa = PBXGroup;
			children = (
				6A4A3ABD1FBC22A300B1B666 /* GitGetTodayExtension.entitlements */,
				6A238EA21FB9F5F10063C30A /* GitGetTodayViewController.swift */,
				6A8E408B1FD0D991008F2DD7 /* GitHubAPIManager.swift */,
				6A238EA41FB9F5F10063C30A /* MainInterface.storyboard */,
				6A0F5C691FCEF83E0081834E /* Supporting Files */,
			);
			path = GitGetTodayExtension;
			sourceTree = "<group>";
		};
		6A8E40791FCFE1D3008F2DD7 /* TutorialPageViews */ = {
			isa = PBXGroup;
			children = (
				6A8E406D1FCFCA02008F2DD7 /* TutorialPageViewController.swift */,
				6A8E406F1FCFE156008F2DD7 /* OpenTodayViewController.swift */,
				6A8E40711FCFE168008F2DD7 /* AddWidgetViewController.swift */,
				6A8E40731FCFE173008F2DD7 /* WidgetViewController.swift */,
				6A8E40751FCFE183008F2DD7 /* SingleTapViewController.swift */,
				6A8E40771FCFE191008F2DD7 /* DoubleTapViewController.swift */,
			);
			name = TutorialPageViews;
			sourceTree = "<group>";
		};
		6A8E407C1FD0055D008F2DD7 /* SignIn */ = {
			isa = PBXGroup;
			children = (
				6A2FC4B21FA0B81D00C33ACB /* LogInViewController.swift */,
				6AD30F621FB3723D00D9C251 /* OAuthWebViewController.swift */,
			);
			name = SignIn;
			sourceTree = "<group>";
		};
		6A8E407E1FD00589008F2DD7 /* TabBar */ = {
			isa = PBXGroup;
			children = (
				6A7F80F41FC7E98100052CF3 /* MyFieldViewController.swift */,
				6A8E407F1FD005B1008F2DD7 /* SettingTableViewController.swift */,
				6A8E40871FD04159008F2DD7 /* GitHubAPIManager.swift */,
			);
			name = TabBar;
			sourceTree = "<group>";
		};
		6AFA4AE81F9EDBDF00000759 = {
			isa = PBXGroup;
			children = (
				6A0F5C741FCEFB4B0081834E /* InfoPlist.strings */,
				6AFA4AF31F9EDBDF00000759 /* GITGET */,
				6A238EA11FB9F5F10063C30A /* GitGetTodayExtension */,
				6AFA4AF21F9EDBDF00000759 /* Products */,
				46A70ABF555CC149A30B11BC /* Pods */,
				75834077143F1622C7606A5A /* Frameworks */,
			);
			sourceTree = "<group>";
		};
		6AFA4AF21F9EDBDF00000759 /* Products */ = {
			isa = PBXGroup;
			children = (
				6AFA4AF11F9EDBDF00000759 /* GITGET.app */,
				6A238E9F1FB9F5F10063C30A /* GitGetTodayExtension.appex */,
			);
			name = Products;
			sourceTree = "<group>";
		};
		6AFA4AF31F9EDBDF00000759 /* GITGET */ = {
			isa = PBXGroup;
			children = (
				6A4A3ABC1FBC21E000B1B666 /* GITGET.entitlements */,
				6AFA4AF41F9EDBDF00000759 /* AppDelegate.swift */,
				6A8E40791FCFE1D3008F2DD7 /* TutorialPageViews */,
				6A8E407C1FD0055D008F2DD7 /* SignIn */,
				6A8E407E1FD00589008F2DD7 /* TabBar */,
				6A8E40971FD1820F008F2DD7 /* Main.storyboard */,
				6AFA4AFB1F9EDBDF00000759 /* Assets.xcassets */,
				6AFA4AFD1F9EDBDF00000759 /* LaunchScreen.storyboard */,
				6A0F5C631FCEF6B30081834E /* Supporting Files */,
			);
			path = GITGET;
			sourceTree = "<group>";
		};
		75834077143F1622C7606A5A /* Frameworks */ = {
			isa = PBXGroup;
			children = (
				6A238E741FB928970063C30A /* NotificationCenter.framework */,
				B9F4E7E489348256A25AA35D /* Pods_GITGET.framework */,
				7E204C0A6F430994B18CF5C6 /* Pods_GitGetTodayExtension.framework */,
			);
			name = Frameworks;
			sourceTree = "<group>";
		};
/* End PBXGroup section */

/* Begin PBXNativeTarget section */
		6A238E9E1FB9F5F10063C30A /* GitGetTodayExtension */ = {
			isa = PBXNativeTarget;
			buildConfigurationList = 6A238EAB1FB9F5F10063C30A /* Build configuration list for PBXNativeTarget "GitGetTodayExtension" */;
			buildPhases = (
				F27B614A8A858434D34410B3 /* [CP] Check Pods Manifest.lock */,
				6A238E9B1FB9F5F10063C30A /* Sources */,
				6A238E9C1FB9F5F10063C30A /* Frameworks */,
				6A238E9D1FB9F5F10063C30A /* Resources */,
				F53A6E861542FA6B0781DD05 /* [CP] Copy Pods Resources */,
			);
			buildRules = (
			);
			dependencies = (
			);
			name = GitGetTodayExtension;
			productName = GitGetTodayExtension;
			productReference = 6A238E9F1FB9F5F10063C30A /* GitGetTodayExtension.appex */;
			productType = "com.apple.product-type.app-extension";
		};
		6AFA4AF01F9EDBDF00000759 /* GITGET */ = {
			isa = PBXNativeTarget;
			buildConfigurationList = 6AFA4B031F9EDBDF00000759 /* Build configuration list for PBXNativeTarget "GITGET" */;
			buildPhases = (
				373CA8CD5EBCF55BB3376E08 /* [CP] Check Pods Manifest.lock */,
				6AFA4AED1F9EDBDF00000759 /* Sources */,
				6AFA4AEE1F9EDBDF00000759 /* Frameworks */,
				6AFA4AEF1F9EDBDF00000759 /* Resources */,
				96E58F7568C76E2F49CC06A8 /* [CP] Embed Pods Frameworks */,
				1B3809AC2D84CD21B4CB3D24 /* [CP] Copy Pods Resources */,
				6A238E831FB928970063C30A /* Embed App Extensions */,
			);
			buildRules = (
			);
			dependencies = (
				6A238EA91FB9F5F10063C30A /* PBXTargetDependency */,
			);
			name = GITGET;
			productName = WidgetGithub;
			productReference = 6AFA4AF11F9EDBDF00000759 /* GITGET.app */;
			productType = "com.apple.product-type.application";
		};
/* End PBXNativeTarget section */

/* Begin PBXProject section */
		6AFA4AE91F9EDBDF00000759 /* Project object */ = {
			isa = PBXProject;
			attributes = {
				LastSwiftUpdateCheck = 0910;
				LastUpgradeCheck = 0900;
				ORGANIZATIONNAME = "Bo-Young PARK";
				TargetAttributes = {
					6A238E9E1FB9F5F10063C30A = {
						CreatedOnToolsVersion = 9.1;
						ProvisioningStyle = Automatic;
						SystemCapabilities = {
							com.apple.ApplicationGroups.iOS = {
								enabled = 1;
							};
						};
					};
					6AFA4AF01F9EDBDF00000759 = {
						CreatedOnToolsVersion = 9.0.1;
						ProvisioningStyle = Automatic;
						SystemCapabilities = {
							com.apple.ApplicationGroups.iOS = {
								enabled = 1;
							};
						};
					};
				};
			};
			buildConfigurationList = 6AFA4AEC1F9EDBDF00000759 /* Build configuration list for PBXProject "GITGET" */;
			compatibilityVersion = "Xcode 8.0";
			developmentRegion = en;
			hasScannedForEncodings = 0;
			knownRegions = (
				en,
				Base,
				ko,
			);
			mainGroup = 6AFA4AE81F9EDBDF00000759;
			productRefGroup = 6AFA4AF21F9EDBDF00000759 /* Products */;
			projectDirPath = "";
			projectRoot = "";
			targets = (
				6AFA4AF01F9EDBDF00000759 /* GITGET */,
				6A238E9E1FB9F5F10063C30A /* GitGetTodayExtension */,
			);
		};
/* End PBXProject section */

/* Begin PBXResourcesBuildPhase section */
		6A238E9D1FB9F5F10063C30A /* Resources */ = {
			isa = PBXResourcesBuildPhase;
			buildActionMask = 2147483647;
			files = (
				6A0F5C6C1FCEF85F0081834E /* Localizable.strings in Resources */,
				6A8E40861FD03262008F2DD7 /* OAuthClientDatas.plist in Resources */,
				6A0F5C501FCEEBAE0081834E /* LaunchScreen.storyboard in Resources */,
				6A238EA61FB9F5F10063C30A /* MainInterface.storyboard in Resources */,
			);
			runOnlyForDeploymentPostprocessing = 0;
		};
		6AFA4AEF1F9EDBDF00000759 /* Resources */ = {
			isa = PBXResourcesBuildPhase;
			buildActionMask = 2147483647;
			files = (
				6A8E40951FD1820F008F2DD7 /* Main.storyboard in Resources */,
				6AFA4AFF1F9EDBDF00000759 /* LaunchScreen.storyboard in Resources */,
				6A0F5C761FCEFB520081834E /* InfoPlist.strings in Resources */,
				6A0F5C3F1FCEE0000081834E /* GoogleService-Info.plist in Resources */,
				6A0F5C641FCEF6EB0081834E /* Localizable.strings in Resources */,
				6A8E40901FD0E892008F2DD7 /* OAuthClientDatas.plist in Resources */,
				6AFA4AFC1F9EDBDF00000759 /* Assets.xcassets in Resources */,
			);
			runOnlyForDeploymentPostprocessing = 0;
		};
/* End PBXResourcesBuildPhase section */

/* Begin PBXShellScriptBuildPhase section */
		1B3809AC2D84CD21B4CB3D24 /* [CP] Copy Pods Resources */ = {
			isa = PBXShellScriptBuildPhase;
			buildActionMask = 2147483647;
			files = (
			);
			inputPaths = (
			);
			name = "[CP] Copy Pods Resources";
			outputPaths = (
			);
			runOnlyForDeploymentPostprocessing = 0;
			shellPath = /bin/sh;
			shellScript = "\"${SRCROOT}/Pods/Target Support Files/Pods-GITGET/Pods-GITGET-resources.sh\"\n";
			showEnvVarsInLog = 0;
		};
		373CA8CD5EBCF55BB3376E08 /* [CP] Check Pods Manifest.lock */ = {
			isa = PBXShellScriptBuildPhase;
			buildActionMask = 2147483647;
			files = (
			);
			inputPaths = (
				"${PODS_PODFILE_DIR_PATH}/Podfile.lock",
				"${PODS_ROOT}/Manifest.lock",
			);
			name = "[CP] Check Pods Manifest.lock";
			outputPaths = (
				"$(DERIVED_FILE_DIR)/Pods-GITGET-checkManifestLockResult.txt",
			);
			runOnlyForDeploymentPostprocessing = 0;
			shellPath = /bin/sh;
			shellScript = "diff \"${PODS_PODFILE_DIR_PATH}/Podfile.lock\" \"${PODS_ROOT}/Manifest.lock\" > /dev/null\nif [ $? != 0 ] ; then\n    # print error to STDERR\n    echo \"error: The sandbox is not in sync with the Podfile.lock. Run 'pod install' or update your CocoaPods installation.\" >&2\n    exit 1\nfi\n# This output is used by Xcode 'outputs' to avoid re-running this script phase.\necho \"SUCCESS\" > \"${SCRIPT_OUTPUT_FILE_0}\"\n";
			showEnvVarsInLog = 0;
		};
		96E58F7568C76E2F49CC06A8 /* [CP] Embed Pods Frameworks */ = {
			isa = PBXShellScriptBuildPhase;
			buildActionMask = 2147483647;
			files = (
			);
			inputPaths = (
				"${SRCROOT}/Pods/Target Support Files/Pods-GITGET/Pods-GITGET-frameworks.sh",
				"${BUILT_PRODUCTS_DIR}/Alamofire/Alamofire.framework",
				"${BUILT_PRODUCTS_DIR}/GTMSessionFetcher/GTMSessionFetcher.framework",
				"${BUILT_PRODUCTS_DIR}/GoogleToolboxForMac/GoogleToolboxForMac.framework",
				"${BUILT_PRODUCTS_DIR}/Kingfisher/Kingfisher.framework",
				"${BUILT_PRODUCTS_DIR}/SwiftSoup/SwiftSoup.framework",
				"${BUILT_PRODUCTS_DIR}/SwiftyJSON/SwiftyJSON.framework",
				"${BUILT_PRODUCTS_DIR}/leveldb-library/leveldb.framework",
				"${BUILT_PRODUCTS_DIR}/nanopb/nanopb.framework",
			);
			name = "[CP] Embed Pods Frameworks";
			outputPaths = (
				"${TARGET_BUILD_DIR}/${FRAMEWORKS_FOLDER_PATH}/Alamofire.framework",
				"${TARGET_BUILD_DIR}/${FRAMEWORKS_FOLDER_PATH}/GTMSessionFetcher.framework",
				"${TARGET_BUILD_DIR}/${FRAMEWORKS_FOLDER_PATH}/GoogleToolboxForMac.framework",
				"${TARGET_BUILD_DIR}/${FRAMEWORKS_FOLDER_PATH}/Kingfisher.framework",
				"${TARGET_BUILD_DIR}/${FRAMEWORKS_FOLDER_PATH}/SwiftSoup.framework",
				"${TARGET_BUILD_DIR}/${FRAMEWORKS_FOLDER_PATH}/SwiftyJSON.framework",
				"${TARGET_BUILD_DIR}/${FRAMEWORKS_FOLDER_PATH}/leveldb.framework",
				"${TARGET_BUILD_DIR}/${FRAMEWORKS_FOLDER_PATH}/nanopb.framework",
			);
			runOnlyForDeploymentPostprocessing = 0;
			shellPath = /bin/sh;
			shellScript = "\"${SRCROOT}/Pods/Target Support Files/Pods-GITGET/Pods-GITGET-frameworks.sh\"\n";
			showEnvVarsInLog = 0;
		};
		F27B614A8A858434D34410B3 /* [CP] Check Pods Manifest.lock */ = {
			isa = PBXShellScriptBuildPhase;
			buildActionMask = 2147483647;
			files = (
			);
			inputPaths = (
				"${PODS_PODFILE_DIR_PATH}/Podfile.lock",
				"${PODS_ROOT}/Manifest.lock",
			);
			name = "[CP] Check Pods Manifest.lock";
			outputPaths = (
				"$(DERIVED_FILE_DIR)/Pods-GitGetTodayExtension-checkManifestLockResult.txt",
			);
			runOnlyForDeploymentPostprocessing = 0;
			shellPath = /bin/sh;
			shellScript = "diff \"${PODS_PODFILE_DIR_PATH}/Podfile.lock\" \"${PODS_ROOT}/Manifest.lock\" > /dev/null\nif [ $? != 0 ] ; then\n    # print error to STDERR\n    echo \"error: The sandbox is not in sync with the Podfile.lock. Run 'pod install' or update your CocoaPods installation.\" >&2\n    exit 1\nfi\n# This output is used by Xcode 'outputs' to avoid re-running this script phase.\necho \"SUCCESS\" > \"${SCRIPT_OUTPUT_FILE_0}\"\n";
			showEnvVarsInLog = 0;
		};
		F53A6E861542FA6B0781DD05 /* [CP] Copy Pods Resources */ = {
			isa = PBXShellScriptBuildPhase;
			buildActionMask = 2147483647;
			files = (
			);
			inputPaths = (
			);
			name = "[CP] Copy Pods Resources";
			outputPaths = (
			);
			runOnlyForDeploymentPostprocessing = 0;
			shellPath = /bin/sh;
			shellScript = "\"${SRCROOT}/Pods/Target Support Files/Pods-GitGetTodayExtension/Pods-GitGetTodayExtension-resources.sh\"\n";
			showEnvVarsInLog = 0;
		};
/* End PBXShellScriptBuildPhase section */

/* Begin PBXSourcesBuildPhase section */
		6A238E9B1FB9F5F10063C30A /* Sources */ = {
			isa = PBXSourcesBuildPhase;
			buildActionMask = 2147483647;
			files = (
				6A238EA31FB9F5F10063C30A /* GitGetTodayViewController.swift in Sources */,
				6A8E408C1FD0D991008F2DD7 /* GitHubAPIManager.swift in Sources */,
			);
			runOnlyForDeploymentPostprocessing = 0;
		};
		6AFA4AED1F9EDBDF00000759 /* Sources */ = {
			isa = PBXSourcesBuildPhase;
			buildActionMask = 2147483647;
			files = (
				6A8E40741FCFE173008F2DD7 /* WidgetViewController.swift in Sources */,
				6A2FC4B31FA0B81D00C33ACB /* LogInViewController.swift in Sources */,
				6A8E406E1FCFCA02008F2DD7 /* TutorialPageViewController.swift in Sources */,
				6A8E40881FD04159008F2DD7 /* GitHubAPIManager.swift in Sources */,
				6A8E40701FCFE156008F2DD7 /* OpenTodayViewController.swift in Sources */,
				6AFA4AF51F9EDBDF00000759 /* AppDelegate.swift in Sources */,
				6A7F80F51FC7E98100052CF3 /* MyFieldViewController.swift in Sources */,
				6A8E40761FCFE183008F2DD7 /* SingleTapViewController.swift in Sources */,
				6A8E40801FD005B1008F2DD7 /* SettingTableViewController.swift in Sources */,
				6A8E40781FCFE191008F2DD7 /* DoubleTapViewController.swift in Sources */,
				6A8E40721FCFE169008F2DD7 /* AddWidgetViewController.swift in Sources */,
				6AD30F631FB3723D00D9C251 /* OAuthWebViewController.swift in Sources */,
			);
			runOnlyForDeploymentPostprocessing = 0;
		};
/* End PBXSourcesBuildPhase section */

/* Begin PBXTargetDependency section */
		6A238EA91FB9F5F10063C30A /* PBXTargetDependency */ = {
			isa = PBXTargetDependency;
			target = 6A238E9E1FB9F5F10063C30A /* GitGetTodayExtension */;
			targetProxy = 6A238EA81FB9F5F10063C30A /* PBXContainerItemProxy */;
		};
/* End PBXTargetDependency section */

/* Begin PBXVariantGroup section */
		6A0F5C5A1FCEF1C30081834E /* Info.plist */ = {
			isa = PBXVariantGroup;
			children = (
				6A0F5C591FCEF1C30081834E /* Base */,
				6A0F5C5B1FCEF1C70081834E /* ko */,
			);
			name = Info.plist;
			sourceTree = "<group>";
		};
		6A0F5C5D1FCEF1D30081834E /* Info.plist */ = {
			isa = PBXVariantGroup;
			children = (
				6A0F5C5C1FCEF1D30081834E /* Base */,
				6A0F5C5E1FCEF1D40081834E /* ko */,
			);
			name = Info.plist;
			sourceTree = "<group>";
		};
		6A0F5C661FCEF6EB0081834E /* Localizable.strings */ = {
			isa = PBXVariantGroup;
			children = (
				6A0F5C671FCEF7030081834E /* Base */,
				6A0F5C681FCEF7060081834E /* ko */,
			);
			name = Localizable.strings;
			sourceTree = "<group>";
		};
		6A0F5C6E1FCEF85F0081834E /* Localizable.strings */ = {
			isa = PBXVariantGroup;
			children = (
				6A0F5C6D1FCEF85F0081834E /* ko */,
				6A0F5C6F1FCEF8640081834E /* Base */,
			);
			name = Localizable.strings;
			sourceTree = "<group>";
		};
		6A0F5C741FCEFB4B0081834E /* InfoPlist.strings */ = {
			isa = PBXVariantGroup;
			children = (
				6A0F5C731FCEFB4B0081834E /* ko */,
				6A0F5C751FCEFB4F0081834E /* Base */,
			);
			name = InfoPlist.strings;
			sourceTree = "<group>";
		};
		6A238EA41FB9F5F10063C30A /* MainInterface.storyboard */ = {
			isa = PBXVariantGroup;
			children = (
				6A238EA51FB9F5F10063C30A /* Base */,
				6A0F5C571FCEEF8B0081834E /* ko */,
			);
			name = MainInterface.storyboard;
			sourceTree = "<group>";
		};
		6A8E40971FD1820F008F2DD7 /* Main.storyboard */ = {
			isa = PBXVariantGroup;
			children = (
				6A8E40981FD18212008F2DD7 /* Base */,
				6A8E409A1FD1822A008F2DD7 /* ko */,
			);
			name = Main.storyboard;
			sourceTree = "<group>";
		};
		6AFA4AFD1F9EDBDF00000759 /* LaunchScreen.storyboard */ = {
			isa = PBXVariantGroup;
			children = (
				6AFA4AFE1F9EDBDF00000759 /* Base */,
				6A0F5C561FCEEF8B0081834E /* ko */,
			);
			name = LaunchScreen.storyboard;
			sourceTree = "<group>";
		};
/* End PBXVariantGroup section */

/* Begin XCBuildConfiguration section */
		6A238EAC1FB9F5F10063C30A /* Debug */ = {
			isa = XCBuildConfiguration;
			baseConfigurationReference = 4A110BB59CF060DB1D577D1B /* Pods-GitGetTodayExtension.debug.xcconfig */;
			buildSettings = {
				CODE_SIGN_ENTITLEMENTS = GitGetTodayExtension/GitGetTodayExtension.entitlements;
				"CODE_SIGN_IDENTITY[sdk=iphoneos*]" = "iPhone Developer";
				CODE_SIGN_STYLE = Automatic;
				DEVELOPMENT_TEAM = V6G44Y3JGM;
				INFOPLIST_FILE = "GitGetTodayExtension/Supporting Files/Base.lproj/Info.plist";
				IPHONEOS_DEPLOYMENT_TARGET = 10.0;
				LD_RUNPATH_SEARCH_PATHS = "$(inherited) @executable_path/Frameworks @executable_path/../../Frameworks";
				PRODUCT_BUNDLE_IDENTIFIER = kr.devfimuxd.gitget.widget;
				PRODUCT_NAME = "$(TARGET_NAME)";
				PROVISIONING_PROFILE_SPECIFIER = "";
				SKIP_INSTALL = YES;
				SWIFT_VERSION = 4.0;
				TARGETED_DEVICE_FAMILY = 1;
			};
			name = Debug;
		};
		6A238EAD1FB9F5F10063C30A /* Release */ = {
			isa = XCBuildConfiguration;
			baseConfigurationReference = 7659BF0A3ED16F54209FB052 /* Pods-GitGetTodayExtension.release.xcconfig */;
			buildSettings = {
				CODE_SIGN_ENTITLEMENTS = GitGetTodayExtension/GitGetTodayExtension.entitlements;
				"CODE_SIGN_IDENTITY[sdk=iphoneos*]" = "iPhone Developer";
				CODE_SIGN_STYLE = Automatic;
				DEVELOPMENT_TEAM = V6G44Y3JGM;
				INFOPLIST_FILE = "GitGetTodayExtension/Supporting Files/Base.lproj/Info.plist";
				IPHONEOS_DEPLOYMENT_TARGET = 10.0;
				LD_RUNPATH_SEARCH_PATHS = "$(inherited) @executable_path/Frameworks @executable_path/../../Frameworks";
				PRODUCT_BUNDLE_IDENTIFIER = kr.devfimuxd.gitget.widget;
				PRODUCT_NAME = "$(TARGET_NAME)";
				PROVISIONING_PROFILE_SPECIFIER = "";
				SKIP_INSTALL = YES;
				SWIFT_VERSION = 4.0;
				TARGETED_DEVICE_FAMILY = 1;
			};
			name = Release;
		};
		6AFA4B011F9EDBDF00000759 /* Debug */ = {
			isa = XCBuildConfiguration;
			buildSettings = {
				ALWAYS_SEARCH_USER_PATHS = NO;
				CLANG_ANALYZER_LOCALIZABILITY_NONLOCALIZED = YES;
				CLANG_ANALYZER_NONNULL = YES;
				CLANG_ANALYZER_NUMBER_OBJECT_CONVERSION = YES_AGGRESSIVE;
				CLANG_CXX_LANGUAGE_STANDARD = "gnu++14";
				CLANG_CXX_LIBRARY = "libc++";
				CLANG_ENABLE_MODULES = YES;
				CLANG_ENABLE_OBJC_ARC = YES;
				CLANG_WARN_BLOCK_CAPTURE_AUTORELEASING = YES;
				CLANG_WARN_BOOL_CONVERSION = YES;
				CLANG_WARN_COMMA = YES;
				CLANG_WARN_CONSTANT_CONVERSION = YES;
				CLANG_WARN_DIRECT_OBJC_ISA_USAGE = YES_ERROR;
				CLANG_WARN_DOCUMENTATION_COMMENTS = YES;
				CLANG_WARN_EMPTY_BODY = YES;
				CLANG_WARN_ENUM_CONVERSION = YES;
				CLANG_WARN_INFINITE_RECURSION = YES;
				CLANG_WARN_INT_CONVERSION = YES;
				CLANG_WARN_NON_LITERAL_NULL_CONVERSION = YES;
				CLANG_WARN_OBJC_LITERAL_CONVERSION = YES;
				CLANG_WARN_OBJC_ROOT_CLASS = YES_ERROR;
				CLANG_WARN_RANGE_LOOP_ANALYSIS = YES;
				CLANG_WARN_STRICT_PROTOTYPES = YES;
				CLANG_WARN_SUSPICIOUS_MOVE = YES;
				CLANG_WARN_UNGUARDED_AVAILABILITY = YES_AGGRESSIVE;
				CLANG_WARN_UNREACHABLE_CODE = YES;
				CLANG_WARN__DUPLICATE_METHOD_MATCH = YES;
				CODE_SIGN_IDENTITY = "iPhone Developer";
				COPY_PHASE_STRIP = NO;
				DEBUG_INFORMATION_FORMAT = dwarf;
				ENABLE_STRICT_OBJC_MSGSEND = YES;
				ENABLE_TESTABILITY = YES;
				GCC_C_LANGUAGE_STANDARD = gnu11;
				GCC_DYNAMIC_NO_PIC = NO;
				GCC_NO_COMMON_BLOCKS = YES;
				GCC_OPTIMIZATION_LEVEL = 0;
				GCC_PREPROCESSOR_DEFINITIONS = (
					"DEBUG=1",
					"$(inherited)",
				);
				GCC_WARN_64_TO_32_BIT_CONVERSION = YES;
				GCC_WARN_ABOUT_RETURN_TYPE = YES_ERROR;
				GCC_WARN_UNDECLARED_SELECTOR = YES;
				GCC_WARN_UNINITIALIZED_AUTOS = YES_AGGRESSIVE;
				GCC_WARN_UNUSED_FUNCTION = YES;
				GCC_WARN_UNUSED_VARIABLE = YES;
				INFOPLIST_FILE = "";
				IPHONEOS_DEPLOYMENT_TARGET = 10.0;
				MTL_ENABLE_DEBUG_INFO = YES;
				ONLY_ACTIVE_ARCH = YES;
				SDKROOT = iphoneos;
				SWIFT_ACTIVE_COMPILATION_CONDITIONS = DEBUG;
				SWIFT_OPTIMIZATION_LEVEL = "-Onone";
			};
			name = Debug;
		};
		6AFA4B021F9EDBDF00000759 /* Release */ = {
			isa = XCBuildConfiguration;
			buildSettings = {
				ALWAYS_SEARCH_USER_PATHS = NO;
				CLANG_ANALYZER_LOCALIZABILITY_NONLOCALIZED = YES;
				CLANG_ANALYZER_NONNULL = YES;
				CLANG_ANALYZER_NUMBER_OBJECT_CONVERSION = YES_AGGRESSIVE;
				CLANG_CXX_LANGUAGE_STANDARD = "gnu++14";
				CLANG_CXX_LIBRARY = "libc++";
				CLANG_ENABLE_MODULES = YES;
				CLANG_ENABLE_OBJC_ARC = YES;
				CLANG_WARN_BLOCK_CAPTURE_AUTORELEASING = YES;
				CLANG_WARN_BOOL_CONVERSION = YES;
				CLANG_WARN_COMMA = YES;
				CLANG_WARN_CONSTANT_CONVERSION = YES;
				CLANG_WARN_DIRECT_OBJC_ISA_USAGE = YES_ERROR;
				CLANG_WARN_DOCUMENTATION_COMMENTS = YES;
				CLANG_WARN_EMPTY_BODY = YES;
				CLANG_WARN_ENUM_CONVERSION = YES;
				CLANG_WARN_INFINITE_RECURSION = YES;
				CLANG_WARN_INT_CONVERSION = YES;
				CLANG_WARN_NON_LITERAL_NULL_CONVERSION = YES;
				CLANG_WARN_OBJC_LITERAL_CONVERSION = YES;
				CLANG_WARN_OBJC_ROOT_CLASS = YES_ERROR;
				CLANG_WARN_RANGE_LOOP_ANALYSIS = YES;
				CLANG_WARN_STRICT_PROTOTYPES = YES;
				CLANG_WARN_SUSPICIOUS_MOVE = YES;
				CLANG_WARN_UNGUARDED_AVAILABILITY = YES_AGGRESSIVE;
				CLANG_WARN_UNREACHABLE_CODE = YES;
				CLANG_WARN__DUPLICATE_METHOD_MATCH = YES;
				CODE_SIGN_IDENTITY = "iPhone Developer";
				COPY_PHASE_STRIP = NO;
				DEBUG_INFORMATION_FORMAT = "dwarf-with-dsym";
				ENABLE_NS_ASSERTIONS = NO;
				ENABLE_STRICT_OBJC_MSGSEND = YES;
				GCC_C_LANGUAGE_STANDARD = gnu11;
				GCC_NO_COMMON_BLOCKS = YES;
				GCC_WARN_64_TO_32_BIT_CONVERSION = YES;
				GCC_WARN_ABOUT_RETURN_TYPE = YES_ERROR;
				GCC_WARN_UNDECLARED_SELECTOR = YES;
				GCC_WARN_UNINITIALIZED_AUTOS = YES_AGGRESSIVE;
				GCC_WARN_UNUSED_FUNCTION = YES;
				GCC_WARN_UNUSED_VARIABLE = YES;
				INFOPLIST_FILE = "";
				IPHONEOS_DEPLOYMENT_TARGET = 10.0;
				MTL_ENABLE_DEBUG_INFO = NO;
				SDKROOT = iphoneos;
				SWIFT_OPTIMIZATION_LEVEL = "-Owholemodule";
				VALIDATE_PRODUCT = YES;
			};
			name = Release;
		};
		6AFA4B041F9EDBDF00000759 /* Debug */ = {
			isa = XCBuildConfiguration;
			baseConfigurationReference = 1B507D756291BC85346B89D1 /* Pods-GITGET.debug.xcconfig */;
			buildSettings = {
				ALWAYS_EMBED_SWIFT_STANDARD_LIBRARIES = YES;
				ASSETCATALOG_COMPILER_APPICON_NAME = AppIcon;
				CODE_SIGN_ENTITLEMENTS = GITGET/GITGET.entitlements;
				CODE_SIGN_STYLE = Automatic;
				DEVELOPMENT_TEAM = V6G44Y3JGM;
				INFOPLIST_FILE = "GITGET/Supporting Files/Base.lproj/Info.plist";
				IPHONEOS_DEPLOYMENT_TARGET = 10.0;
				LD_RUNPATH_SEARCH_PATHS = "$(inherited) @executable_path/Frameworks";
				PRODUCT_BUNDLE_IDENTIFIER = kr.devfimuxd.gitget;
				PRODUCT_NAME = "$(TARGET_NAME)";
				SWIFT_VERSION = 4.0;
				TARGETED_DEVICE_FAMILY = 1;
			};
			name = Debug;
		};
		6AFA4B051F9EDBDF00000759 /* Release */ = {
			isa = XCBuildConfiguration;
			baseConfigurationReference = ADFD0E33736AB7E8F919E8D0 /* Pods-GITGET.release.xcconfig */;
			buildSettings = {
				ALWAYS_EMBED_SWIFT_STANDARD_LIBRARIES = YES;
				ASSETCATALOG_COMPILER_APPICON_NAME = AppIcon;
				CODE_SIGN_ENTITLEMENTS = GITGET/GITGET.entitlements;
				CODE_SIGN_STYLE = Automatic;
				DEVELOPMENT_TEAM = V6G44Y3JGM;
				INFOPLIST_FILE = "GITGET/Supporting Files/Base.lproj/Info.plist";
				IPHONEOS_DEPLOYMENT_TARGET = 10.0;
				LD_RUNPATH_SEARCH_PATHS = "$(inherited) @executable_path/Frameworks";
				PRODUCT_BUNDLE_IDENTIFIER = kr.devfimuxd.gitget;
				PRODUCT_NAME = "$(TARGET_NAME)";
				SWIFT_VERSION = 4.0;
				TARGETED_DEVICE_FAMILY = 1;
			};
			name = Release;
		};
/* End XCBuildConfiguration section */

/* Begin XCConfigurationList section */
		6A238EAB1FB9F5F10063C30A /* Build configuration list for PBXNativeTarget "GitGetTodayExtension" */ = {
			isa = XCConfigurationList;
			buildConfigurations = (
				6A238EAC1FB9F5F10063C30A /* Debug */,
				6A238EAD1FB9F5F10063C30A /* Release */,
			);
			defaultConfigurationIsVisible = 0;
			defaultConfigurationName = Release;
		};
		6AFA4AEC1F9EDBDF00000759 /* Build configuration list for PBXProject "GITGET" */ = {
			isa = XCConfigurationList;
			buildConfigurations = (
				6AFA4B011F9EDBDF00000759 /* Debug */,
				6AFA4B021F9EDBDF00000759 /* Release */,
			);
			defaultConfigurationIsVisible = 0;
			defaultConfigurationName = Release;
		};
		6AFA4B031F9EDBDF00000759 /* Build configuration list for PBXNativeTarget "GITGET" */ = {
			isa = XCConfigurationList;
			buildConfigurations = (
				6AFA4B041F9EDBDF00000759 /* Debug */,
				6AFA4B051F9EDBDF00000759 /* Release */,
			);
			defaultConfigurationIsVisible = 0;
			defaultConfigurationName = Release;
		};
/* End XCConfigurationList section */
	};
	rootObject = 6AFA4AE91F9EDBDF00000759 /* Project object */;
}
