// !$*UTF8*$!
{
	archiveVersion = 1;
	classes = {
	};
	objectVersion = 48;
	objects = {

/* Begin PBXBuildFile section */
		6A2FC4B31FA0B81D00C33ACB /* LogInViewController.swift in Sources */ = {isa = PBXBuildFile; fileRef = 6A2FC4B21FA0B81D00C33ACB /* LogInViewController.swift */; };
		6AD30F631FB3723D00D9C251 /* OAuthWebViewController.swift in Sources */ = {isa = PBXBuildFile; fileRef = 6AD30F621FB3723D00D9C251 /* OAuthWebViewController.swift */; };
		6AD30F651FB3725400D9C251 /* SettingViewController.swift in Sources */ = {isa = PBXBuildFile; fileRef = 6AD30F641FB3725400D9C251 /* SettingViewController.swift */; };
		6AFA4AF51F9EDBDF00000759 /* AppDelegate.swift in Sources */ = {isa = PBXBuildFile; fileRef = 6AFA4AF41F9EDBDF00000759 /* AppDelegate.swift */; };
		6AFA4AFA1F9EDBDF00000759 /* Main.storyboard in Resources */ = {isa = PBXBuildFile; fileRef = 6AFA4AF81F9EDBDF00000759 /* Main.storyboard */; };
		6AFA4AFC1F9EDBDF00000759 /* Assets.xcassets in Resources */ = {isa = PBXBuildFile; fileRef = 6AFA4AFB1F9EDBDF00000759 /* Assets.xcassets */; };
		6AFA4AFF1F9EDBDF00000759 /* LaunchScreen.storyboard in Resources */ = {isa = PBXBuildFile; fileRef = 6AFA4AFD1F9EDBDF00000759 /* LaunchScreen.storyboard */; };
		6AFA4B071FA0B73600000759 /* GoogleService-Info.plist in Resources */ = {isa = PBXBuildFile; fileRef = 6AFA4B061FA0B73600000759 /* GoogleService-Info.plist */; };
		7E7145AEC5430C29F650F136 /* Pods_WidgetGithub.framework in Frameworks */ = {isa = PBXBuildFile; fileRef = D0AA937493D91A289632C8CB /* Pods_WidgetGithub.framework */; };
/* End PBXBuildFile section */

/* Begin PBXFileReference section */
		6A2FC4B21FA0B81D00C33ACB /* LogInViewController.swift */ = {isa = PBXFileReference; lastKnownFileType = sourcecode.swift; path = LogInViewController.swift; sourceTree = "<group>"; };
		6AD30F621FB3723D00D9C251 /* OAuthWebViewController.swift */ = {isa = PBXFileReference; lastKnownFileType = sourcecode.swift; path = OAuthWebViewController.swift; sourceTree = "<group>"; };
		6AD30F641FB3725400D9C251 /* SettingViewController.swift */ = {isa = PBXFileReference; lastKnownFileType = sourcecode.swift; path = SettingViewController.swift; sourceTree = "<group>"; };
		6AFA4AF11F9EDBDF00000759 /* WidgetGithub.app */ = {isa = PBXFileReference; explicitFileType = wrapper.application; includeInIndex = 0; path = WidgetGithub.app; sourceTree = BUILT_PRODUCTS_DIR; };
		6AFA4AF41F9EDBDF00000759 /* AppDelegate.swift */ = {isa = PBXFileReference; lastKnownFileType = sourcecode.swift; path = AppDelegate.swift; sourceTree = "<group>"; };
		6AFA4AF91F9EDBDF00000759 /* Base */ = {isa = PBXFileReference; lastKnownFileType = file.storyboard; name = Base; path = Base.lproj/Main.storyboard; sourceTree = "<group>"; };
		6AFA4AFB1F9EDBDF00000759 /* Assets.xcassets */ = {isa = PBXFileReference; lastKnownFileType = folder.assetcatalog; path = Assets.xcassets; sourceTree = "<group>"; };
		6AFA4AFE1F9EDBDF00000759 /* Base */ = {isa = PBXFileReference; lastKnownFileType = file.storyboard; name = Base; path = Base.lproj/LaunchScreen.storyboard; sourceTree = "<group>"; };
		6AFA4B001F9EDBDF00000759 /* Info.plist */ = {isa = PBXFileReference; lastKnownFileType = text.plist.xml; path = Info.plist; sourceTree = "<group>"; };
		6AFA4B061FA0B73600000759 /* GoogleService-Info.plist */ = {isa = PBXFileReference; fileEncoding = 4; lastKnownFileType = text.plist.xml; path = "GoogleService-Info.plist"; sourceTree = "<group>"; };
		6D530A7551BBBB0F5D296CA1 /* Pods-WidgetGithub.release.xcconfig */ = {isa = PBXFileReference; includeInIndex = 1; lastKnownFileType = text.xcconfig; name = "Pods-WidgetGithub.release.xcconfig"; path = "Pods/Target Support Files/Pods-WidgetGithub/Pods-WidgetGithub.release.xcconfig"; sourceTree = "<group>"; };
		C7D1E9AA91FE17ED75A665F4 /* Pods-WidgetGithub.debug.xcconfig */ = {isa = PBXFileReference; includeInIndex = 1; lastKnownFileType = text.xcconfig; name = "Pods-WidgetGithub.debug.xcconfig"; path = "Pods/Target Support Files/Pods-WidgetGithub/Pods-WidgetGithub.debug.xcconfig"; sourceTree = "<group>"; };
		D0AA937493D91A289632C8CB /* Pods_WidgetGithub.framework */ = {isa = PBXFileReference; explicitFileType = wrapper.framework; includeInIndex = 0; path = Pods_WidgetGithub.framework; sourceTree = BUILT_PRODUCTS_DIR; };
/* End PBXFileReference section */

/* Begin PBXFrameworksBuildPhase section */
		6AFA4AEE1F9EDBDF00000759 /* Frameworks */ = {
			isa = PBXFrameworksBuildPhase;
			buildActionMask = 2147483647;
			files = (
				7E7145AEC5430C29F650F136 /* Pods_WidgetGithub.framework in Frameworks */,
			);
			runOnlyForDeploymentPostprocessing = 0;
		};
/* End PBXFrameworksBuildPhase section */

/* Begin PBXGroup section */
		46A70ABF555CC149A30B11BC /* Pods */ = {
			isa = PBXGroup;
			children = (
				C7D1E9AA91FE17ED75A665F4 /* Pods-WidgetGithub.debug.xcconfig */,
				6D530A7551BBBB0F5D296CA1 /* Pods-WidgetGithub.release.xcconfig */,
			);
			name = Pods;
			sourceTree = "<group>";
		};
		6AFA4AE81F9EDBDF00000759 = {
			isa = PBXGroup;
			children = (
				6AFA4AF31F9EDBDF00000759 /* WidgetGithub */,
				6AFA4AF21F9EDBDF00000759 /* Products */,
				46A70ABF555CC149A30B11BC /* Pods */,
				75834077143F1622C7606A5A /* Frameworks */,
			);
			sourceTree = "<group>";
		};
		6AFA4AF21F9EDBDF00000759 /* Products */ = {
			isa = PBXGroup;
			children = (
				6AFA4AF11F9EDBDF00000759 /* WidgetGithub.app */,
			);
			name = Products;
			sourceTree = "<group>";
		};
		6AFA4AF31F9EDBDF00000759 /* WidgetGithub */ = {
			isa = PBXGroup;
			children = (
				6AFA4AF41F9EDBDF00000759 /* AppDelegate.swift */,
				6A2FC4B21FA0B81D00C33ACB /* LogInViewController.swift */,
				6AD30F621FB3723D00D9C251 /* OAuthWebViewController.swift */,
				6AD30F641FB3725400D9C251 /* SettingViewController.swift */,
				6AFA4AF81F9EDBDF00000759 /* Main.storyboard */,
				6AFA4AFB1F9EDBDF00000759 /* Assets.xcassets */,
				6AFA4AFD1F9EDBDF00000759 /* LaunchScreen.storyboard */,
				6AFA4B001F9EDBDF00000759 /* Info.plist */,
				6AFA4B061FA0B73600000759 /* GoogleService-Info.plist */,
			);
			path = WidgetGithub;
			sourceTree = "<group>";
		};
		75834077143F1622C7606A5A /* Frameworks */ = {
			isa = PBXGroup;
			children = (
				D0AA937493D91A289632C8CB /* Pods_WidgetGithub.framework */,
			);
			name = Frameworks;
			sourceTree = "<group>";
		};
/* End PBXGroup section */

/* Begin PBXNativeTarget section */
		6AFA4AF01F9EDBDF00000759 /* WidgetGithub */ = {
			isa = PBXNativeTarget;
			buildConfigurationList = 6AFA4B031F9EDBDF00000759 /* Build configuration list for PBXNativeTarget "WidgetGithub" */;
			buildPhases = (
				373CA8CD5EBCF55BB3376E08 /* [CP] Check Pods Manifest.lock */,
				6AFA4AED1F9EDBDF00000759 /* Sources */,
				6AFA4AEE1F9EDBDF00000759 /* Frameworks */,
				6AFA4AEF1F9EDBDF00000759 /* Resources */,
				96E58F7568C76E2F49CC06A8 /* [CP] Embed Pods Frameworks */,
				1B3809AC2D84CD21B4CB3D24 /* [CP] Copy Pods Resources */,
			);
			buildRules = (
			);
			dependencies = (
			);
			name = WidgetGithub;
			productName = WidgetGithub;
			productReference = 6AFA4AF11F9EDBDF00000759 /* WidgetGithub.app */;
			productType = "com.apple.product-type.application";
		};
/* End PBXNativeTarget section */

/* Begin PBXProject section */
		6AFA4AE91F9EDBDF00000759 /* Project object */ = {
			isa = PBXProject;
			attributes = {
				LastSwiftUpdateCheck = 0900;
				LastUpgradeCheck = 0900;
				ORGANIZATIONNAME = "Bo-Young PARK";
				TargetAttributes = {
					6AFA4AF01F9EDBDF00000759 = {
						CreatedOnToolsVersion = 9.0.1;
						ProvisioningStyle = Automatic;
					};
				};
			};
			buildConfigurationList = 6AFA4AEC1F9EDBDF00000759 /* Build configuration list for PBXProject "WidgetGithub" */;
			compatibilityVersion = "Xcode 8.0";
			developmentRegion = en;
			hasScannedForEncodings = 0;
			knownRegions = (
				en,
				Base,
			);
			mainGroup = 6AFA4AE81F9EDBDF00000759;
			productRefGroup = 6AFA4AF21F9EDBDF00000759 /* Products */;
			projectDirPath = "";
			projectRoot = "";
			targets = (
				6AFA4AF01F9EDBDF00000759 /* WidgetGithub */,
			);
		};
/* End PBXProject section */

/* Begin PBXResourcesBuildPhase section */
		6AFA4AEF1F9EDBDF00000759 /* Resources */ = {
			isa = PBXResourcesBuildPhase;
			buildActionMask = 2147483647;
			files = (
				6AFA4AFF1F9EDBDF00000759 /* LaunchScreen.storyboard in Resources */,
				6AFA4AFC1F9EDBDF00000759 /* Assets.xcassets in Resources */,
				6AFA4B071FA0B73600000759 /* GoogleService-Info.plist in Resources */,
				6AFA4AFA1F9EDBDF00000759 /* Main.storyboard in Resources */,
			);
			runOnlyForDeploymentPostprocessing = 0;
		};
/* End PBXResourcesBuildPhase section */

/* Begin PBXShellScriptBuildPhase section */
		1B3809AC2D84CD21B4CB3D24 /* [CP] Copy Pods Resources */ = {
			isa = PBXShellScriptBuildPhase;
			buildActionMask = 2147483647;
			files = (
			);
			inputPaths = (
			);
			name = "[CP] Copy Pods Resources";
			outputPaths = (
			);
			runOnlyForDeploymentPostprocessing = 0;
			shellPath = /bin/sh;
			shellScript = "\"${SRCROOT}/Pods/Target Support Files/Pods-WidgetGithub/Pods-WidgetGithub-resources.sh\"\n";
			showEnvVarsInLog = 0;
		};
		373CA8CD5EBCF55BB3376E08 /* [CP] Check Pods Manifest.lock */ = {
			isa = PBXShellScriptBuildPhase;
			buildActionMask = 2147483647;
			files = (
			);
			inputPaths = (
				"${PODS_PODFILE_DIR_PATH}/Podfile.lock",
				"${PODS_ROOT}/Manifest.lock",
			);
			name = "[CP] Check Pods Manifest.lock";
			outputPaths = (
				"$(DERIVED_FILE_DIR)/Pods-WidgetGithub-checkManifestLockResult.txt",
			);
			runOnlyForDeploymentPostprocessing = 0;
			shellPath = /bin/sh;
			shellScript = "diff \"${PODS_PODFILE_DIR_PATH}/Podfile.lock\" \"${PODS_ROOT}/Manifest.lock\" > /dev/null\nif [ $? != 0 ] ; then\n    # print error to STDERR\n    echo \"error: The sandbox is not in sync with the Podfile.lock. Run 'pod install' or update your CocoaPods installation.\" >&2\n    exit 1\nfi\n# This output is used by Xcode 'outputs' to avoid re-running this script phase.\necho \"SUCCESS\" > \"${SCRIPT_OUTPUT_FILE_0}\"\n";
			showEnvVarsInLog = 0;
		};
		96E58F7568C76E2F49CC06A8 /* [CP] Embed Pods Frameworks */ = {
			isa = PBXShellScriptBuildPhase;
			buildActionMask = 2147483647;
			files = (
			);
			inputPaths = (
				"${SRCROOT}/Pods/Target Support Files/Pods-WidgetGithub/Pods-WidgetGithub-frameworks.sh",
				"${BUILT_PRODUCTS_DIR}/Alamofire/Alamofire.framework",
				"${BUILT_PRODUCTS_DIR}/GTMSessionFetcher/GTMSessionFetcher.framework",
				"${BUILT_PRODUCTS_DIR}/GoogleToolboxForMac/GoogleToolboxForMac.framework",
				"${BUILT_PRODUCTS_DIR}/leveldb-library/leveldb.framework",
				"${BUILT_PRODUCTS_DIR}/nanopb/nanopb.framework",
			);
			name = "[CP] Embed Pods Frameworks";
			outputPaths = (
				"${TARGET_BUILD_DIR}/${FRAMEWORKS_FOLDER_PATH}/Alamofire.framework",
				"${TARGET_BUILD_DIR}/${FRAMEWORKS_FOLDER_PATH}/GTMSessionFetcher.framework",
				"${TARGET_BUILD_DIR}/${FRAMEWORKS_FOLDER_PATH}/GoogleToolboxForMac.framework",
				"${TARGET_BUILD_DIR}/${FRAMEWORKS_FOLDER_PATH}/leveldb.framework",
				"${TARGET_BUILD_DIR}/${FRAMEWORKS_FOLDER_PATH}/nanopb.framework",
			);
			runOnlyForDeploymentPostprocessing = 0;
			shellPath = /bin/sh;
			shellScript = "\"${SRCROOT}/Pods/Target Support Files/Pods-WidgetGithub/Pods-WidgetGithub-frameworks.sh\"\n";
			showEnvVarsInLog = 0;
		};
/* End PBXShellScriptBuildPhase section */

/* Begin PBXSourcesBuildPhase section */
		6AFA4AED1F9EDBDF00000759 /* Sources */ = {
			isa = PBXSourcesBuildPhase;
			buildActionMask = 2147483647;
			files = (
				6A2FC4B31FA0B81D00C33ACB /* LogInViewController.swift in Sources */,
				6AFA4AF51F9EDBDF00000759 /* AppDelegate.swift in Sources */,
				6AD30F631FB3723D00D9C251 /* OAuthWebViewController.swift in Sources */,
				6AD30F651FB3725400D9C251 /* SettingViewController.swift in Sources */,
			);
			runOnlyForDeploymentPostprocessing = 0;
		};
/* End PBXSourcesBuildPhase section */

/* Begin PBXVariantGroup section */
		6AFA4AF81F9EDBDF00000759 /* Main.storyboard */ = {
			isa = PBXVariantGroup;
			children = (
				6AFA4AF91F9EDBDF00000759 /* Base */,
			);
			name = Main.storyboard;
			sourceTree = "<group>";
		};
		6AFA4AFD1F9EDBDF00000759 /* LaunchScreen.storyboard */ = {
			isa = PBXVariantGroup;
			children = (
				6AFA4AFE1F9EDBDF00000759 /* Base */,
			);
			name = LaunchScreen.storyboard;
			sourceTree = "<group>";
		};
/* End PBXVariantGroup section */

/* Begin XCBuildConfiguration section */
		6AFA4B011F9EDBDF00000759 /* Debug */ = {
			isa = XCBuildConfiguration;
			buildSettings = {
				ALWAYS_SEARCH_USER_PATHS = NO;
				CLANG_ANALYZER_NONNULL = YES;
				CLANG_ANALYZER_NUMBER_OBJECT_CONVERSION = YES_AGGRESSIVE;
				CLANG_CXX_LANGUAGE_STANDARD = "gnu++14";
				CLANG_CXX_LIBRARY = "libc++";
				CLANG_ENABLE_MODULES = YES;
				CLANG_ENABLE_OBJC_ARC = YES;
				CLANG_WARN_BLOCK_CAPTURE_AUTORELEASING = YES;
				CLANG_WARN_BOOL_CONVERSION = YES;
				CLANG_WARN_COMMA = YES;
				CLANG_WARN_CONSTANT_CONVERSION = YES;
				CLANG_WARN_DIRECT_OBJC_ISA_USAGE = YES_ERROR;
				CLANG_WARN_DOCUMENTATION_COMMENTS = YES;
				CLANG_WARN_EMPTY_BODY = YES;
				CLANG_WARN_ENUM_CONVERSION = YES;
				CLANG_WARN_INFINITE_RECURSION = YES;
				CLANG_WARN_INT_CONVERSION = YES;
				CLANG_WARN_NON_LITERAL_NULL_CONVERSION = YES;
				CLANG_WARN_OBJC_LITERAL_CONVERSION = YES;
				CLANG_WARN_OBJC_ROOT_CLASS = YES_ERROR;
				CLANG_WARN_RANGE_LOOP_ANALYSIS = YES;
				CLANG_WARN_STRICT_PROTOTYPES = YES;
				CLANG_WARN_SUSPICIOUS_MOVE = YES;
				CLANG_WARN_UNGUARDED_AVAILABILITY = YES_AGGRESSIVE;
				CLANG_WARN_UNREACHABLE_CODE = YES;
				CLANG_WARN__DUPLICATE_METHOD_MATCH = YES;
				CODE_SIGN_IDENTITY = "iPhone Developer";
				COPY_PHASE_STRIP = NO;
				DEBUG_INFORMATION_FORMAT = dwarf;
				ENABLE_STRICT_OBJC_MSGSEND = YES;
				ENABLE_TESTABILITY = YES;
				GCC_C_LANGUAGE_STANDARD = gnu11;
				GCC_DYNAMIC_NO_PIC = NO;
				GCC_NO_COMMON_BLOCKS = YES;
				GCC_OPTIMIZATION_LEVEL = 0;
				GCC_PREPROCESSOR_DEFINITIONS = (
					"DEBUG=1",
					"$(inherited)",
				);
				GCC_WARN_64_TO_32_BIT_CONVERSION = YES;
				GCC_WARN_ABOUT_RETURN_TYPE = YES_ERROR;
				GCC_WARN_UNDECLARED_SELECTOR = YES;
				GCC_WARN_UNINITIALIZED_AUTOS = YES_AGGRESSIVE;
				GCC_WARN_UNUSED_FUNCTION = YES;
				GCC_WARN_UNUSED_VARIABLE = YES;
				IPHONEOS_DEPLOYMENT_TARGET = 11.0;
				MTL_ENABLE_DEBUG_INFO = YES;
				ONLY_ACTIVE_ARCH = YES;
				SDKROOT = iphoneos;
				SWIFT_ACTIVE_COMPILATION_CONDITIONS = DEBUG;
				SWIFT_OPTIMIZATION_LEVEL = "-Onone";
			};
			name = Debug;
		};
		6AFA4B021F9EDBDF00000759 /* Release */ = {
			isa = XCBuildConfiguration;
			buildSettings = {
				ALWAYS_SEARCH_USER_PATHS = NO;
				CLANG_ANALYZER_NONNULL = YES;
				CLANG_ANALYZER_NUMBER_OBJECT_CONVERSION = YES_AGGRESSIVE;
				CLANG_CXX_LANGUAGE_STANDARD = "gnu++14";
				CLANG_CXX_LIBRARY = "libc++";
				CLANG_ENABLE_MODULES = YES;
				CLANG_ENABLE_OBJC_ARC = YES;
				CLANG_WARN_BLOCK_CAPTURE_AUTORELEASING = YES;
				CLANG_WARN_BOOL_CONVERSION = YES;
				CLANG_WARN_COMMA = YES;
				CLANG_WARN_CONSTANT_CONVERSION = YES;
				CLANG_WARN_DIRECT_OBJC_ISA_USAGE = YES_ERROR;
				CLANG_WARN_DOCUMENTATION_COMMENTS = YES;
				CLANG_WARN_EMPTY_BODY = YES;
				CLANG_WARN_ENUM_CONVERSION = YES;
				CLANG_WARN_INFINITE_RECURSION = YES;
				CLANG_WARN_INT_CONVERSION = YES;
				CLANG_WARN_NON_LITERAL_NULL_CONVERSION = YES;
				CLANG_WARN_OBJC_LITERAL_CONVERSION = YES;
				CLANG_WARN_OBJC_ROOT_CLASS = YES_ERROR;
				CLANG_WARN_RANGE_LOOP_ANALYSIS = YES;
				CLANG_WARN_STRICT_PROTOTYPES = YES;
				CLANG_WARN_SUSPICIOUS_MOVE = YES;
				CLANG_WARN_UNGUARDED_AVAILABILITY = YES_AGGRESSIVE;
				CLANG_WARN_UNREACHABLE_CODE = YES;
				CLANG_WARN__DUPLICATE_METHOD_MATCH = YES;
				CODE_SIGN_IDENTITY = "iPhone Developer";
				COPY_PHASE_STRIP = NO;
				DEBUG_INFORMATION_FORMAT = "dwarf-with-dsym";
				ENABLE_NS_ASSERTIONS = NO;
				ENABLE_STRICT_OBJC_MSGSEND = YES;
				GCC_C_LANGUAGE_STANDARD = gnu11;
				GCC_NO_COMMON_BLOCKS = YES;
				GCC_WARN_64_TO_32_BIT_CONVERSION = YES;
				GCC_WARN_ABOUT_RETURN_TYPE = YES_ERROR;
				GCC_WARN_UNDECLARED_SELECTOR = YES;
				GCC_WARN_UNINITIALIZED_AUTOS = YES_AGGRESSIVE;
				GCC_WARN_UNUSED_FUNCTION = YES;
				GCC_WARN_UNUSED_VARIABLE = YES;
				IPHONEOS_DEPLOYMENT_TARGET = 11.0;
				MTL_ENABLE_DEBUG_INFO = NO;
				SDKROOT = iphoneos;
				SWIFT_OPTIMIZATION_LEVEL = "-Owholemodule";
				VALIDATE_PRODUCT = YES;
			};
			name = Release;
		};
		6AFA4B041F9EDBDF00000759 /* Debug */ = {
			isa = XCBuildConfiguration;
			baseConfigurationReference = C7D1E9AA91FE17ED75A665F4 /* Pods-WidgetGithub.debug.xcconfig */;
			buildSettings = {
				ASSETCATALOG_COMPILER_APPICON_NAME = AppIcon;
				CODE_SIGN_STYLE = Automatic;
				DEVELOPMENT_TEAM = 2DHMJ6Z3L3;
				INFOPLIST_FILE = WidgetGithub/Info.plist;
				IPHONEOS_DEPLOYMENT_TARGET = 9.0;
				LD_RUNPATH_SEARCH_PATHS = "$(inherited) @executable_path/Frameworks";
				PRODUCT_BUNDLE_IDENTIFIER = kr.fimuxd.WidgetGithub;
				PRODUCT_NAME = "$(TARGET_NAME)";
				SWIFT_VERSION = 4.0;
				TARGETED_DEVICE_FAMILY = 1;
			};
			name = Debug;
		};
		6AFA4B051F9EDBDF00000759 /* Release */ = {
			isa = XCBuildConfiguration;
			baseConfigurationReference = 6D530A7551BBBB0F5D296CA1 /* Pods-WidgetGithub.release.xcconfig */;
			buildSettings = {
				ASSETCATALOG_COMPILER_APPICON_NAME = AppIcon;
				CODE_SIGN_STYLE = Automatic;
				DEVELOPMENT_TEAM = 2DHMJ6Z3L3;
				INFOPLIST_FILE = WidgetGithub/Info.plist;
				IPHONEOS_DEPLOYMENT_TARGET = 9.0;
				LD_RUNPATH_SEARCH_PATHS = "$(inherited) @executable_path/Frameworks";
				PRODUCT_BUNDLE_IDENTIFIER = kr.fimuxd.WidgetGithub;
				PRODUCT_NAME = "$(TARGET_NAME)";
				SWIFT_VERSION = 4.0;
				TARGETED_DEVICE_FAMILY = 1;
			};
			name = Release;
		};
/* End XCBuildConfiguration section */

/* Begin XCConfigurationList section */
		6AFA4AEC1F9EDBDF00000759 /* Build configuration list for PBXProject "WidgetGithub" */ = {
			isa = XCConfigurationList;
			buildConfigurations = (
				6AFA4B011F9EDBDF00000759 /* Debug */,
				6AFA4B021F9EDBDF00000759 /* Release */,
			);
			defaultConfigurationIsVisible = 0;
			defaultConfigurationName = Release;
		};
		6AFA4B031F9EDBDF00000759 /* Build configuration list for PBXNativeTarget "WidgetGithub" */ = {
			isa = XCConfigurationList;
			buildConfigurations = (
				6AFA4B041F9EDBDF00000759 /* Debug */,
				6AFA4B051F9EDBDF00000759 /* Release */,
			);
			defaultConfigurationIsVisible = 0;
			defaultConfigurationName = Release;
		};
/* End XCConfigurationList section */
	};
	rootObject = 6AFA4AE91F9EDBDF00000759 /* Project object */;
}
