// !$*UTF8*$!
{
	archiveVersion = 1;
	classes = {
	};
	objectVersion = 48;
	objects = {

/* Begin PBXBuildFile section */
		6AFA4AF51F9EDBDF00000759 /* AppDelegate.swift in Sources */ = {isa = PBXBuildFile; fileRef = 6AFA4AF41F9EDBDF00000759 /* AppDelegate.swift */; };
		6AFA4AF71F9EDBDF00000759 /* ViewController.swift in Sources */ = {isa = PBXBuildFile; fileRef = 6AFA4AF61F9EDBDF00000759 /* ViewController.swift */; };
		6AFA4AFA1F9EDBDF00000759 /* Main.storyboard in Resources */ = {isa = PBXBuildFile; fileRef = 6AFA4AF81F9EDBDF00000759 /* Main.storyboard */; };
		6AFA4AFC1F9EDBDF00000759 /* Assets.xcassets in Resources */ = {isa = PBXBuildFile; fileRef = 6AFA4AFB1F9EDBDF00000759 /* Assets.xcassets */; };
		6AFA4AFF1F9EDBDF00000759 /* LaunchScreen.storyboard in Resources */ = {isa = PBXBuildFile; fileRef = 6AFA4AFD1F9EDBDF00000759 /* LaunchScreen.storyboard */; };
/* End PBXBuildFile section */

/* Begin PBXFileReference section */
		6AFA4AF11F9EDBDF00000759 /* WidgetGithub.app */ = {isa = PBXFileReference; explicitFileType = wrapper.application; includeInIndex = 0; path = WidgetGithub.app; sourceTree = BUILT_PRODUCTS_DIR; };
		6AFA4AF41F9EDBDF00000759 /* AppDelegate.swift */ = {isa = PBXFileReference; lastKnownFileType = sourcecode.swift; path = AppDelegate.swift; sourceTree = "<group>"; };
		6AFA4AF61F9EDBDF00000759 /* ViewController.swift */ = {isa = PBXFileReference; lastKnownFileType = sourcecode.swift; path = ViewController.swift; sourceTree = "<group>"; };
		6AFA4AF91F9EDBDF00000759 /* Base */ = {isa = PBXFileReference; lastKnownFileType = file.storyboard; name = Base; path = Base.lproj/Main.storyboard; sourceTree = "<group>"; };
		6AFA4AFB1F9EDBDF00000759 /* Assets.xcassets */ = {isa = PBXFileReference; lastKnownFileType = folder.assetcatalog; path = Assets.xcassets; sourceTree = "<group>"; };
		6AFA4AFE1F9EDBDF00000759 /* Base */ = {isa = PBXFileReference; lastKnownFileType = file.storyboard; name = Base; path = Base.lproj/LaunchScreen.storyboard; sourceTree = "<group>"; };
		6AFA4B001F9EDBDF00000759 /* Info.plist */ = {isa = PBXFileReference; lastKnownFileType = text.plist.xml; path = Info.plist; sourceTree = "<group>"; };
/* End PBXFileReference section */

/* Begin PBXFrameworksBuildPhase section */
		6AFA4AEE1F9EDBDF00000759 /* Frameworks */ = {
			isa = PBXFrameworksBuildPhase;
			buildActionMask = 2147483647;
			files = (
			);
			runOnlyForDeploymentPostprocessing = 0;
		};
/* End PBXFrameworksBuildPhase section */

/* Begin PBXGroup section */
		6AFA4AE81F9EDBDF00000759 = {
			isa = PBXGroup;
			children = (
				6AFA4AF31F9EDBDF00000759 /* WidgetGithub */,
				6AFA4AF21F9EDBDF00000759 /* Products */,
			);
			sourceTree = "<group>";
		};
		6AFA4AF21F9EDBDF00000759 /* Products */ = {
			isa = PBXGroup;
			children = (
				6AFA4AF11F9EDBDF00000759 /* WidgetGithub.app */,
			);
			name = Products;
			sourceTree = "<group>";
		};
		6AFA4AF31F9EDBDF00000759 /* WidgetGithub */ = {
			isa = PBXGroup;
			children = (
				6AFA4AF41F9EDBDF00000759 /* AppDelegate.swift */,
				6AFA4AF61F9EDBDF00000759 /* ViewController.swift */,
				6AFA4AF81F9EDBDF00000759 /* Main.storyboard */,
				6AFA4AFB1F9EDBDF00000759 /* Assets.xcassets */,
				6AFA4AFD1F9EDBDF00000759 /* LaunchScreen.storyboard */,
				6AFA4B001F9EDBDF00000759 /* Info.plist */,
			);
			path = WidgetGithub;
			sourceTree = "<group>";
		};
/* End PBXGroup section */

/* Begin PBXNativeTarget section */
		6AFA4AF01F9EDBDF00000759 /* WidgetGithub */ = {
			isa = PBXNativeTarget;
			buildConfigurationList = 6AFA4B031F9EDBDF00000759 /* Build configuration list for PBXNativeTarget "WidgetGithub" */;
			buildPhases = (
				6AFA4AED1F9EDBDF00000759 /* Sources */,
				6AFA4AEE1F9EDBDF00000759 /* Frameworks */,
				6AFA4AEF1F9EDBDF00000759 /* Resources */,
			);
			buildRules = (
			);
			dependencies = (
			);
			name = WidgetGithub;
			productName = WidgetGithub;
			productReference = 6AFA4AF11F9EDBDF00000759 /* WidgetGithub.app */;
			productType = "com.apple.product-type.application";
		};
/* End PBXNativeTarget section */

/* Begin PBXProject section */
		6AFA4AE91F9EDBDF00000759 /* Project object */ = {
			isa = PBXProject;
			attributes = {
				LastSwiftUpdateCheck = 0900;
				LastUpgradeCheck = 0900;
				ORGANIZATIONNAME = "Bo-Young PARK";
				TargetAttributes = {
					6AFA4AF01F9EDBDF00000759 = {
						CreatedOnToolsVersion = 9.0.1;
						ProvisioningStyle = Automatic;
					};
				};
			};
			buildConfigurationList = 6AFA4AEC1F9EDBDF00000759 /* Build configuration list for PBXProject "WidgetGithub" */;
			compatibilityVersion = "Xcode 8.0";
			developmentRegion = en;
			hasScannedForEncodings = 0;
			knownRegions = (
				en,
				Base,
			);
			mainGroup = 6AFA4AE81F9EDBDF00000759;
			productRefGroup = 6AFA4AF21F9EDBDF00000759 /* Products */;
			projectDirPath = "";
			projectRoot = "";
			targets = (
				6AFA4AF01F9EDBDF00000759 /* WidgetGithub */,
			);
		};
/* End PBXProject section */

/* Begin PBXResourcesBuildPhase section */
		6AFA4AEF1F9EDBDF00000759 /* Resources */ = {
			isa = PBXResourcesBuildPhase;
			buildActionMask = 2147483647;
			files = (
				6AFA4AFF1F9EDBDF00000759 /* LaunchScreen.storyboard in Resources */,
				6AFA4AFC1F9EDBDF00000759 /* Assets.xcassets in Resources */,
				6AFA4AFA1F9EDBDF00000759 /* Main.storyboard in Resources */,
			);
			runOnlyForDeploymentPostprocessing = 0;
		};
/* End PBXResourcesBuildPhase section */

/* Begin PBXSourcesBuildPhase section */
		6AFA4AED1F9EDBDF00000759 /* Sources */ = {
			isa = PBXSourcesBuildPhase;
			buildActionMask = 2147483647;
			files = (
				6AFA4AF71F9EDBDF00000759 /* ViewController.swift in Sources */,
				6AFA4AF51F9EDBDF00000759 /* AppDelegate.swift in Sources */,
			);
			runOnlyForDeploymentPostprocessing = 0;
		};
/* End PBXSourcesBuildPhase section */

/* Begin PBXVariantGroup section */
		6AFA4AF81F9EDBDF00000759 /* Main.storyboard */ = {
			isa = PBXVariantGroup;
			children = (
				6AFA4AF91F9EDBDF00000759 /* Base */,
			);
			name = Main.storyboard;
			sourceTree = "<group>";
		};
		6AFA4AFD1F9EDBDF00000759 /* LaunchScreen.storyboard */ = {
			isa = PBXVariantGroup;
			children = (
				6AFA4AFE1F9EDBDF00000759 /* Base */,
			);
			name = LaunchScreen.storyboard;
			sourceTree = "<group>";
		};
/* End PBXVariantGroup section */

/* Begin XCBuildConfiguration section */
		6AFA4B011F9EDBDF00000759 /* Debug */ = {
			isa = XCBuildConfiguration;
			buildSettings = {
				ALWAYS_SEARCH_USER_PATHS = NO;
				CLANG_ANALYZER_NONNULL = YES;
				CLANG_ANALYZER_NUMBER_OBJECT_CONVERSION = YES_AGGRESSIVE;
				CLANG_CXX_LANGUAGE_STANDARD = "gnu++14";
				CLANG_CXX_LIBRARY = "libc++";
				CLANG_ENABLE_MODULES = YES;
				CLANG_ENABLE_OBJC_ARC = YES;
				CLANG_WARN_BLOCK_CAPTURE_AUTORELEASING = YES;
				CLANG_WARN_BOOL_CONVERSION = YES;
				CLANG_WARN_COMMA = YES;
				CLANG_WARN_CONSTANT_CONVERSION = YES;
				CLANG_WARN_DIRECT_OBJC_ISA_USAGE = YES_ERROR;
				CLANG_WARN_DOCUMENTATION_COMMENTS = YES;
				CLANG_WARN_EMPTY_BODY = YES;
				CLANG_WARN_ENUM_CONVERSION = YES;
				CLANG_WARN_INFINITE_RECURSION = YES;
				CLANG_WARN_INT_CONVERSION = YES;
				CLANG_WARN_NON_LITERAL_NULL_CONVERSION = YES;
				CLANG_WARN_OBJC_LITERAL_CONVERSION = YES;
				CLANG_WARN_OBJC_ROOT_CLASS = YES_ERROR;
				CLANG_WARN_RANGE_LOOP_ANALYSIS = YES;
				CLANG_WARN_STRICT_PROTOTYPES = YES;
				CLANG_WARN_SUSPICIOUS_MOVE = YES;
				CLANG_WARN_UNGUARDED_AVAILABILITY = YES_AGGRESSIVE;
				CLANG_WARN_UNREACHABLE_CODE = YES;
				CLANG_WARN__DUPLICATE_METHOD_MATCH = YES;
				CODE_SIGN_IDENTITY = "iPhone Developer";
				COPY_PHASE_STRIP = NO;
				DEBUG_INFORMATION_FORMAT = dwarf;
				ENABLE_STRICT_OBJC_MSGSEND = YES;
				ENABLE_TESTABILITY = YES;
				GCC_C_LANGUAGE_STANDARD = gnu11;
				GCC_DYNAMIC_NO_PIC = NO;
				GCC_NO_COMMON_BLOCKS = YES;
				GCC_OPTIMIZATION_LEVEL = 0;
				GCC_PREPROCESSOR_DEFINITIONS = (
					"DEBUG=1",
					"$(inherited)",
				);
				GCC_WARN_64_TO_32_BIT_CONVERSION = YES;
				GCC_WARN_ABOUT_RETURN_TYPE = YES_ERROR;
				GCC_WARN_UNDECLARED_SELECTOR = YES;
				GCC_WARN_UNINITIALIZED_AUTOS = YES_AGGRESSIVE;
				GCC_WARN_UNUSED_FUNCTION = YES;
				GCC_WARN_UNUSED_VARIABLE = YES;
				IPHONEOS_DEPLOYMENT_TARGET = 11.0;
				MTL_ENABLE_DEBUG_INFO = YES;
				ONLY_ACTIVE_ARCH = YES;
				SDKROOT = iphoneos;
				SWIFT_ACTIVE_COMPILATION_CONDITIONS = DEBUG;
				SWIFT_OPTIMIZATION_LEVEL = "-Onone";
			};
			name = Debug;
		};
		6AFA4B021F9EDBDF00000759 /* Release */ = {
			isa = XCBuildConfiguration;
			buildSettings = {
				ALWAYS_SEARCH_USER_PATHS = NO;
				CLANG_ANALYZER_NONNULL = YES;
				CLANG_ANALYZER_NUMBER_OBJECT_CONVERSION = YES_AGGRESSIVE;
				CLANG_CXX_LANGUAGE_STANDARD = "gnu++14";
				CLANG_CXX_LIBRARY = "libc++";
				CLANG_ENABLE_MODULES = YES;
				CLANG_ENABLE_OBJC_ARC = YES;
				CLANG_WARN_BLOCK_CAPTURE_AUTORELEASING = YES;
				CLANG_WARN_BOOL_CONVERSION = YES;
				CLANG_WARN_COMMA = YES;
				CLANG_WARN_CONSTANT_CONVERSION = YES;
				CLANG_WARN_DIRECT_OBJC_ISA_USAGE = YES_ERROR;
				CLANG_WARN_DOCUMENTATION_COMMENTS = YES;
				CLANG_WARN_EMPTY_BODY = YES;
				CLANG_WARN_ENUM_CONVERSION = YES;
				CLANG_WARN_INFINITE_RECURSION = YES;
				CLANG_WARN_INT_CONVERSION = YES;
				CLANG_WARN_NON_LITERAL_NULL_CONVERSION = YES;
				CLANG_WARN_OBJC_LITERAL_CONVERSION = YES;
				CLANG_WARN_OBJC_ROOT_CLASS = YES_ERROR;
				CLANG_WARN_RANGE_LOOP_ANALYSIS = YES;
				CLANG_WARN_STRICT_PROTOTYPES = YES;
				CLANG_WARN_SUSPICIOUS_MOVE = YES;
				CLANG_WARN_UNGUARDED_AVAILABILITY = YES_AGGRESSIVE;
				CLANG_WARN_UNREACHABLE_CODE = YES;
				CLANG_WARN__DUPLICATE_METHOD_MATCH = YES;
				CODE_SIGN_IDENTITY = "iPhone Developer";
				COPY_PHASE_STRIP = NO;
				DEBUG_INFORMATION_FORMAT = "dwarf-with-dsym";
				ENABLE_NS_ASSERTIONS = NO;
				ENABLE_STRICT_OBJC_MSGSEND = YES;
				GCC_C_LANGUAGE_STANDARD = gnu11;
				GCC_NO_COMMON_BLOCKS = YES;
				GCC_WARN_64_TO_32_BIT_CONVERSION = YES;
				GCC_WARN_ABOUT_RETURN_TYPE = YES_ERROR;
				GCC_WARN_UNDECLARED_SELECTOR = YES;
				GCC_WARN_UNINITIALIZED_AUTOS = YES_AGGRESSIVE;
				GCC_WARN_UNUSED_FUNCTION = YES;
				GCC_WARN_UNUSED_VARIABLE = YES;
				IPHONEOS_DEPLOYMENT_TARGET = 11.0;
				MTL_ENABLE_DEBUG_INFO = NO;
				SDKROOT = iphoneos;
				SWIFT_OPTIMIZATION_LEVEL = "-Owholemodule";
				VALIDATE_PRODUCT = YES;
			};
			name = Release;
		};
		6AFA4B041F9EDBDF00000759 /* Debug */ = {
			isa = XCBuildConfiguration;
			buildSettings = {
				ASSETCATALOG_COMPILER_APPICON_NAME = AppIcon;
				CODE_SIGN_STYLE = Automatic;
				DEVELOPMENT_TEAM = 2DHMJ6Z3L3;
				INFOPLIST_FILE = WidgetGithub/Info.plist;
				LD_RUNPATH_SEARCH_PATHS = "$(inherited) @executable_path/Frameworks";
				PRODUCT_BUNDLE_IDENTIFIER = kr.fimuxd.WidgetGithub;
				PRODUCT_NAME = "$(TARGET_NAME)";
				SWIFT_VERSION = 4.0;
				TARGETED_DEVICE_FAMILY = 1;
			};
			name = Debug;
		};
		6AFA4B051F9EDBDF00000759 /* Release */ = {
			isa = XCBuildConfiguration;
			buildSettings = {
				ASSETCATALOG_COMPILER_APPICON_NAME = AppIcon;
				CODE_SIGN_STYLE = Automatic;
				DEVELOPMENT_TEAM = 2DHMJ6Z3L3;
				INFOPLIST_FILE = WidgetGithub/Info.plist;
				LD_RUNPATH_SEARCH_PATHS = "$(inherited) @executable_path/Frameworks";
				PRODUCT_BUNDLE_IDENTIFIER = kr.fimuxd.WidgetGithub;
				PRODUCT_NAME = "$(TARGET_NAME)";
				SWIFT_VERSION = 4.0;
				TARGETED_DEVICE_FAMILY = 1;
			};
			name = Release;
		};
/* End XCBuildConfiguration section */

/* Begin XCConfigurationList section */
		6AFA4AEC1F9EDBDF00000759 /* Build configuration list for PBXProject "WidgetGithub" */ = {
			isa = XCConfigurationList;
			buildConfigurations = (
				6AFA4B011F9EDBDF00000759 /* Debug */,
				6AFA4B021F9EDBDF00000759 /* Release */,
			);
			defaultConfigurationIsVisible = 0;
			defaultConfigurationName = Release;
		};
		6AFA4B031F9EDBDF00000759 /* Build configuration list for PBXNativeTarget "WidgetGithub" */ = {
			isa = XCConfigurationList;
			buildConfigurations = (
				6AFA4B041F9EDBDF00000759 /* Debug */,
				6AFA4B051F9EDBDF00000759 /* Release */,
			);
			defaultConfigurationIsVisible = 0;
			defaultConfigurationName = Release;
		};
/* End XCConfigurationList section */
	};
	rootObject = 6AFA4AE91F9EDBDF00000759 /* Project object */;
}
